
Microsoft Visual Studio Solution File, Format Version 12.00
# Visual Studio Version 17
VisualStudioVersion = 17.5.33209.295
MinimumVisualStudioVersion = 10.0.40219.1
Project("{2150E333-8FDC-42A3-9474-1A3956D46DE8}") = "Apps", "Apps", "{1778EEE4-91B8-4CCF-9736-218A8237E04B}"
EndProject
Project("{2150E333-8FDC-42A3-9474-1A3956D46DE8}") = "Windows", "Windows", "{E76B6661-6CD2-4FC3-ABEF-D16BC49E1922}"
EndProject
Project("{2150E333-8FDC-42A3-9474-1A3956D46DE8}") = "Xamarin", "Xamarin", "{7591EC4B-F17A-4643-8ED7-FD7BAEBABA59}"
EndProject
Project("{2150E333-8FDC-42A3-9474-1A3956D46DE8}") = "MAUI", "MAUI", "{A5D9B202-B31F-423B-AFEC-2514F82F8D75}"
EndProject
Project("{2150E333-8FDC-42A3-9474-1A3956D46DE8}") = "Win32", "Win32", "{FFAF83F5-8CCC-4E55-9766-16BC4F9ED54F}"
EndProject
Project("{2150E333-8FDC-42A3-9474-1A3956D46DE8}") = "Hardware", "Hardware", "{D0BB4816-FFD5-4D71-A39C-F9396DD0D9D3}"
EndProject
Project("{2150E333-8FDC-42A3-9474-1A3956D46DE8}") = "Desktop", "Desktop", "{F99203B8-03CA-4FB4-8879-AB0C0CA72D33}"
EndProject
Project("{2150E333-8FDC-42A3-9474-1A3956D46DE8}") = "WinUI", "WinUI", "{66EA10D5-F69B-4DC3-ACDE-476120C8AB25}"
EndProject
Project("{2150E333-8FDC-42A3-9474-1A3956D46DE8}") = "Extras", "Extras", "{3A7012E5-FEA3-474B-92AA-CB15E8FD0D3C}"
EndProject
Project("{9A19103F-16F7-4668-BE54-9A1E7A4F7556}") = "DataTools.Extras", "Extras\DataTools.Extras\DataTools.Extras.csproj", "{CEB21CC4-118A-403B-98DC-3E5A56C13481}"
EndProject
Project("{9A19103F-16F7-4668-BE54-9A1E7A4F7556}") = "DataTools.PluginFramework", "Extras\DataTools.PluginFramework\DataTools.PluginFramework.csproj", "{8E4CE76F-F18D-4D15-B007-1FF9DB6C938D}"
EndProject
Project("{9A19103F-16F7-4668-BE54-9A1E7A4F7556}") = "DataTools.Win32.Memory", "Win32\DataTools.Win32.Memory\DataTools.Win32.Memory.csproj", "{C4961FB7-F0EF-4B65-9EAB-B4145985EA05}"
EndProject
Project("{9A19103F-16F7-4668-BE54-9A1E7A4F7556}") = "DataTools.Win32", "Win32\DataTools.Win32\DataTools.Win32.csproj", "{09F7F3D6-5772-48B9-AE2B-5F92544ED18D}"
EndProject
Project("{9A19103F-16F7-4668-BE54-9A1E7A4F7556}") = "DataTools.Win32.Bluetooth", "Win32\DataTools.Win32.Bluetooth\DataTools.Win32.Bluetooth.csproj", "{7CA07C56-55C5-49D4-9E0B-A35EBD31C4C3}"
EndProject
Project("{9A19103F-16F7-4668-BE54-9A1E7A4F7556}") = "DataTools.Win32.Disk", "Win32\DataTools.Win32.Disk\DataTools.Win32.Disk.csproj", "{25686406-E7D4-4871-8C81-A991BFD9B64A}"
EndProject
Project("{9A19103F-16F7-4668-BE54-9A1E7A4F7556}") = "DataTools.Win32.Display", "Win32\DataTools.Win32.Display\DataTools.Win32.Display.csproj", "{67BC4355-4E05-4E2A-8B74-F46125AA9EA3}"
EndProject
Project("{9A19103F-16F7-4668-BE54-9A1E7A4F7556}") = "DataTools.Win32.FileSystem", "Win32\DataTools.Win32.FileSystem\DataTools.Win32.FileSystem.csproj", "{DFE3E08B-ACFB-46E0-8E25-B5A5B1BCCE7E}"
EndProject
Project("{9A19103F-16F7-4668-BE54-9A1E7A4F7556}") = "DataTools.Win32.Network", "Win32\DataTools.Win32.Network\DataTools.Win32.Network.csproj", "{C4615439-5615-497B-B4C3-C0F2A9F29F78}"
EndProject
Project("{9A19103F-16F7-4668-BE54-9A1E7A4F7556}") = "DataTools.Win32.Printers", "Win32\DataTools.Win32.Printers\DataTools.Win32.Printers.csproj", "{9E78161B-564F-4D6E-8C51-5BF27152A1B4}"
EndProject
Project("{9A19103F-16F7-4668-BE54-9A1E7A4F7556}") = "DataTools.Win32.Processor", "Win32\DataTools.Win32.Processor\DataTools.Win32.Processor.csproj", "{A07F5350-68EF-4D9C-AB2A-5EB0196A2461}"
EndProject
Project("{9A19103F-16F7-4668-BE54-9A1E7A4F7556}") = "DataTools.Win32.TrueType", "Win32\DataTools.Win32.TrueType\DataTools.Win32.TrueType.csproj", "{9AA0FBAA-A552-4AAE-A5EA-33BE4A11BF09}"
EndProject
Project("{9A19103F-16F7-4668-BE54-9A1E7A4F7556}") = "DataTools.Win32.Usb", "Win32\DataTools.Win32.Usb\DataTools.Win32.Usb.csproj", "{23ECAF9C-0A2C-427E-A223-8A7878D89380}"
EndProject
Project("{9A19103F-16F7-4668-BE54-9A1E7A4F7556}") = "DataTools.WinUI", "Windows\WinUI\DataTools.WinUI\DataTools.WinUI.csproj", "{E5A08144-3683-4EFA-AA3E-E4EAA68CDAEB}"
EndProject
Project("{9A19103F-16F7-4668-BE54-9A1E7A4F7556}") = "DataTools.WinUI.ColorControls", "Windows\WinUI\DataTools.WinUI.ColorControls\DataTools.WinUI.ColorControls.csproj", "{7ACBD23C-B927-4D7F-A4F2-D907DAC0974E}"
EndProject
Project("{9A19103F-16F7-4668-BE54-9A1E7A4F7556}") = "DataTools.Desktop", "Windows\DataTools.Desktop\DataTools.Desktop.csproj", "{49369193-B79A-4EC9-9CCD-989E387A075B}"
EndProject
Project("{2150E333-8FDC-42A3-9474-1A3956D46DE8}") = "WPF", "WPF", "{18224502-BBFD-4C5B-8979-245467DF7AD7}"
EndProject
Project("{9A19103F-16F7-4668-BE54-9A1E7A4F7556}") = "DataTools.Desktop.WPF", "Windows\WPF\DataTools.Desktop.WPF\DataTools.Desktop.WPF.csproj", "{7C7B4C57-933C-402F-9CC4-9E65994A9A74}"
EndProject
Project("{9A19103F-16F7-4668-BE54-9A1E7A4F7556}") = "DataTools.Desktop.Network", "Windows\WPF\DataTools.Desktop.Network\DataTools.Desktop.Network.csproj", "{A8F4D4E8-939B-4E9B-AF5D-8A6CFFAA7019}"
EndProject
Project("{9A19103F-16F7-4668-BE54-9A1E7A4F7556}") = "DataTools.ColorControls", "Windows\WPF\DataTools.ColorControls\DataTools.ColorControls.csproj", "{C0E27955-D7AE-4C3A-833E-E3E7DF75951B}"
EndProject
Project("{9A19103F-16F7-4668-BE54-9A1E7A4F7556}") = "DataTools.MAUI.ColorControls", "MAUI\DataTools.MAUI.ColorControls\DataTools.MAUI.ColorControls.csproj", "{0D9C6FD7-9544-4E73-BA41-66E50CD5F859}"
EndProject
Project("{9A19103F-16F7-4668-BE54-9A1E7A4F7556}") = "TouchTracking.MAUI", "MAUI\TouchTracking.MAUI\TouchTracking.MAUI.csproj", "{DF11E72B-18A0-4A1D-A517-B98438891BA9}"
EndProject
Project("{2150E333-8FDC-42A3-9474-1A3956D46DE8}") = "Test", "Test", "{69C46BE5-79F0-4105-A54E-8AF0E701CF8F}"
EndProject
Project("{2150E333-8FDC-42A3-9474-1A3956D46DE8}") = "Controls", "Controls", "{C99FB294-6D46-4598-AD31-EA1DB0F0CCD3}"
EndProject
Project("{9A19103F-16F7-4668-BE54-9A1E7A4F7556}") = "DataTools.XamarinForms.ColorControls", "Xamarin\DataTools.XamarinForms.ColorControls\DataTools.XamarinForms.ColorControls.csproj", "{CAA0E035-6544-46FA-B3B5-75079B936086}"
EndProject
Project("{9A19103F-16F7-4668-BE54-9A1E7A4F7556}") = "XamCtlTest", "Xamarin\XamCtlTest\XamCtlTest\XamCtlTest.csproj", "{7A49F229-F5CA-4E6F-BF51-D7142993D4F0}"
EndProject
Project("{FAE04EC0-301F-11D3-BF4B-00C04F79EFBC}") = "XamCtlTest.Android", "Xamarin\XamCtlTest\XamCtlTest.Android\XamCtlTest.Android.csproj", "{0428A2CD-5AAB-44FB-8DD0-EE00BEDB45E7}"
EndProject
Project("{FAE04EC0-301F-11D3-BF4B-00C04F79EFBC}") = "XamCtlTest.iOS", "Xamarin\XamCtlTest\XamCtlTest.iOS\XamCtlTest.iOS.csproj", "{25E61D41-BF74-451E-B2C1-47365946A3C8}"
EndProject
Project("{9A19103F-16F7-4668-BE54-9A1E7A4F7556}") = "SysInfoTool", "Apps\SysInfoTool\SysInfoTool.csproj", "{EF9EC3F5-0199-40E8-A9E5-7E5A7821B6A7}"
EndProject
Project("{9A19103F-16F7-4668-BE54-9A1E7A4F7556}") = "TestDisks", "Apps\TestDisks\TestDisks.csproj", "{57EF3D55-98E8-46FA-8D71-64EC147BD5BB}"
EndProject
Project("{9A19103F-16F7-4668-BE54-9A1E7A4F7556}") = "TestExtras", "Apps\TestExtras\TestExtras.csproj", "{076760FE-6FB7-4835-B658-C1B01D16882A}"
EndProject
Project("{9A19103F-16F7-4668-BE54-9A1E7A4F7556}") = "TestHid", "Apps\TestHid\TestHid.csproj", "{C9DBDFEF-58B0-4BD4-B0A6-6D66E28DFF5A}"
EndProject
Project("{9A19103F-16F7-4668-BE54-9A1E7A4F7556}") = "TestNetwork", "Apps\TestNetwork\TestNetwork.csproj", "{48FD8A75-02C8-4AF9-8C3B-F5F5EA5CB881}"
EndProject
Project("{2150E333-8FDC-42A3-9474-1A3956D46DE8}") = "Standard", "Standard", "{6496CF90-1122-40E1-8F54-E5FC77B27173}"
EndProject
Project("{9A19103F-16F7-4668-BE54-9A1E7A4F7556}") = "DataTools", "Standard\DataTools\DataTools.csproj", "{213D0D10-5B7F-4741-9749-4C1486357F38}"
EndProject
Project("{9A19103F-16F7-4668-BE54-9A1E7A4F7556}") = "DataTools.Graphics", "Standard\DataTools.Graphics\DataTools.Graphics.csproj", "{3D63689B-4771-4E21-BA68-E399C68DC458}"
EndProject
Project("{9A19103F-16F7-4668-BE54-9A1E7A4F7556}") = "DataTools.Console", "Standard\DataTools.Console\DataTools.Console.csproj", "{ABDA6E5F-D51B-4046-94A5-D0C2E43275C6}"
EndProject
Project("{9A19103F-16F7-4668-BE54-9A1E7A4F7556}") = "DataTools.Computer", "Win32\DataTools.Computer\DataTools.Computer.csproj", "{1C1CB17E-DE22-4BAF-B2A2-5D26947F7429}"
EndProject
Project("{2150E333-8FDC-42A3-9474-1A3956D46DE8}") = "Core", "Core", "{7E237DD5-AFD8-4B9A-A6EC-5698E712BD8D}"
EndProject
Project("{9A19103F-16F7-4668-BE54-9A1E7A4F7556}") = "DataTools.MathTools", "Core\DataTools.MathTools\DataTools.MathTools.csproj", "{94B223F9-A294-4FF9-B0FF-A2CE879CF14D}"
EndProject
Project("{9A19103F-16F7-4668-BE54-9A1E7A4F7556}") = "CoreTestOne", "Apps\CoreTestOne\CoreTestOne.csproj", "{81EF0540-24B5-49AD-9601-95A2A8B116CB}"
EndProject
Project("{9A19103F-16F7-4668-BE54-9A1E7A4F7556}") = "DataTools.Text", "Core\DataTools.Text\DataTools.Text.csproj", "{48FD7E0F-0812-4E0E-BC99-291B98B26825}"
EndProject
Project("{9A19103F-16F7-4668-BE54-9A1E7A4F7556}") = "DataTools.Essentials", "Core\DataTools.Essentials\DataTools.Essentials.csproj", "{22D5B1B8-B90C-4517-871F-766BE441C897}"
EndProject
Project("{9A19103F-16F7-4668-BE54-9A1E7A4F7556}") = "DataTools.Graphics", "Core\DataTools.Graphics\DataTools.Graphics.csproj", "{D8A9413D-9EB8-40B6-95C1-72889F881FD5}"
EndProject
Project("{9A19103F-16F7-4668-BE54-9A1E7A4F7556}") = "DataTools.Memory", "Core\DataTools.Memory\DataTools.Memory.csproj", "{B95DAAF1-52CF-4B53-B80D-406ACE01400B}"
EndProject
Project("{9A19103F-16F7-4668-BE54-9A1E7A4F7556}") = "DataTools.Console", "Core\DataTools.Console\DataTools.Console.csproj", "{765E0DA6-6403-4A96-AE3E-507C9DAE7852}"
EndProject
Global
	GlobalSection(SolutionConfigurationPlatforms) = preSolution
		Debug|Any CPU = Debug|Any CPU
		Debug|arm64 = Debug|arm64
		Debug|iPhone = Debug|iPhone
		Debug|iPhoneSimulator = Debug|iPhoneSimulator
		Debug|x64 = Debug|x64
		Debug|x86 = Debug|x86
		Release|Any CPU = Release|Any CPU
		Release|arm64 = Release|arm64
		Release|iPhone = Release|iPhone
		Release|iPhoneSimulator = Release|iPhoneSimulator
		Release|x64 = Release|x64
		Release|x86 = Release|x86
	EndGlobalSection
	GlobalSection(ProjectConfigurationPlatforms) = postSolution
		{CEB21CC4-118A-403B-98DC-3E5A56C13481}.Debug|Any CPU.ActiveCfg = Debug|Any CPU
		{CEB21CC4-118A-403B-98DC-3E5A56C13481}.Debug|Any CPU.Build.0 = Debug|Any CPU
		{CEB21CC4-118A-403B-98DC-3E5A56C13481}.Debug|arm64.ActiveCfg = Debug|Any CPU
		{CEB21CC4-118A-403B-98DC-3E5A56C13481}.Debug|arm64.Build.0 = Debug|Any CPU
		{CEB21CC4-118A-403B-98DC-3E5A56C13481}.Debug|iPhone.ActiveCfg = Debug|Any CPU
		{CEB21CC4-118A-403B-98DC-3E5A56C13481}.Debug|iPhone.Build.0 = Debug|Any CPU
		{CEB21CC4-118A-403B-98DC-3E5A56C13481}.Debug|iPhoneSimulator.ActiveCfg = Debug|Any CPU
		{CEB21CC4-118A-403B-98DC-3E5A56C13481}.Debug|iPhoneSimulator.Build.0 = Debug|Any CPU
		{CEB21CC4-118A-403B-98DC-3E5A56C13481}.Debug|x64.ActiveCfg = Debug|Any CPU
		{CEB21CC4-118A-403B-98DC-3E5A56C13481}.Debug|x64.Build.0 = Debug|Any CPU
		{CEB21CC4-118A-403B-98DC-3E5A56C13481}.Debug|x86.ActiveCfg = Debug|Any CPU
		{CEB21CC4-118A-403B-98DC-3E5A56C13481}.Debug|x86.Build.0 = Debug|Any CPU
		{CEB21CC4-118A-403B-98DC-3E5A56C13481}.Release|Any CPU.ActiveCfg = Release|Any CPU
		{CEB21CC4-118A-403B-98DC-3E5A56C13481}.Release|Any CPU.Build.0 = Release|Any CPU
		{CEB21CC4-118A-403B-98DC-3E5A56C13481}.Release|arm64.ActiveCfg = Release|Any CPU
		{CEB21CC4-118A-403B-98DC-3E5A56C13481}.Release|arm64.Build.0 = Release|Any CPU
		{CEB21CC4-118A-403B-98DC-3E5A56C13481}.Release|iPhone.ActiveCfg = Release|Any CPU
		{CEB21CC4-118A-403B-98DC-3E5A56C13481}.Release|iPhone.Build.0 = Release|Any CPU
		{CEB21CC4-118A-403B-98DC-3E5A56C13481}.Release|iPhoneSimulator.ActiveCfg = Release|Any CPU
		{CEB21CC4-118A-403B-98DC-3E5A56C13481}.Release|iPhoneSimulator.Build.0 = Release|Any CPU
		{CEB21CC4-118A-403B-98DC-3E5A56C13481}.Release|x64.ActiveCfg = Release|Any CPU
		{CEB21CC4-118A-403B-98DC-3E5A56C13481}.Release|x64.Build.0 = Release|Any CPU
		{CEB21CC4-118A-403B-98DC-3E5A56C13481}.Release|x86.ActiveCfg = Release|Any CPU
		{CEB21CC4-118A-403B-98DC-3E5A56C13481}.Release|x86.Build.0 = Release|Any CPU
		{8E4CE76F-F18D-4D15-B007-1FF9DB6C938D}.Debug|Any CPU.ActiveCfg = Debug|Any CPU
		{8E4CE76F-F18D-4D15-B007-1FF9DB6C938D}.Debug|Any CPU.Build.0 = Debug|Any CPU
		{8E4CE76F-F18D-4D15-B007-1FF9DB6C938D}.Debug|arm64.ActiveCfg = Debug|Any CPU
		{8E4CE76F-F18D-4D15-B007-1FF9DB6C938D}.Debug|arm64.Build.0 = Debug|Any CPU
		{8E4CE76F-F18D-4D15-B007-1FF9DB6C938D}.Debug|iPhone.ActiveCfg = Debug|Any CPU
		{8E4CE76F-F18D-4D15-B007-1FF9DB6C938D}.Debug|iPhone.Build.0 = Debug|Any CPU
		{8E4CE76F-F18D-4D15-B007-1FF9DB6C938D}.Debug|iPhoneSimulator.ActiveCfg = Debug|Any CPU
		{8E4CE76F-F18D-4D15-B007-1FF9DB6C938D}.Debug|iPhoneSimulator.Build.0 = Debug|Any CPU
		{8E4CE76F-F18D-4D15-B007-1FF9DB6C938D}.Debug|x64.ActiveCfg = Debug|Any CPU
		{8E4CE76F-F18D-4D15-B007-1FF9DB6C938D}.Debug|x64.Build.0 = Debug|Any CPU
		{8E4CE76F-F18D-4D15-B007-1FF9DB6C938D}.Debug|x86.ActiveCfg = Debug|Any CPU
		{8E4CE76F-F18D-4D15-B007-1FF9DB6C938D}.Debug|x86.Build.0 = Debug|Any CPU
		{8E4CE76F-F18D-4D15-B007-1FF9DB6C938D}.Release|Any CPU.ActiveCfg = Release|Any CPU
		{8E4CE76F-F18D-4D15-B007-1FF9DB6C938D}.Release|Any CPU.Build.0 = Release|Any CPU
		{8E4CE76F-F18D-4D15-B007-1FF9DB6C938D}.Release|arm64.ActiveCfg = Release|Any CPU
		{8E4CE76F-F18D-4D15-B007-1FF9DB6C938D}.Release|arm64.Build.0 = Release|Any CPU
		{8E4CE76F-F18D-4D15-B007-1FF9DB6C938D}.Release|iPhone.ActiveCfg = Release|Any CPU
		{8E4CE76F-F18D-4D15-B007-1FF9DB6C938D}.Release|iPhone.Build.0 = Release|Any CPU
		{8E4CE76F-F18D-4D15-B007-1FF9DB6C938D}.Release|iPhoneSimulator.ActiveCfg = Release|Any CPU
		{8E4CE76F-F18D-4D15-B007-1FF9DB6C938D}.Release|iPhoneSimulator.Build.0 = Release|Any CPU
		{8E4CE76F-F18D-4D15-B007-1FF9DB6C938D}.Release|x64.ActiveCfg = Release|Any CPU
		{8E4CE76F-F18D-4D15-B007-1FF9DB6C938D}.Release|x64.Build.0 = Release|Any CPU
		{8E4CE76F-F18D-4D15-B007-1FF9DB6C938D}.Release|x86.ActiveCfg = Release|Any CPU
		{8E4CE76F-F18D-4D15-B007-1FF9DB6C938D}.Release|x86.Build.0 = Release|Any CPU
		{C4961FB7-F0EF-4B65-9EAB-B4145985EA05}.Debug|Any CPU.ActiveCfg = Debug|Any CPU
		{C4961FB7-F0EF-4B65-9EAB-B4145985EA05}.Debug|Any CPU.Build.0 = Debug|Any CPU
		{C4961FB7-F0EF-4B65-9EAB-B4145985EA05}.Debug|arm64.ActiveCfg = Debug|Any CPU
		{C4961FB7-F0EF-4B65-9EAB-B4145985EA05}.Debug|arm64.Build.0 = Debug|Any CPU
		{C4961FB7-F0EF-4B65-9EAB-B4145985EA05}.Debug|iPhone.ActiveCfg = Debug|Any CPU
		{C4961FB7-F0EF-4B65-9EAB-B4145985EA05}.Debug|iPhone.Build.0 = Debug|Any CPU
		{C4961FB7-F0EF-4B65-9EAB-B4145985EA05}.Debug|iPhoneSimulator.ActiveCfg = Debug|Any CPU
		{C4961FB7-F0EF-4B65-9EAB-B4145985EA05}.Debug|iPhoneSimulator.Build.0 = Debug|Any CPU
		{C4961FB7-F0EF-4B65-9EAB-B4145985EA05}.Debug|x64.ActiveCfg = Debug|x64
		{C4961FB7-F0EF-4B65-9EAB-B4145985EA05}.Debug|x64.Build.0 = Debug|x64
		{C4961FB7-F0EF-4B65-9EAB-B4145985EA05}.Debug|x86.ActiveCfg = Debug|Any CPU
		{C4961FB7-F0EF-4B65-9EAB-B4145985EA05}.Debug|x86.Build.0 = Debug|Any CPU
		{C4961FB7-F0EF-4B65-9EAB-B4145985EA05}.Release|Any CPU.ActiveCfg = Release|Any CPU
		{C4961FB7-F0EF-4B65-9EAB-B4145985EA05}.Release|Any CPU.Build.0 = Release|Any CPU
		{C4961FB7-F0EF-4B65-9EAB-B4145985EA05}.Release|arm64.ActiveCfg = Release|Any CPU
		{C4961FB7-F0EF-4B65-9EAB-B4145985EA05}.Release|arm64.Build.0 = Release|Any CPU
		{C4961FB7-F0EF-4B65-9EAB-B4145985EA05}.Release|iPhone.ActiveCfg = Release|Any CPU
		{C4961FB7-F0EF-4B65-9EAB-B4145985EA05}.Release|iPhone.Build.0 = Release|Any CPU
		{C4961FB7-F0EF-4B65-9EAB-B4145985EA05}.Release|iPhoneSimulator.ActiveCfg = Release|Any CPU
		{C4961FB7-F0EF-4B65-9EAB-B4145985EA05}.Release|iPhoneSimulator.Build.0 = Release|Any CPU
		{C4961FB7-F0EF-4B65-9EAB-B4145985EA05}.Release|x64.ActiveCfg = Release|x64
		{C4961FB7-F0EF-4B65-9EAB-B4145985EA05}.Release|x64.Build.0 = Release|x64
		{C4961FB7-F0EF-4B65-9EAB-B4145985EA05}.Release|x86.ActiveCfg = Release|Any CPU
		{C4961FB7-F0EF-4B65-9EAB-B4145985EA05}.Release|x86.Build.0 = Release|Any CPU
		{09F7F3D6-5772-48B9-AE2B-5F92544ED18D}.Debug|Any CPU.ActiveCfg = Debug|Any CPU
		{09F7F3D6-5772-48B9-AE2B-5F92544ED18D}.Debug|Any CPU.Build.0 = Debug|Any CPU
		{09F7F3D6-5772-48B9-AE2B-5F92544ED18D}.Debug|arm64.ActiveCfg = Debug|Any CPU
		{09F7F3D6-5772-48B9-AE2B-5F92544ED18D}.Debug|arm64.Build.0 = Debug|Any CPU
		{09F7F3D6-5772-48B9-AE2B-5F92544ED18D}.Debug|iPhone.ActiveCfg = Debug|Any CPU
		{09F7F3D6-5772-48B9-AE2B-5F92544ED18D}.Debug|iPhone.Build.0 = Debug|Any CPU
		{09F7F3D6-5772-48B9-AE2B-5F92544ED18D}.Debug|iPhoneSimulator.ActiveCfg = Debug|Any CPU
		{09F7F3D6-5772-48B9-AE2B-5F92544ED18D}.Debug|iPhoneSimulator.Build.0 = Debug|Any CPU
		{09F7F3D6-5772-48B9-AE2B-5F92544ED18D}.Debug|x64.ActiveCfg = Debug|x64
		{09F7F3D6-5772-48B9-AE2B-5F92544ED18D}.Debug|x64.Build.0 = Debug|x64
		{09F7F3D6-5772-48B9-AE2B-5F92544ED18D}.Debug|x86.ActiveCfg = Debug|Any CPU
		{09F7F3D6-5772-48B9-AE2B-5F92544ED18D}.Debug|x86.Build.0 = Debug|Any CPU
		{09F7F3D6-5772-48B9-AE2B-5F92544ED18D}.Release|Any CPU.ActiveCfg = Release|Any CPU
		{09F7F3D6-5772-48B9-AE2B-5F92544ED18D}.Release|Any CPU.Build.0 = Release|Any CPU
		{09F7F3D6-5772-48B9-AE2B-5F92544ED18D}.Release|arm64.ActiveCfg = Release|Any CPU
		{09F7F3D6-5772-48B9-AE2B-5F92544ED18D}.Release|arm64.Build.0 = Release|Any CPU
		{09F7F3D6-5772-48B9-AE2B-5F92544ED18D}.Release|iPhone.ActiveCfg = Release|Any CPU
		{09F7F3D6-5772-48B9-AE2B-5F92544ED18D}.Release|iPhone.Build.0 = Release|Any CPU
		{09F7F3D6-5772-48B9-AE2B-5F92544ED18D}.Release|iPhoneSimulator.ActiveCfg = Release|Any CPU
		{09F7F3D6-5772-48B9-AE2B-5F92544ED18D}.Release|iPhoneSimulator.Build.0 = Release|Any CPU
		{09F7F3D6-5772-48B9-AE2B-5F92544ED18D}.Release|x64.ActiveCfg = Release|x64
		{09F7F3D6-5772-48B9-AE2B-5F92544ED18D}.Release|x64.Build.0 = Release|x64
		{09F7F3D6-5772-48B9-AE2B-5F92544ED18D}.Release|x86.ActiveCfg = Release|Any CPU
		{09F7F3D6-5772-48B9-AE2B-5F92544ED18D}.Release|x86.Build.0 = Release|Any CPU
		{7CA07C56-55C5-49D4-9E0B-A35EBD31C4C3}.Debug|Any CPU.ActiveCfg = Debug|Any CPU
		{7CA07C56-55C5-49D4-9E0B-A35EBD31C4C3}.Debug|Any CPU.Build.0 = Debug|Any CPU
		{7CA07C56-55C5-49D4-9E0B-A35EBD31C4C3}.Debug|arm64.ActiveCfg = Debug|Any CPU
		{7CA07C56-55C5-49D4-9E0B-A35EBD31C4C3}.Debug|arm64.Build.0 = Debug|Any CPU
		{7CA07C56-55C5-49D4-9E0B-A35EBD31C4C3}.Debug|iPhone.ActiveCfg = Debug|Any CPU
		{7CA07C56-55C5-49D4-9E0B-A35EBD31C4C3}.Debug|iPhone.Build.0 = Debug|Any CPU
		{7CA07C56-55C5-49D4-9E0B-A35EBD31C4C3}.Debug|iPhoneSimulator.ActiveCfg = Debug|Any CPU
		{7CA07C56-55C5-49D4-9E0B-A35EBD31C4C3}.Debug|iPhoneSimulator.Build.0 = Debug|Any CPU
		{7CA07C56-55C5-49D4-9E0B-A35EBD31C4C3}.Debug|x64.ActiveCfg = Debug|x64
		{7CA07C56-55C5-49D4-9E0B-A35EBD31C4C3}.Debug|x64.Build.0 = Debug|x64
		{7CA07C56-55C5-49D4-9E0B-A35EBD31C4C3}.Debug|x86.ActiveCfg = Debug|Any CPU
		{7CA07C56-55C5-49D4-9E0B-A35EBD31C4C3}.Debug|x86.Build.0 = Debug|Any CPU
		{7CA07C56-55C5-49D4-9E0B-A35EBD31C4C3}.Release|Any CPU.ActiveCfg = Release|Any CPU
		{7CA07C56-55C5-49D4-9E0B-A35EBD31C4C3}.Release|Any CPU.Build.0 = Release|Any CPU
		{7CA07C56-55C5-49D4-9E0B-A35EBD31C4C3}.Release|arm64.ActiveCfg = Release|Any CPU
		{7CA07C56-55C5-49D4-9E0B-A35EBD31C4C3}.Release|arm64.Build.0 = Release|Any CPU
		{7CA07C56-55C5-49D4-9E0B-A35EBD31C4C3}.Release|iPhone.ActiveCfg = Release|Any CPU
		{7CA07C56-55C5-49D4-9E0B-A35EBD31C4C3}.Release|iPhone.Build.0 = Release|Any CPU
		{7CA07C56-55C5-49D4-9E0B-A35EBD31C4C3}.Release|iPhoneSimulator.ActiveCfg = Release|Any CPU
		{7CA07C56-55C5-49D4-9E0B-A35EBD31C4C3}.Release|iPhoneSimulator.Build.0 = Release|Any CPU
		{7CA07C56-55C5-49D4-9E0B-A35EBD31C4C3}.Release|x64.ActiveCfg = Release|x64
		{7CA07C56-55C5-49D4-9E0B-A35EBD31C4C3}.Release|x64.Build.0 = Release|x64
		{7CA07C56-55C5-49D4-9E0B-A35EBD31C4C3}.Release|x86.ActiveCfg = Release|Any CPU
		{7CA07C56-55C5-49D4-9E0B-A35EBD31C4C3}.Release|x86.Build.0 = Release|Any CPU
		{25686406-E7D4-4871-8C81-A991BFD9B64A}.Debug|Any CPU.ActiveCfg = Debug|Any CPU
		{25686406-E7D4-4871-8C81-A991BFD9B64A}.Debug|Any CPU.Build.0 = Debug|Any CPU
		{25686406-E7D4-4871-8C81-A991BFD9B64A}.Debug|arm64.ActiveCfg = Debug|Any CPU
		{25686406-E7D4-4871-8C81-A991BFD9B64A}.Debug|arm64.Build.0 = Debug|Any CPU
		{25686406-E7D4-4871-8C81-A991BFD9B64A}.Debug|iPhone.ActiveCfg = Debug|Any CPU
		{25686406-E7D4-4871-8C81-A991BFD9B64A}.Debug|iPhone.Build.0 = Debug|Any CPU
		{25686406-E7D4-4871-8C81-A991BFD9B64A}.Debug|iPhoneSimulator.ActiveCfg = Debug|Any CPU
		{25686406-E7D4-4871-8C81-A991BFD9B64A}.Debug|iPhoneSimulator.Build.0 = Debug|Any CPU
		{25686406-E7D4-4871-8C81-A991BFD9B64A}.Debug|x64.ActiveCfg = Debug|x64
		{25686406-E7D4-4871-8C81-A991BFD9B64A}.Debug|x64.Build.0 = Debug|x64
		{25686406-E7D4-4871-8C81-A991BFD9B64A}.Debug|x86.ActiveCfg = Debug|Any CPU
		{25686406-E7D4-4871-8C81-A991BFD9B64A}.Debug|x86.Build.0 = Debug|Any CPU
		{25686406-E7D4-4871-8C81-A991BFD9B64A}.Release|Any CPU.ActiveCfg = Release|Any CPU
		{25686406-E7D4-4871-8C81-A991BFD9B64A}.Release|Any CPU.Build.0 = Release|Any CPU
		{25686406-E7D4-4871-8C81-A991BFD9B64A}.Release|arm64.ActiveCfg = Release|Any CPU
		{25686406-E7D4-4871-8C81-A991BFD9B64A}.Release|arm64.Build.0 = Release|Any CPU
		{25686406-E7D4-4871-8C81-A991BFD9B64A}.Release|iPhone.ActiveCfg = Release|Any CPU
		{25686406-E7D4-4871-8C81-A991BFD9B64A}.Release|iPhone.Build.0 = Release|Any CPU
		{25686406-E7D4-4871-8C81-A991BFD9B64A}.Release|iPhoneSimulator.ActiveCfg = Release|Any CPU
		{25686406-E7D4-4871-8C81-A991BFD9B64A}.Release|iPhoneSimulator.Build.0 = Release|Any CPU
		{25686406-E7D4-4871-8C81-A991BFD9B64A}.Release|x64.ActiveCfg = Release|x64
		{25686406-E7D4-4871-8C81-A991BFD9B64A}.Release|x64.Build.0 = Release|x64
		{25686406-E7D4-4871-8C81-A991BFD9B64A}.Release|x86.ActiveCfg = Release|Any CPU
		{25686406-E7D4-4871-8C81-A991BFD9B64A}.Release|x86.Build.0 = Release|Any CPU
		{67BC4355-4E05-4E2A-8B74-F46125AA9EA3}.Debug|Any CPU.ActiveCfg = Debug|Any CPU
		{67BC4355-4E05-4E2A-8B74-F46125AA9EA3}.Debug|Any CPU.Build.0 = Debug|Any CPU
		{67BC4355-4E05-4E2A-8B74-F46125AA9EA3}.Debug|arm64.ActiveCfg = Debug|Any CPU
		{67BC4355-4E05-4E2A-8B74-F46125AA9EA3}.Debug|arm64.Build.0 = Debug|Any CPU
		{67BC4355-4E05-4E2A-8B74-F46125AA9EA3}.Debug|iPhone.ActiveCfg = Debug|Any CPU
		{67BC4355-4E05-4E2A-8B74-F46125AA9EA3}.Debug|iPhone.Build.0 = Debug|Any CPU
		{67BC4355-4E05-4E2A-8B74-F46125AA9EA3}.Debug|iPhoneSimulator.ActiveCfg = Debug|Any CPU
		{67BC4355-4E05-4E2A-8B74-F46125AA9EA3}.Debug|iPhoneSimulator.Build.0 = Debug|Any CPU
		{67BC4355-4E05-4E2A-8B74-F46125AA9EA3}.Debug|x64.ActiveCfg = Debug|x64
		{67BC4355-4E05-4E2A-8B74-F46125AA9EA3}.Debug|x64.Build.0 = Debug|x64
		{67BC4355-4E05-4E2A-8B74-F46125AA9EA3}.Debug|x86.ActiveCfg = Debug|Any CPU
		{67BC4355-4E05-4E2A-8B74-F46125AA9EA3}.Debug|x86.Build.0 = Debug|Any CPU
		{67BC4355-4E05-4E2A-8B74-F46125AA9EA3}.Release|Any CPU.ActiveCfg = Release|Any CPU
		{67BC4355-4E05-4E2A-8B74-F46125AA9EA3}.Release|Any CPU.Build.0 = Release|Any CPU
		{67BC4355-4E05-4E2A-8B74-F46125AA9EA3}.Release|arm64.ActiveCfg = Release|Any CPU
		{67BC4355-4E05-4E2A-8B74-F46125AA9EA3}.Release|arm64.Build.0 = Release|Any CPU
		{67BC4355-4E05-4E2A-8B74-F46125AA9EA3}.Release|iPhone.ActiveCfg = Release|Any CPU
		{67BC4355-4E05-4E2A-8B74-F46125AA9EA3}.Release|iPhone.Build.0 = Release|Any CPU
		{67BC4355-4E05-4E2A-8B74-F46125AA9EA3}.Release|iPhoneSimulator.ActiveCfg = Release|Any CPU
		{67BC4355-4E05-4E2A-8B74-F46125AA9EA3}.Release|iPhoneSimulator.Build.0 = Release|Any CPU
		{67BC4355-4E05-4E2A-8B74-F46125AA9EA3}.Release|x64.ActiveCfg = Release|x64
		{67BC4355-4E05-4E2A-8B74-F46125AA9EA3}.Release|x64.Build.0 = Release|x64
		{67BC4355-4E05-4E2A-8B74-F46125AA9EA3}.Release|x86.ActiveCfg = Release|Any CPU
		{67BC4355-4E05-4E2A-8B74-F46125AA9EA3}.Release|x86.Build.0 = Release|Any CPU
		{DFE3E08B-ACFB-46E0-8E25-B5A5B1BCCE7E}.Debug|Any CPU.ActiveCfg = Debug|Any CPU
		{DFE3E08B-ACFB-46E0-8E25-B5A5B1BCCE7E}.Debug|Any CPU.Build.0 = Debug|Any CPU
		{DFE3E08B-ACFB-46E0-8E25-B5A5B1BCCE7E}.Debug|arm64.ActiveCfg = Debug|Any CPU
		{DFE3E08B-ACFB-46E0-8E25-B5A5B1BCCE7E}.Debug|arm64.Build.0 = Debug|Any CPU
		{DFE3E08B-ACFB-46E0-8E25-B5A5B1BCCE7E}.Debug|iPhone.ActiveCfg = Debug|Any CPU
		{DFE3E08B-ACFB-46E0-8E25-B5A5B1BCCE7E}.Debug|iPhone.Build.0 = Debug|Any CPU
		{DFE3E08B-ACFB-46E0-8E25-B5A5B1BCCE7E}.Debug|iPhoneSimulator.ActiveCfg = Debug|Any CPU
		{DFE3E08B-ACFB-46E0-8E25-B5A5B1BCCE7E}.Debug|iPhoneSimulator.Build.0 = Debug|Any CPU
		{DFE3E08B-ACFB-46E0-8E25-B5A5B1BCCE7E}.Debug|x64.ActiveCfg = Debug|x64
		{DFE3E08B-ACFB-46E0-8E25-B5A5B1BCCE7E}.Debug|x64.Build.0 = Debug|x64
		{DFE3E08B-ACFB-46E0-8E25-B5A5B1BCCE7E}.Debug|x86.ActiveCfg = Debug|Any CPU
		{DFE3E08B-ACFB-46E0-8E25-B5A5B1BCCE7E}.Debug|x86.Build.0 = Debug|Any CPU
		{DFE3E08B-ACFB-46E0-8E25-B5A5B1BCCE7E}.Release|Any CPU.ActiveCfg = Release|Any CPU
		{DFE3E08B-ACFB-46E0-8E25-B5A5B1BCCE7E}.Release|Any CPU.Build.0 = Release|Any CPU
		{DFE3E08B-ACFB-46E0-8E25-B5A5B1BCCE7E}.Release|arm64.ActiveCfg = Release|Any CPU
		{DFE3E08B-ACFB-46E0-8E25-B5A5B1BCCE7E}.Release|arm64.Build.0 = Release|Any CPU
		{DFE3E08B-ACFB-46E0-8E25-B5A5B1BCCE7E}.Release|iPhone.ActiveCfg = Release|Any CPU
		{DFE3E08B-ACFB-46E0-8E25-B5A5B1BCCE7E}.Release|iPhone.Build.0 = Release|Any CPU
		{DFE3E08B-ACFB-46E0-8E25-B5A5B1BCCE7E}.Release|iPhoneSimulator.ActiveCfg = Release|Any CPU
		{DFE3E08B-ACFB-46E0-8E25-B5A5B1BCCE7E}.Release|iPhoneSimulator.Build.0 = Release|Any CPU
		{DFE3E08B-ACFB-46E0-8E25-B5A5B1BCCE7E}.Release|x64.ActiveCfg = Release|x64
		{DFE3E08B-ACFB-46E0-8E25-B5A5B1BCCE7E}.Release|x64.Build.0 = Release|x64
		{DFE3E08B-ACFB-46E0-8E25-B5A5B1BCCE7E}.Release|x86.ActiveCfg = Release|Any CPU
		{DFE3E08B-ACFB-46E0-8E25-B5A5B1BCCE7E}.Release|x86.Build.0 = Release|Any CPU
		{C4615439-5615-497B-B4C3-C0F2A9F29F78}.Debug|Any CPU.ActiveCfg = Debug|Any CPU
		{C4615439-5615-497B-B4C3-C0F2A9F29F78}.Debug|Any CPU.Build.0 = Debug|Any CPU
		{C4615439-5615-497B-B4C3-C0F2A9F29F78}.Debug|arm64.ActiveCfg = Debug|Any CPU
		{C4615439-5615-497B-B4C3-C0F2A9F29F78}.Debug|arm64.Build.0 = Debug|Any CPU
		{C4615439-5615-497B-B4C3-C0F2A9F29F78}.Debug|iPhone.ActiveCfg = Debug|Any CPU
		{C4615439-5615-497B-B4C3-C0F2A9F29F78}.Debug|iPhone.Build.0 = Debug|Any CPU
		{C4615439-5615-497B-B4C3-C0F2A9F29F78}.Debug|iPhoneSimulator.ActiveCfg = Debug|Any CPU
		{C4615439-5615-497B-B4C3-C0F2A9F29F78}.Debug|iPhoneSimulator.Build.0 = Debug|Any CPU
		{C4615439-5615-497B-B4C3-C0F2A9F29F78}.Debug|x64.ActiveCfg = Debug|x64
		{C4615439-5615-497B-B4C3-C0F2A9F29F78}.Debug|x64.Build.0 = Debug|x64
		{C4615439-5615-497B-B4C3-C0F2A9F29F78}.Debug|x86.ActiveCfg = Debug|Any CPU
		{C4615439-5615-497B-B4C3-C0F2A9F29F78}.Debug|x86.Build.0 = Debug|Any CPU
		{C4615439-5615-497B-B4C3-C0F2A9F29F78}.Release|Any CPU.ActiveCfg = Release|Any CPU
		{C4615439-5615-497B-B4C3-C0F2A9F29F78}.Release|Any CPU.Build.0 = Release|Any CPU
		{C4615439-5615-497B-B4C3-C0F2A9F29F78}.Release|arm64.ActiveCfg = Release|Any CPU
		{C4615439-5615-497B-B4C3-C0F2A9F29F78}.Release|arm64.Build.0 = Release|Any CPU
		{C4615439-5615-497B-B4C3-C0F2A9F29F78}.Release|iPhone.ActiveCfg = Release|Any CPU
		{C4615439-5615-497B-B4C3-C0F2A9F29F78}.Release|iPhone.Build.0 = Release|Any CPU
		{C4615439-5615-497B-B4C3-C0F2A9F29F78}.Release|iPhoneSimulator.ActiveCfg = Release|Any CPU
		{C4615439-5615-497B-B4C3-C0F2A9F29F78}.Release|iPhoneSimulator.Build.0 = Release|Any CPU
		{C4615439-5615-497B-B4C3-C0F2A9F29F78}.Release|x64.ActiveCfg = Release|x64
		{C4615439-5615-497B-B4C3-C0F2A9F29F78}.Release|x64.Build.0 = Release|x64
		{C4615439-5615-497B-B4C3-C0F2A9F29F78}.Release|x86.ActiveCfg = Release|Any CPU
		{C4615439-5615-497B-B4C3-C0F2A9F29F78}.Release|x86.Build.0 = Release|Any CPU
		{9E78161B-564F-4D6E-8C51-5BF27152A1B4}.Debug|Any CPU.ActiveCfg = Debug|Any CPU
		{9E78161B-564F-4D6E-8C51-5BF27152A1B4}.Debug|Any CPU.Build.0 = Debug|Any CPU
		{9E78161B-564F-4D6E-8C51-5BF27152A1B4}.Debug|arm64.ActiveCfg = Debug|Any CPU
		{9E78161B-564F-4D6E-8C51-5BF27152A1B4}.Debug|arm64.Build.0 = Debug|Any CPU
		{9E78161B-564F-4D6E-8C51-5BF27152A1B4}.Debug|iPhone.ActiveCfg = Debug|Any CPU
		{9E78161B-564F-4D6E-8C51-5BF27152A1B4}.Debug|iPhone.Build.0 = Debug|Any CPU
		{9E78161B-564F-4D6E-8C51-5BF27152A1B4}.Debug|iPhoneSimulator.ActiveCfg = Debug|Any CPU
		{9E78161B-564F-4D6E-8C51-5BF27152A1B4}.Debug|iPhoneSimulator.Build.0 = Debug|Any CPU
		{9E78161B-564F-4D6E-8C51-5BF27152A1B4}.Debug|x64.ActiveCfg = Debug|x64
		{9E78161B-564F-4D6E-8C51-5BF27152A1B4}.Debug|x64.Build.0 = Debug|x64
		{9E78161B-564F-4D6E-8C51-5BF27152A1B4}.Debug|x86.ActiveCfg = Debug|Any CPU
		{9E78161B-564F-4D6E-8C51-5BF27152A1B4}.Debug|x86.Build.0 = Debug|Any CPU
		{9E78161B-564F-4D6E-8C51-5BF27152A1B4}.Release|Any CPU.ActiveCfg = Release|Any CPU
		{9E78161B-564F-4D6E-8C51-5BF27152A1B4}.Release|Any CPU.Build.0 = Release|Any CPU
		{9E78161B-564F-4D6E-8C51-5BF27152A1B4}.Release|arm64.ActiveCfg = Release|Any CPU
		{9E78161B-564F-4D6E-8C51-5BF27152A1B4}.Release|arm64.Build.0 = Release|Any CPU
		{9E78161B-564F-4D6E-8C51-5BF27152A1B4}.Release|iPhone.ActiveCfg = Release|Any CPU
		{9E78161B-564F-4D6E-8C51-5BF27152A1B4}.Release|iPhone.Build.0 = Release|Any CPU
		{9E78161B-564F-4D6E-8C51-5BF27152A1B4}.Release|iPhoneSimulator.ActiveCfg = Release|Any CPU
		{9E78161B-564F-4D6E-8C51-5BF27152A1B4}.Release|iPhoneSimulator.Build.0 = Release|Any CPU
		{9E78161B-564F-4D6E-8C51-5BF27152A1B4}.Release|x64.ActiveCfg = Release|x64
		{9E78161B-564F-4D6E-8C51-5BF27152A1B4}.Release|x64.Build.0 = Release|x64
		{9E78161B-564F-4D6E-8C51-5BF27152A1B4}.Release|x86.ActiveCfg = Release|Any CPU
		{9E78161B-564F-4D6E-8C51-5BF27152A1B4}.Release|x86.Build.0 = Release|Any CPU
		{A07F5350-68EF-4D9C-AB2A-5EB0196A2461}.Debug|Any CPU.ActiveCfg = Debug|Any CPU
		{A07F5350-68EF-4D9C-AB2A-5EB0196A2461}.Debug|Any CPU.Build.0 = Debug|Any CPU
		{A07F5350-68EF-4D9C-AB2A-5EB0196A2461}.Debug|arm64.ActiveCfg = Debug|Any CPU
		{A07F5350-68EF-4D9C-AB2A-5EB0196A2461}.Debug|arm64.Build.0 = Debug|Any CPU
		{A07F5350-68EF-4D9C-AB2A-5EB0196A2461}.Debug|iPhone.ActiveCfg = Debug|Any CPU
		{A07F5350-68EF-4D9C-AB2A-5EB0196A2461}.Debug|iPhone.Build.0 = Debug|Any CPU
		{A07F5350-68EF-4D9C-AB2A-5EB0196A2461}.Debug|iPhoneSimulator.ActiveCfg = Debug|Any CPU
		{A07F5350-68EF-4D9C-AB2A-5EB0196A2461}.Debug|iPhoneSimulator.Build.0 = Debug|Any CPU
		{A07F5350-68EF-4D9C-AB2A-5EB0196A2461}.Debug|x64.ActiveCfg = Debug|x64
		{A07F5350-68EF-4D9C-AB2A-5EB0196A2461}.Debug|x64.Build.0 = Debug|x64
		{A07F5350-68EF-4D9C-AB2A-5EB0196A2461}.Debug|x86.ActiveCfg = Debug|Any CPU
		{A07F5350-68EF-4D9C-AB2A-5EB0196A2461}.Debug|x86.Build.0 = Debug|Any CPU
		{A07F5350-68EF-4D9C-AB2A-5EB0196A2461}.Release|Any CPU.ActiveCfg = Release|Any CPU
		{A07F5350-68EF-4D9C-AB2A-5EB0196A2461}.Release|Any CPU.Build.0 = Release|Any CPU
		{A07F5350-68EF-4D9C-AB2A-5EB0196A2461}.Release|arm64.ActiveCfg = Release|Any CPU
		{A07F5350-68EF-4D9C-AB2A-5EB0196A2461}.Release|arm64.Build.0 = Release|Any CPU
		{A07F5350-68EF-4D9C-AB2A-5EB0196A2461}.Release|iPhone.ActiveCfg = Release|Any CPU
		{A07F5350-68EF-4D9C-AB2A-5EB0196A2461}.Release|iPhone.Build.0 = Release|Any CPU
		{A07F5350-68EF-4D9C-AB2A-5EB0196A2461}.Release|iPhoneSimulator.ActiveCfg = Release|Any CPU
		{A07F5350-68EF-4D9C-AB2A-5EB0196A2461}.Release|iPhoneSimulator.Build.0 = Release|Any CPU
		{A07F5350-68EF-4D9C-AB2A-5EB0196A2461}.Release|x64.ActiveCfg = Release|x64
		{A07F5350-68EF-4D9C-AB2A-5EB0196A2461}.Release|x64.Build.0 = Release|x64
		{A07F5350-68EF-4D9C-AB2A-5EB0196A2461}.Release|x86.ActiveCfg = Release|Any CPU
		{A07F5350-68EF-4D9C-AB2A-5EB0196A2461}.Release|x86.Build.0 = Release|Any CPU
		{9AA0FBAA-A552-4AAE-A5EA-33BE4A11BF09}.Debug|Any CPU.ActiveCfg = Debug|Any CPU
		{9AA0FBAA-A552-4AAE-A5EA-33BE4A11BF09}.Debug|Any CPU.Build.0 = Debug|Any CPU
		{9AA0FBAA-A552-4AAE-A5EA-33BE4A11BF09}.Debug|arm64.ActiveCfg = Debug|Any CPU
		{9AA0FBAA-A552-4AAE-A5EA-33BE4A11BF09}.Debug|arm64.Build.0 = Debug|Any CPU
		{9AA0FBAA-A552-4AAE-A5EA-33BE4A11BF09}.Debug|iPhone.ActiveCfg = Debug|Any CPU
		{9AA0FBAA-A552-4AAE-A5EA-33BE4A11BF09}.Debug|iPhone.Build.0 = Debug|Any CPU
		{9AA0FBAA-A552-4AAE-A5EA-33BE4A11BF09}.Debug|iPhoneSimulator.ActiveCfg = Debug|Any CPU
		{9AA0FBAA-A552-4AAE-A5EA-33BE4A11BF09}.Debug|iPhoneSimulator.Build.0 = Debug|Any CPU
		{9AA0FBAA-A552-4AAE-A5EA-33BE4A11BF09}.Debug|x64.ActiveCfg = Debug|x64
		{9AA0FBAA-A552-4AAE-A5EA-33BE4A11BF09}.Debug|x64.Build.0 = Debug|x64
		{9AA0FBAA-A552-4AAE-A5EA-33BE4A11BF09}.Debug|x86.ActiveCfg = Debug|Any CPU
		{9AA0FBAA-A552-4AAE-A5EA-33BE4A11BF09}.Debug|x86.Build.0 = Debug|Any CPU
		{9AA0FBAA-A552-4AAE-A5EA-33BE4A11BF09}.Release|Any CPU.ActiveCfg = Release|Any CPU
		{9AA0FBAA-A552-4AAE-A5EA-33BE4A11BF09}.Release|Any CPU.Build.0 = Release|Any CPU
		{9AA0FBAA-A552-4AAE-A5EA-33BE4A11BF09}.Release|arm64.ActiveCfg = Release|Any CPU
		{9AA0FBAA-A552-4AAE-A5EA-33BE4A11BF09}.Release|arm64.Build.0 = Release|Any CPU
		{9AA0FBAA-A552-4AAE-A5EA-33BE4A11BF09}.Release|iPhone.ActiveCfg = Release|Any CPU
		{9AA0FBAA-A552-4AAE-A5EA-33BE4A11BF09}.Release|iPhone.Build.0 = Release|Any CPU
		{9AA0FBAA-A552-4AAE-A5EA-33BE4A11BF09}.Release|iPhoneSimulator.ActiveCfg = Release|Any CPU
		{9AA0FBAA-A552-4AAE-A5EA-33BE4A11BF09}.Release|iPhoneSimulator.Build.0 = Release|Any CPU
		{9AA0FBAA-A552-4AAE-A5EA-33BE4A11BF09}.Release|x64.ActiveCfg = Release|x64
		{9AA0FBAA-A552-4AAE-A5EA-33BE4A11BF09}.Release|x64.Build.0 = Release|x64
		{9AA0FBAA-A552-4AAE-A5EA-33BE4A11BF09}.Release|x86.ActiveCfg = Release|Any CPU
		{9AA0FBAA-A552-4AAE-A5EA-33BE4A11BF09}.Release|x86.Build.0 = Release|Any CPU
		{23ECAF9C-0A2C-427E-A223-8A7878D89380}.Debug|Any CPU.ActiveCfg = Debug|Any CPU
		{23ECAF9C-0A2C-427E-A223-8A7878D89380}.Debug|Any CPU.Build.0 = Debug|Any CPU
		{23ECAF9C-0A2C-427E-A223-8A7878D89380}.Debug|arm64.ActiveCfg = Debug|Any CPU
		{23ECAF9C-0A2C-427E-A223-8A7878D89380}.Debug|arm64.Build.0 = Debug|Any CPU
		{23ECAF9C-0A2C-427E-A223-8A7878D89380}.Debug|iPhone.ActiveCfg = Debug|Any CPU
		{23ECAF9C-0A2C-427E-A223-8A7878D89380}.Debug|iPhone.Build.0 = Debug|Any CPU
		{23ECAF9C-0A2C-427E-A223-8A7878D89380}.Debug|iPhoneSimulator.ActiveCfg = Debug|Any CPU
		{23ECAF9C-0A2C-427E-A223-8A7878D89380}.Debug|iPhoneSimulator.Build.0 = Debug|Any CPU
		{23ECAF9C-0A2C-427E-A223-8A7878D89380}.Debug|x64.ActiveCfg = Debug|x64
		{23ECAF9C-0A2C-427E-A223-8A7878D89380}.Debug|x64.Build.0 = Debug|x64
		{23ECAF9C-0A2C-427E-A223-8A7878D89380}.Debug|x86.ActiveCfg = Debug|Any CPU
		{23ECAF9C-0A2C-427E-A223-8A7878D89380}.Debug|x86.Build.0 = Debug|Any CPU
		{23ECAF9C-0A2C-427E-A223-8A7878D89380}.Release|Any CPU.ActiveCfg = Release|Any CPU
		{23ECAF9C-0A2C-427E-A223-8A7878D89380}.Release|Any CPU.Build.0 = Release|Any CPU
		{23ECAF9C-0A2C-427E-A223-8A7878D89380}.Release|arm64.ActiveCfg = Release|Any CPU
		{23ECAF9C-0A2C-427E-A223-8A7878D89380}.Release|arm64.Build.0 = Release|Any CPU
		{23ECAF9C-0A2C-427E-A223-8A7878D89380}.Release|iPhone.ActiveCfg = Release|Any CPU
		{23ECAF9C-0A2C-427E-A223-8A7878D89380}.Release|iPhone.Build.0 = Release|Any CPU
		{23ECAF9C-0A2C-427E-A223-8A7878D89380}.Release|iPhoneSimulator.ActiveCfg = Release|Any CPU
		{23ECAF9C-0A2C-427E-A223-8A7878D89380}.Release|iPhoneSimulator.Build.0 = Release|Any CPU
		{23ECAF9C-0A2C-427E-A223-8A7878D89380}.Release|x64.ActiveCfg = Release|x64
		{23ECAF9C-0A2C-427E-A223-8A7878D89380}.Release|x64.Build.0 = Release|x64
		{23ECAF9C-0A2C-427E-A223-8A7878D89380}.Release|x86.ActiveCfg = Release|Any CPU
		{23ECAF9C-0A2C-427E-A223-8A7878D89380}.Release|x86.Build.0 = Release|Any CPU
		{E5A08144-3683-4EFA-AA3E-E4EAA68CDAEB}.Debug|Any CPU.ActiveCfg = Debug|Any CPU
		{E5A08144-3683-4EFA-AA3E-E4EAA68CDAEB}.Debug|Any CPU.Build.0 = Debug|Any CPU
		{E5A08144-3683-4EFA-AA3E-E4EAA68CDAEB}.Debug|arm64.ActiveCfg = Debug|Any CPU
		{E5A08144-3683-4EFA-AA3E-E4EAA68CDAEB}.Debug|iPhone.ActiveCfg = Debug|Any CPU
		{E5A08144-3683-4EFA-AA3E-E4EAA68CDAEB}.Debug|iPhone.Build.0 = Debug|Any CPU
		{E5A08144-3683-4EFA-AA3E-E4EAA68CDAEB}.Debug|iPhoneSimulator.ActiveCfg = Debug|Any CPU
		{E5A08144-3683-4EFA-AA3E-E4EAA68CDAEB}.Debug|iPhoneSimulator.Build.0 = Debug|Any CPU
		{E5A08144-3683-4EFA-AA3E-E4EAA68CDAEB}.Debug|x64.ActiveCfg = Debug|x64
		{E5A08144-3683-4EFA-AA3E-E4EAA68CDAEB}.Debug|x64.Build.0 = Debug|x64
		{E5A08144-3683-4EFA-AA3E-E4EAA68CDAEB}.Debug|x86.ActiveCfg = Debug|Any CPU
		{E5A08144-3683-4EFA-AA3E-E4EAA68CDAEB}.Debug|x86.Build.0 = Debug|Any CPU
		{E5A08144-3683-4EFA-AA3E-E4EAA68CDAEB}.Release|Any CPU.ActiveCfg = Release|Any CPU
		{E5A08144-3683-4EFA-AA3E-E4EAA68CDAEB}.Release|Any CPU.Build.0 = Release|Any CPU
		{E5A08144-3683-4EFA-AA3E-E4EAA68CDAEB}.Release|arm64.ActiveCfg = Release|Any CPU
		{E5A08144-3683-4EFA-AA3E-E4EAA68CDAEB}.Release|iPhone.ActiveCfg = Release|Any CPU
		{E5A08144-3683-4EFA-AA3E-E4EAA68CDAEB}.Release|iPhone.Build.0 = Release|Any CPU
		{E5A08144-3683-4EFA-AA3E-E4EAA68CDAEB}.Release|iPhoneSimulator.ActiveCfg = Release|Any CPU
		{E5A08144-3683-4EFA-AA3E-E4EAA68CDAEB}.Release|iPhoneSimulator.Build.0 = Release|Any CPU
		{E5A08144-3683-4EFA-AA3E-E4EAA68CDAEB}.Release|x64.ActiveCfg = Release|x64
		{E5A08144-3683-4EFA-AA3E-E4EAA68CDAEB}.Release|x64.Build.0 = Release|x64
		{E5A08144-3683-4EFA-AA3E-E4EAA68CDAEB}.Release|x86.ActiveCfg = Release|Any CPU
		{E5A08144-3683-4EFA-AA3E-E4EAA68CDAEB}.Release|x86.Build.0 = Release|Any CPU
		{7ACBD23C-B927-4D7F-A4F2-D907DAC0974E}.Debug|Any CPU.ActiveCfg = Debug|Any CPU
		{7ACBD23C-B927-4D7F-A4F2-D907DAC0974E}.Debug|Any CPU.Build.0 = Debug|Any CPU
		{7ACBD23C-B927-4D7F-A4F2-D907DAC0974E}.Debug|arm64.ActiveCfg = Debug|Any CPU
		{7ACBD23C-B927-4D7F-A4F2-D907DAC0974E}.Debug|iPhone.ActiveCfg = Debug|Any CPU
		{7ACBD23C-B927-4D7F-A4F2-D907DAC0974E}.Debug|iPhone.Build.0 = Debug|Any CPU
		{7ACBD23C-B927-4D7F-A4F2-D907DAC0974E}.Debug|iPhoneSimulator.ActiveCfg = Debug|Any CPU
		{7ACBD23C-B927-4D7F-A4F2-D907DAC0974E}.Debug|iPhoneSimulator.Build.0 = Debug|Any CPU
		{7ACBD23C-B927-4D7F-A4F2-D907DAC0974E}.Debug|x64.ActiveCfg = Debug|x64
		{7ACBD23C-B927-4D7F-A4F2-D907DAC0974E}.Debug|x64.Build.0 = Debug|x64
		{7ACBD23C-B927-4D7F-A4F2-D907DAC0974E}.Debug|x86.ActiveCfg = Debug|Any CPU
		{7ACBD23C-B927-4D7F-A4F2-D907DAC0974E}.Debug|x86.Build.0 = Debug|Any CPU
		{7ACBD23C-B927-4D7F-A4F2-D907DAC0974E}.Release|Any CPU.ActiveCfg = Release|Any CPU
		{7ACBD23C-B927-4D7F-A4F2-D907DAC0974E}.Release|Any CPU.Build.0 = Release|Any CPU
		{7ACBD23C-B927-4D7F-A4F2-D907DAC0974E}.Release|arm64.ActiveCfg = Release|Any CPU
		{7ACBD23C-B927-4D7F-A4F2-D907DAC0974E}.Release|iPhone.ActiveCfg = Release|Any CPU
		{7ACBD23C-B927-4D7F-A4F2-D907DAC0974E}.Release|iPhone.Build.0 = Release|Any CPU
		{7ACBD23C-B927-4D7F-A4F2-D907DAC0974E}.Release|iPhoneSimulator.ActiveCfg = Release|Any CPU
		{7ACBD23C-B927-4D7F-A4F2-D907DAC0974E}.Release|iPhoneSimulator.Build.0 = Release|Any CPU
		{7ACBD23C-B927-4D7F-A4F2-D907DAC0974E}.Release|x64.ActiveCfg = Release|x64
		{7ACBD23C-B927-4D7F-A4F2-D907DAC0974E}.Release|x64.Build.0 = Release|x64
		{7ACBD23C-B927-4D7F-A4F2-D907DAC0974E}.Release|x86.ActiveCfg = Release|Any CPU
		{7ACBD23C-B927-4D7F-A4F2-D907DAC0974E}.Release|x86.Build.0 = Release|Any CPU
		{49369193-B79A-4EC9-9CCD-989E387A075B}.Debug|Any CPU.ActiveCfg = Debug|Any CPU
		{49369193-B79A-4EC9-9CCD-989E387A075B}.Debug|Any CPU.Build.0 = Debug|Any CPU
		{49369193-B79A-4EC9-9CCD-989E387A075B}.Debug|arm64.ActiveCfg = Debug|Any CPU
		{49369193-B79A-4EC9-9CCD-989E387A075B}.Debug|arm64.Build.0 = Debug|Any CPU
		{49369193-B79A-4EC9-9CCD-989E387A075B}.Debug|iPhone.ActiveCfg = Debug|Any CPU
		{49369193-B79A-4EC9-9CCD-989E387A075B}.Debug|iPhone.Build.0 = Debug|Any CPU
		{49369193-B79A-4EC9-9CCD-989E387A075B}.Debug|iPhoneSimulator.ActiveCfg = Debug|Any CPU
		{49369193-B79A-4EC9-9CCD-989E387A075B}.Debug|iPhoneSimulator.Build.0 = Debug|Any CPU
		{49369193-B79A-4EC9-9CCD-989E387A075B}.Debug|x64.ActiveCfg = Debug|x64
		{49369193-B79A-4EC9-9CCD-989E387A075B}.Debug|x64.Build.0 = Debug|x64
		{49369193-B79A-4EC9-9CCD-989E387A075B}.Debug|x86.ActiveCfg = Debug|Any CPU
		{49369193-B79A-4EC9-9CCD-989E387A075B}.Debug|x86.Build.0 = Debug|Any CPU
		{49369193-B79A-4EC9-9CCD-989E387A075B}.Release|Any CPU.ActiveCfg = Release|Any CPU
		{49369193-B79A-4EC9-9CCD-989E387A075B}.Release|Any CPU.Build.0 = Release|Any CPU
		{49369193-B79A-4EC9-9CCD-989E387A075B}.Release|arm64.ActiveCfg = Release|Any CPU
		{49369193-B79A-4EC9-9CCD-989E387A075B}.Release|arm64.Build.0 = Release|Any CPU
		{49369193-B79A-4EC9-9CCD-989E387A075B}.Release|iPhone.ActiveCfg = Release|Any CPU
		{49369193-B79A-4EC9-9CCD-989E387A075B}.Release|iPhone.Build.0 = Release|Any CPU
		{49369193-B79A-4EC9-9CCD-989E387A075B}.Release|iPhoneSimulator.ActiveCfg = Release|Any CPU
		{49369193-B79A-4EC9-9CCD-989E387A075B}.Release|iPhoneSimulator.Build.0 = Release|Any CPU
		{49369193-B79A-4EC9-9CCD-989E387A075B}.Release|x64.ActiveCfg = Release|x64
		{49369193-B79A-4EC9-9CCD-989E387A075B}.Release|x64.Build.0 = Release|x64
		{49369193-B79A-4EC9-9CCD-989E387A075B}.Release|x86.ActiveCfg = Release|Any CPU
		{49369193-B79A-4EC9-9CCD-989E387A075B}.Release|x86.Build.0 = Release|Any CPU
		{7C7B4C57-933C-402F-9CC4-9E65994A9A74}.Debug|Any CPU.ActiveCfg = Debug|Any CPU
		{7C7B4C57-933C-402F-9CC4-9E65994A9A74}.Debug|Any CPU.Build.0 = Debug|Any CPU
		{7C7B4C57-933C-402F-9CC4-9E65994A9A74}.Debug|arm64.ActiveCfg = Debug|Any CPU
		{7C7B4C57-933C-402F-9CC4-9E65994A9A74}.Debug|arm64.Build.0 = Debug|Any CPU
		{7C7B4C57-933C-402F-9CC4-9E65994A9A74}.Debug|iPhone.ActiveCfg = Debug|Any CPU
		{7C7B4C57-933C-402F-9CC4-9E65994A9A74}.Debug|iPhone.Build.0 = Debug|Any CPU
		{7C7B4C57-933C-402F-9CC4-9E65994A9A74}.Debug|iPhoneSimulator.ActiveCfg = Debug|Any CPU
		{7C7B4C57-933C-402F-9CC4-9E65994A9A74}.Debug|iPhoneSimulator.Build.0 = Debug|Any CPU
		{7C7B4C57-933C-402F-9CC4-9E65994A9A74}.Debug|x64.ActiveCfg = Debug|x64
		{7C7B4C57-933C-402F-9CC4-9E65994A9A74}.Debug|x64.Build.0 = Debug|x64
		{7C7B4C57-933C-402F-9CC4-9E65994A9A74}.Debug|x86.ActiveCfg = Debug|Any CPU
		{7C7B4C57-933C-402F-9CC4-9E65994A9A74}.Debug|x86.Build.0 = Debug|Any CPU
		{7C7B4C57-933C-402F-9CC4-9E65994A9A74}.Release|Any CPU.ActiveCfg = Release|Any CPU
		{7C7B4C57-933C-402F-9CC4-9E65994A9A74}.Release|Any CPU.Build.0 = Release|Any CPU
		{7C7B4C57-933C-402F-9CC4-9E65994A9A74}.Release|arm64.ActiveCfg = Release|Any CPU
		{7C7B4C57-933C-402F-9CC4-9E65994A9A74}.Release|arm64.Build.0 = Release|Any CPU
		{7C7B4C57-933C-402F-9CC4-9E65994A9A74}.Release|iPhone.ActiveCfg = Release|Any CPU
		{7C7B4C57-933C-402F-9CC4-9E65994A9A74}.Release|iPhone.Build.0 = Release|Any CPU
		{7C7B4C57-933C-402F-9CC4-9E65994A9A74}.Release|iPhoneSimulator.ActiveCfg = Release|Any CPU
		{7C7B4C57-933C-402F-9CC4-9E65994A9A74}.Release|iPhoneSimulator.Build.0 = Release|Any CPU
		{7C7B4C57-933C-402F-9CC4-9E65994A9A74}.Release|x64.ActiveCfg = Release|x64
		{7C7B4C57-933C-402F-9CC4-9E65994A9A74}.Release|x64.Build.0 = Release|x64
		{7C7B4C57-933C-402F-9CC4-9E65994A9A74}.Release|x86.ActiveCfg = Release|Any CPU
		{7C7B4C57-933C-402F-9CC4-9E65994A9A74}.Release|x86.Build.0 = Release|Any CPU
		{A8F4D4E8-939B-4E9B-AF5D-8A6CFFAA7019}.Debug|Any CPU.ActiveCfg = Debug|Any CPU
		{A8F4D4E8-939B-4E9B-AF5D-8A6CFFAA7019}.Debug|Any CPU.Build.0 = Debug|Any CPU
		{A8F4D4E8-939B-4E9B-AF5D-8A6CFFAA7019}.Debug|arm64.ActiveCfg = Debug|Any CPU
		{A8F4D4E8-939B-4E9B-AF5D-8A6CFFAA7019}.Debug|arm64.Build.0 = Debug|Any CPU
		{A8F4D4E8-939B-4E9B-AF5D-8A6CFFAA7019}.Debug|iPhone.ActiveCfg = Debug|Any CPU
		{A8F4D4E8-939B-4E9B-AF5D-8A6CFFAA7019}.Debug|iPhone.Build.0 = Debug|Any CPU
		{A8F4D4E8-939B-4E9B-AF5D-8A6CFFAA7019}.Debug|iPhoneSimulator.ActiveCfg = Debug|Any CPU
		{A8F4D4E8-939B-4E9B-AF5D-8A6CFFAA7019}.Debug|iPhoneSimulator.Build.0 = Debug|Any CPU
		{A8F4D4E8-939B-4E9B-AF5D-8A6CFFAA7019}.Debug|x64.ActiveCfg = Debug|x64
		{A8F4D4E8-939B-4E9B-AF5D-8A6CFFAA7019}.Debug|x64.Build.0 = Debug|x64
		{A8F4D4E8-939B-4E9B-AF5D-8A6CFFAA7019}.Debug|x86.ActiveCfg = Debug|Any CPU
		{A8F4D4E8-939B-4E9B-AF5D-8A6CFFAA7019}.Debug|x86.Build.0 = Debug|Any CPU
		{A8F4D4E8-939B-4E9B-AF5D-8A6CFFAA7019}.Release|Any CPU.ActiveCfg = Release|Any CPU
		{A8F4D4E8-939B-4E9B-AF5D-8A6CFFAA7019}.Release|Any CPU.Build.0 = Release|Any CPU
		{A8F4D4E8-939B-4E9B-AF5D-8A6CFFAA7019}.Release|arm64.ActiveCfg = Release|Any CPU
		{A8F4D4E8-939B-4E9B-AF5D-8A6CFFAA7019}.Release|arm64.Build.0 = Release|Any CPU
		{A8F4D4E8-939B-4E9B-AF5D-8A6CFFAA7019}.Release|iPhone.ActiveCfg = Release|Any CPU
		{A8F4D4E8-939B-4E9B-AF5D-8A6CFFAA7019}.Release|iPhone.Build.0 = Release|Any CPU
		{A8F4D4E8-939B-4E9B-AF5D-8A6CFFAA7019}.Release|iPhoneSimulator.ActiveCfg = Release|Any CPU
		{A8F4D4E8-939B-4E9B-AF5D-8A6CFFAA7019}.Release|iPhoneSimulator.Build.0 = Release|Any CPU
		{A8F4D4E8-939B-4E9B-AF5D-8A6CFFAA7019}.Release|x64.ActiveCfg = Release|x64
		{A8F4D4E8-939B-4E9B-AF5D-8A6CFFAA7019}.Release|x64.Build.0 = Release|x64
		{A8F4D4E8-939B-4E9B-AF5D-8A6CFFAA7019}.Release|x86.ActiveCfg = Release|Any CPU
		{A8F4D4E8-939B-4E9B-AF5D-8A6CFFAA7019}.Release|x86.Build.0 = Release|Any CPU
		{C0E27955-D7AE-4C3A-833E-E3E7DF75951B}.Debug|Any CPU.ActiveCfg = Debug|Any CPU
		{C0E27955-D7AE-4C3A-833E-E3E7DF75951B}.Debug|Any CPU.Build.0 = Debug|Any CPU
		{C0E27955-D7AE-4C3A-833E-E3E7DF75951B}.Debug|arm64.ActiveCfg = Debug|Any CPU
		{C0E27955-D7AE-4C3A-833E-E3E7DF75951B}.Debug|arm64.Build.0 = Debug|Any CPU
		{C0E27955-D7AE-4C3A-833E-E3E7DF75951B}.Debug|iPhone.ActiveCfg = Debug|Any CPU
		{C0E27955-D7AE-4C3A-833E-E3E7DF75951B}.Debug|iPhone.Build.0 = Debug|Any CPU
		{C0E27955-D7AE-4C3A-833E-E3E7DF75951B}.Debug|iPhoneSimulator.ActiveCfg = Debug|Any CPU
		{C0E27955-D7AE-4C3A-833E-E3E7DF75951B}.Debug|iPhoneSimulator.Build.0 = Debug|Any CPU
		{C0E27955-D7AE-4C3A-833E-E3E7DF75951B}.Debug|x64.ActiveCfg = Debug|x64
		{C0E27955-D7AE-4C3A-833E-E3E7DF75951B}.Debug|x64.Build.0 = Debug|x64
		{C0E27955-D7AE-4C3A-833E-E3E7DF75951B}.Debug|x86.ActiveCfg = Debug|Any CPU
		{C0E27955-D7AE-4C3A-833E-E3E7DF75951B}.Debug|x86.Build.0 = Debug|Any CPU
		{C0E27955-D7AE-4C3A-833E-E3E7DF75951B}.Release|Any CPU.ActiveCfg = Release|Any CPU
		{C0E27955-D7AE-4C3A-833E-E3E7DF75951B}.Release|Any CPU.Build.0 = Release|Any CPU
		{C0E27955-D7AE-4C3A-833E-E3E7DF75951B}.Release|arm64.ActiveCfg = Release|Any CPU
		{C0E27955-D7AE-4C3A-833E-E3E7DF75951B}.Release|arm64.Build.0 = Release|Any CPU
		{C0E27955-D7AE-4C3A-833E-E3E7DF75951B}.Release|iPhone.ActiveCfg = Release|Any CPU
		{C0E27955-D7AE-4C3A-833E-E3E7DF75951B}.Release|iPhone.Build.0 = Release|Any CPU
		{C0E27955-D7AE-4C3A-833E-E3E7DF75951B}.Release|iPhoneSimulator.ActiveCfg = Release|Any CPU
		{C0E27955-D7AE-4C3A-833E-E3E7DF75951B}.Release|iPhoneSimulator.Build.0 = Release|Any CPU
		{C0E27955-D7AE-4C3A-833E-E3E7DF75951B}.Release|x64.ActiveCfg = Release|x64
		{C0E27955-D7AE-4C3A-833E-E3E7DF75951B}.Release|x64.Build.0 = Release|x64
		{C0E27955-D7AE-4C3A-833E-E3E7DF75951B}.Release|x86.ActiveCfg = Release|Any CPU
		{C0E27955-D7AE-4C3A-833E-E3E7DF75951B}.Release|x86.Build.0 = Release|Any CPU
		{0D9C6FD7-9544-4E73-BA41-66E50CD5F859}.Debug|Any CPU.ActiveCfg = Debug|Any CPU
		{0D9C6FD7-9544-4E73-BA41-66E50CD5F859}.Debug|Any CPU.Build.0 = Debug|Any CPU
		{0D9C6FD7-9544-4E73-BA41-66E50CD5F859}.Debug|arm64.ActiveCfg = Debug|Any CPU
		{0D9C6FD7-9544-4E73-BA41-66E50CD5F859}.Debug|iPhone.ActiveCfg = Debug|Any CPU
		{0D9C6FD7-9544-4E73-BA41-66E50CD5F859}.Debug|iPhone.Build.0 = Debug|Any CPU
		{0D9C6FD7-9544-4E73-BA41-66E50CD5F859}.Debug|iPhoneSimulator.ActiveCfg = Debug|Any CPU
		{0D9C6FD7-9544-4E73-BA41-66E50CD5F859}.Debug|iPhoneSimulator.Build.0 = Debug|Any CPU
		{0D9C6FD7-9544-4E73-BA41-66E50CD5F859}.Debug|x64.ActiveCfg = Debug|Any CPU
		{0D9C6FD7-9544-4E73-BA41-66E50CD5F859}.Debug|x64.Build.0 = Debug|Any CPU
		{0D9C6FD7-9544-4E73-BA41-66E50CD5F859}.Debug|x86.ActiveCfg = Debug|Any CPU
		{0D9C6FD7-9544-4E73-BA41-66E50CD5F859}.Debug|x86.Build.0 = Debug|Any CPU
		{0D9C6FD7-9544-4E73-BA41-66E50CD5F859}.Release|Any CPU.ActiveCfg = Release|Any CPU
		{0D9C6FD7-9544-4E73-BA41-66E50CD5F859}.Release|Any CPU.Build.0 = Release|Any CPU
		{0D9C6FD7-9544-4E73-BA41-66E50CD5F859}.Release|arm64.ActiveCfg = Release|Any CPU
		{0D9C6FD7-9544-4E73-BA41-66E50CD5F859}.Release|iPhone.ActiveCfg = Release|Any CPU
		{0D9C6FD7-9544-4E73-BA41-66E50CD5F859}.Release|iPhone.Build.0 = Release|Any CPU
		{0D9C6FD7-9544-4E73-BA41-66E50CD5F859}.Release|iPhoneSimulator.ActiveCfg = Release|Any CPU
		{0D9C6FD7-9544-4E73-BA41-66E50CD5F859}.Release|iPhoneSimulator.Build.0 = Release|Any CPU
		{0D9C6FD7-9544-4E73-BA41-66E50CD5F859}.Release|x64.ActiveCfg = Release|Any CPU
		{0D9C6FD7-9544-4E73-BA41-66E50CD5F859}.Release|x64.Build.0 = Release|Any CPU
		{0D9C6FD7-9544-4E73-BA41-66E50CD5F859}.Release|x86.ActiveCfg = Release|Any CPU
		{0D9C6FD7-9544-4E73-BA41-66E50CD5F859}.Release|x86.Build.0 = Release|Any CPU
		{DF11E72B-18A0-4A1D-A517-B98438891BA9}.Debug|Any CPU.ActiveCfg = Debug|Any CPU
		{DF11E72B-18A0-4A1D-A517-B98438891BA9}.Debug|Any CPU.Build.0 = Debug|Any CPU
		{DF11E72B-18A0-4A1D-A517-B98438891BA9}.Debug|arm64.ActiveCfg = Debug|Any CPU
		{DF11E72B-18A0-4A1D-A517-B98438891BA9}.Debug|iPhone.ActiveCfg = Debug|Any CPU
		{DF11E72B-18A0-4A1D-A517-B98438891BA9}.Debug|iPhone.Build.0 = Debug|Any CPU
		{DF11E72B-18A0-4A1D-A517-B98438891BA9}.Debug|iPhoneSimulator.ActiveCfg = Debug|Any CPU
		{DF11E72B-18A0-4A1D-A517-B98438891BA9}.Debug|iPhoneSimulator.Build.0 = Debug|Any CPU
		{DF11E72B-18A0-4A1D-A517-B98438891BA9}.Debug|x64.ActiveCfg = Debug|Any CPU
		{DF11E72B-18A0-4A1D-A517-B98438891BA9}.Debug|x64.Build.0 = Debug|Any CPU
		{DF11E72B-18A0-4A1D-A517-B98438891BA9}.Debug|x86.ActiveCfg = Debug|Any CPU
		{DF11E72B-18A0-4A1D-A517-B98438891BA9}.Debug|x86.Build.0 = Debug|Any CPU
		{DF11E72B-18A0-4A1D-A517-B98438891BA9}.Release|Any CPU.ActiveCfg = Release|Any CPU
		{DF11E72B-18A0-4A1D-A517-B98438891BA9}.Release|Any CPU.Build.0 = Release|Any CPU
		{DF11E72B-18A0-4A1D-A517-B98438891BA9}.Release|arm64.ActiveCfg = Release|Any CPU
		{DF11E72B-18A0-4A1D-A517-B98438891BA9}.Release|iPhone.ActiveCfg = Release|Any CPU
		{DF11E72B-18A0-4A1D-A517-B98438891BA9}.Release|iPhone.Build.0 = Release|Any CPU
		{DF11E72B-18A0-4A1D-A517-B98438891BA9}.Release|iPhoneSimulator.ActiveCfg = Release|Any CPU
		{DF11E72B-18A0-4A1D-A517-B98438891BA9}.Release|iPhoneSimulator.Build.0 = Release|Any CPU
		{DF11E72B-18A0-4A1D-A517-B98438891BA9}.Release|x64.ActiveCfg = Release|Any CPU
		{DF11E72B-18A0-4A1D-A517-B98438891BA9}.Release|x64.Build.0 = Release|Any CPU
		{DF11E72B-18A0-4A1D-A517-B98438891BA9}.Release|x86.ActiveCfg = Release|Any CPU
		{DF11E72B-18A0-4A1D-A517-B98438891BA9}.Release|x86.Build.0 = Release|Any CPU
		{CAA0E035-6544-46FA-B3B5-75079B936086}.Debug|Any CPU.ActiveCfg = Debug|Any CPU
		{CAA0E035-6544-46FA-B3B5-75079B936086}.Debug|Any CPU.Build.0 = Debug|Any CPU
		{CAA0E035-6544-46FA-B3B5-75079B936086}.Debug|arm64.ActiveCfg = Debug|Any CPU
		{CAA0E035-6544-46FA-B3B5-75079B936086}.Debug|iPhone.ActiveCfg = Debug|Any CPU
		{CAA0E035-6544-46FA-B3B5-75079B936086}.Debug|iPhone.Build.0 = Debug|Any CPU
		{CAA0E035-6544-46FA-B3B5-75079B936086}.Debug|iPhoneSimulator.ActiveCfg = Debug|Any CPU
		{CAA0E035-6544-46FA-B3B5-75079B936086}.Debug|iPhoneSimulator.Build.0 = Debug|Any CPU
		{CAA0E035-6544-46FA-B3B5-75079B936086}.Debug|x64.ActiveCfg = Debug|Any CPU
		{CAA0E035-6544-46FA-B3B5-75079B936086}.Debug|x64.Build.0 = Debug|Any CPU
		{CAA0E035-6544-46FA-B3B5-75079B936086}.Debug|x86.ActiveCfg = Debug|Any CPU
		{CAA0E035-6544-46FA-B3B5-75079B936086}.Debug|x86.Build.0 = Debug|Any CPU
		{CAA0E035-6544-46FA-B3B5-75079B936086}.Release|Any CPU.ActiveCfg = Release|Any CPU
		{CAA0E035-6544-46FA-B3B5-75079B936086}.Release|Any CPU.Build.0 = Release|Any CPU
		{CAA0E035-6544-46FA-B3B5-75079B936086}.Release|arm64.ActiveCfg = Release|Any CPU
		{CAA0E035-6544-46FA-B3B5-75079B936086}.Release|iPhone.ActiveCfg = Release|Any CPU
		{CAA0E035-6544-46FA-B3B5-75079B936086}.Release|iPhone.Build.0 = Release|Any CPU
		{CAA0E035-6544-46FA-B3B5-75079B936086}.Release|iPhoneSimulator.ActiveCfg = Release|Any CPU
		{CAA0E035-6544-46FA-B3B5-75079B936086}.Release|iPhoneSimulator.Build.0 = Release|Any CPU
		{CAA0E035-6544-46FA-B3B5-75079B936086}.Release|x64.ActiveCfg = Release|Any CPU
		{CAA0E035-6544-46FA-B3B5-75079B936086}.Release|x64.Build.0 = Release|Any CPU
		{CAA0E035-6544-46FA-B3B5-75079B936086}.Release|x86.ActiveCfg = Release|Any CPU
		{CAA0E035-6544-46FA-B3B5-75079B936086}.Release|x86.Build.0 = Release|Any CPU
		{7A49F229-F5CA-4E6F-BF51-D7142993D4F0}.Debug|Any CPU.ActiveCfg = Debug|Any CPU
		{7A49F229-F5CA-4E6F-BF51-D7142993D4F0}.Debug|Any CPU.Build.0 = Debug|Any CPU
		{7A49F229-F5CA-4E6F-BF51-D7142993D4F0}.Debug|arm64.ActiveCfg = Debug|Any CPU
		{7A49F229-F5CA-4E6F-BF51-D7142993D4F0}.Debug|iPhone.ActiveCfg = Debug|Any CPU
		{7A49F229-F5CA-4E6F-BF51-D7142993D4F0}.Debug|iPhone.Build.0 = Debug|Any CPU
		{7A49F229-F5CA-4E6F-BF51-D7142993D4F0}.Debug|iPhoneSimulator.ActiveCfg = Debug|Any CPU
		{7A49F229-F5CA-4E6F-BF51-D7142993D4F0}.Debug|iPhoneSimulator.Build.0 = Debug|Any CPU
		{7A49F229-F5CA-4E6F-BF51-D7142993D4F0}.Debug|x64.ActiveCfg = Debug|Any CPU
		{7A49F229-F5CA-4E6F-BF51-D7142993D4F0}.Debug|x64.Build.0 = Debug|Any CPU
		{7A49F229-F5CA-4E6F-BF51-D7142993D4F0}.Debug|x86.ActiveCfg = Debug|Any CPU
		{7A49F229-F5CA-4E6F-BF51-D7142993D4F0}.Debug|x86.Build.0 = Debug|Any CPU
		{7A49F229-F5CA-4E6F-BF51-D7142993D4F0}.Release|Any CPU.ActiveCfg = Release|Any CPU
		{7A49F229-F5CA-4E6F-BF51-D7142993D4F0}.Release|Any CPU.Build.0 = Release|Any CPU
		{7A49F229-F5CA-4E6F-BF51-D7142993D4F0}.Release|arm64.ActiveCfg = Release|Any CPU
		{7A49F229-F5CA-4E6F-BF51-D7142993D4F0}.Release|iPhone.ActiveCfg = Release|Any CPU
		{7A49F229-F5CA-4E6F-BF51-D7142993D4F0}.Release|iPhone.Build.0 = Release|Any CPU
		{7A49F229-F5CA-4E6F-BF51-D7142993D4F0}.Release|iPhoneSimulator.ActiveCfg = Release|Any CPU
		{7A49F229-F5CA-4E6F-BF51-D7142993D4F0}.Release|iPhoneSimulator.Build.0 = Release|Any CPU
		{7A49F229-F5CA-4E6F-BF51-D7142993D4F0}.Release|x64.ActiveCfg = Release|Any CPU
		{7A49F229-F5CA-4E6F-BF51-D7142993D4F0}.Release|x64.Build.0 = Release|Any CPU
		{7A49F229-F5CA-4E6F-BF51-D7142993D4F0}.Release|x86.ActiveCfg = Release|Any CPU
		{7A49F229-F5CA-4E6F-BF51-D7142993D4F0}.Release|x86.Build.0 = Release|Any CPU
		{0428A2CD-5AAB-44FB-8DD0-EE00BEDB45E7}.Debug|Any CPU.ActiveCfg = Debug|Any CPU
		{0428A2CD-5AAB-44FB-8DD0-EE00BEDB45E7}.Debug|Any CPU.Build.0 = Debug|Any CPU
		{0428A2CD-5AAB-44FB-8DD0-EE00BEDB45E7}.Debug|Any CPU.Deploy.0 = Debug|Any CPU
		{0428A2CD-5AAB-44FB-8DD0-EE00BEDB45E7}.Debug|arm64.ActiveCfg = Debug|Any CPU
		{0428A2CD-5AAB-44FB-8DD0-EE00BEDB45E7}.Debug|iPhone.ActiveCfg = Debug|Any CPU
		{0428A2CD-5AAB-44FB-8DD0-EE00BEDB45E7}.Debug|iPhone.Build.0 = Debug|Any CPU
		{0428A2CD-5AAB-44FB-8DD0-EE00BEDB45E7}.Debug|iPhone.Deploy.0 = Debug|Any CPU
		{0428A2CD-5AAB-44FB-8DD0-EE00BEDB45E7}.Debug|iPhoneSimulator.ActiveCfg = Debug|Any CPU
		{0428A2CD-5AAB-44FB-8DD0-EE00BEDB45E7}.Debug|iPhoneSimulator.Build.0 = Debug|Any CPU
		{0428A2CD-5AAB-44FB-8DD0-EE00BEDB45E7}.Debug|iPhoneSimulator.Deploy.0 = Debug|Any CPU
		{0428A2CD-5AAB-44FB-8DD0-EE00BEDB45E7}.Debug|x64.ActiveCfg = Debug|Any CPU
		{0428A2CD-5AAB-44FB-8DD0-EE00BEDB45E7}.Debug|x64.Build.0 = Debug|Any CPU
		{0428A2CD-5AAB-44FB-8DD0-EE00BEDB45E7}.Debug|x64.Deploy.0 = Debug|Any CPU
		{0428A2CD-5AAB-44FB-8DD0-EE00BEDB45E7}.Debug|x86.ActiveCfg = Debug|Any CPU
		{0428A2CD-5AAB-44FB-8DD0-EE00BEDB45E7}.Debug|x86.Build.0 = Debug|Any CPU
		{0428A2CD-5AAB-44FB-8DD0-EE00BEDB45E7}.Debug|x86.Deploy.0 = Debug|Any CPU
		{0428A2CD-5AAB-44FB-8DD0-EE00BEDB45E7}.Release|Any CPU.ActiveCfg = Release|Any CPU
		{0428A2CD-5AAB-44FB-8DD0-EE00BEDB45E7}.Release|Any CPU.Build.0 = Release|Any CPU
		{0428A2CD-5AAB-44FB-8DD0-EE00BEDB45E7}.Release|Any CPU.Deploy.0 = Release|Any CPU
		{0428A2CD-5AAB-44FB-8DD0-EE00BEDB45E7}.Release|arm64.ActiveCfg = Release|Any CPU
		{0428A2CD-5AAB-44FB-8DD0-EE00BEDB45E7}.Release|iPhone.ActiveCfg = Release|Any CPU
		{0428A2CD-5AAB-44FB-8DD0-EE00BEDB45E7}.Release|iPhone.Build.0 = Release|Any CPU
		{0428A2CD-5AAB-44FB-8DD0-EE00BEDB45E7}.Release|iPhone.Deploy.0 = Release|Any CPU
		{0428A2CD-5AAB-44FB-8DD0-EE00BEDB45E7}.Release|iPhoneSimulator.ActiveCfg = Release|Any CPU
		{0428A2CD-5AAB-44FB-8DD0-EE00BEDB45E7}.Release|iPhoneSimulator.Build.0 = Release|Any CPU
		{0428A2CD-5AAB-44FB-8DD0-EE00BEDB45E7}.Release|iPhoneSimulator.Deploy.0 = Release|Any CPU
		{0428A2CD-5AAB-44FB-8DD0-EE00BEDB45E7}.Release|x64.ActiveCfg = Release|Any CPU
		{0428A2CD-5AAB-44FB-8DD0-EE00BEDB45E7}.Release|x64.Build.0 = Release|Any CPU
		{0428A2CD-5AAB-44FB-8DD0-EE00BEDB45E7}.Release|x64.Deploy.0 = Release|Any CPU
		{0428A2CD-5AAB-44FB-8DD0-EE00BEDB45E7}.Release|x86.ActiveCfg = Release|Any CPU
		{0428A2CD-5AAB-44FB-8DD0-EE00BEDB45E7}.Release|x86.Build.0 = Release|Any CPU
		{0428A2CD-5AAB-44FB-8DD0-EE00BEDB45E7}.Release|x86.Deploy.0 = Release|Any CPU
		{25E61D41-BF74-451E-B2C1-47365946A3C8}.Debug|Any CPU.ActiveCfg = Debug|iPhoneSimulator
		{25E61D41-BF74-451E-B2C1-47365946A3C8}.Debug|Any CPU.Build.0 = Debug|iPhoneSimulator
		{25E61D41-BF74-451E-B2C1-47365946A3C8}.Debug|arm64.ActiveCfg = Debug|iPhone
		{25E61D41-BF74-451E-B2C1-47365946A3C8}.Debug|iPhone.ActiveCfg = Debug|iPhone
		{25E61D41-BF74-451E-B2C1-47365946A3C8}.Debug|iPhone.Build.0 = Debug|iPhone
		{25E61D41-BF74-451E-B2C1-47365946A3C8}.Debug|iPhoneSimulator.ActiveCfg = Debug|iPhoneSimulator
		{25E61D41-BF74-451E-B2C1-47365946A3C8}.Debug|iPhoneSimulator.Build.0 = Debug|iPhoneSimulator
		{25E61D41-BF74-451E-B2C1-47365946A3C8}.Debug|x64.ActiveCfg = Debug|iPhoneSimulator
		{25E61D41-BF74-451E-B2C1-47365946A3C8}.Debug|x64.Build.0 = Debug|iPhoneSimulator
		{25E61D41-BF74-451E-B2C1-47365946A3C8}.Debug|x86.ActiveCfg = Debug|iPhoneSimulator
		{25E61D41-BF74-451E-B2C1-47365946A3C8}.Debug|x86.Build.0 = Debug|iPhoneSimulator
		{25E61D41-BF74-451E-B2C1-47365946A3C8}.Release|Any CPU.ActiveCfg = Release|iPhoneSimulator
		{25E61D41-BF74-451E-B2C1-47365946A3C8}.Release|Any CPU.Build.0 = Release|iPhoneSimulator
		{25E61D41-BF74-451E-B2C1-47365946A3C8}.Release|arm64.ActiveCfg = Release|iPhone
		{25E61D41-BF74-451E-B2C1-47365946A3C8}.Release|iPhone.ActiveCfg = Release|iPhone
		{25E61D41-BF74-451E-B2C1-47365946A3C8}.Release|iPhone.Build.0 = Release|iPhone
		{25E61D41-BF74-451E-B2C1-47365946A3C8}.Release|iPhoneSimulator.ActiveCfg = Release|iPhoneSimulator
		{25E61D41-BF74-451E-B2C1-47365946A3C8}.Release|iPhoneSimulator.Build.0 = Release|iPhoneSimulator
		{25E61D41-BF74-451E-B2C1-47365946A3C8}.Release|x64.ActiveCfg = Release|iPhoneSimulator
		{25E61D41-BF74-451E-B2C1-47365946A3C8}.Release|x64.Build.0 = Release|iPhoneSimulator
		{25E61D41-BF74-451E-B2C1-47365946A3C8}.Release|x86.ActiveCfg = Release|iPhoneSimulator
		{25E61D41-BF74-451E-B2C1-47365946A3C8}.Release|x86.Build.0 = Release|iPhoneSimulator
		{EF9EC3F5-0199-40E8-A9E5-7E5A7821B6A7}.Debug|Any CPU.ActiveCfg = Debug|Any CPU
		{EF9EC3F5-0199-40E8-A9E5-7E5A7821B6A7}.Debug|Any CPU.Build.0 = Debug|Any CPU
		{EF9EC3F5-0199-40E8-A9E5-7E5A7821B6A7}.Debug|arm64.ActiveCfg = Debug|Any CPU
		{EF9EC3F5-0199-40E8-A9E5-7E5A7821B6A7}.Debug|arm64.Build.0 = Debug|Any CPU
		{EF9EC3F5-0199-40E8-A9E5-7E5A7821B6A7}.Debug|iPhone.ActiveCfg = Debug|Any CPU
		{EF9EC3F5-0199-40E8-A9E5-7E5A7821B6A7}.Debug|iPhone.Build.0 = Debug|Any CPU
		{EF9EC3F5-0199-40E8-A9E5-7E5A7821B6A7}.Debug|iPhoneSimulator.ActiveCfg = Debug|Any CPU
		{EF9EC3F5-0199-40E8-A9E5-7E5A7821B6A7}.Debug|iPhoneSimulator.Build.0 = Debug|Any CPU
		{EF9EC3F5-0199-40E8-A9E5-7E5A7821B6A7}.Debug|x64.ActiveCfg = Debug|x64
		{EF9EC3F5-0199-40E8-A9E5-7E5A7821B6A7}.Debug|x64.Build.0 = Debug|x64
		{EF9EC3F5-0199-40E8-A9E5-7E5A7821B6A7}.Debug|x86.ActiveCfg = Debug|x86
		{EF9EC3F5-0199-40E8-A9E5-7E5A7821B6A7}.Debug|x86.Build.0 = Debug|x86
		{EF9EC3F5-0199-40E8-A9E5-7E5A7821B6A7}.Release|Any CPU.ActiveCfg = Release|Any CPU
		{EF9EC3F5-0199-40E8-A9E5-7E5A7821B6A7}.Release|Any CPU.Build.0 = Release|Any CPU
		{EF9EC3F5-0199-40E8-A9E5-7E5A7821B6A7}.Release|arm64.ActiveCfg = Release|Any CPU
		{EF9EC3F5-0199-40E8-A9E5-7E5A7821B6A7}.Release|arm64.Build.0 = Release|Any CPU
		{EF9EC3F5-0199-40E8-A9E5-7E5A7821B6A7}.Release|iPhone.ActiveCfg = Release|Any CPU
		{EF9EC3F5-0199-40E8-A9E5-7E5A7821B6A7}.Release|iPhone.Build.0 = Release|Any CPU
		{EF9EC3F5-0199-40E8-A9E5-7E5A7821B6A7}.Release|iPhoneSimulator.ActiveCfg = Release|Any CPU
		{EF9EC3F5-0199-40E8-A9E5-7E5A7821B6A7}.Release|iPhoneSimulator.Build.0 = Release|Any CPU
		{EF9EC3F5-0199-40E8-A9E5-7E5A7821B6A7}.Release|x64.ActiveCfg = Release|x64
		{EF9EC3F5-0199-40E8-A9E5-7E5A7821B6A7}.Release|x64.Build.0 = Release|x64
		{EF9EC3F5-0199-40E8-A9E5-7E5A7821B6A7}.Release|x86.ActiveCfg = Release|x86
		{EF9EC3F5-0199-40E8-A9E5-7E5A7821B6A7}.Release|x86.Build.0 = Release|x86
		{57EF3D55-98E8-46FA-8D71-64EC147BD5BB}.Debug|Any CPU.ActiveCfg = Debug|Any CPU
		{57EF3D55-98E8-46FA-8D71-64EC147BD5BB}.Debug|Any CPU.Build.0 = Debug|Any CPU
		{57EF3D55-98E8-46FA-8D71-64EC147BD5BB}.Debug|arm64.ActiveCfg = Debug|Any CPU
		{57EF3D55-98E8-46FA-8D71-64EC147BD5BB}.Debug|arm64.Build.0 = Debug|Any CPU
		{57EF3D55-98E8-46FA-8D71-64EC147BD5BB}.Debug|iPhone.ActiveCfg = Debug|Any CPU
		{57EF3D55-98E8-46FA-8D71-64EC147BD5BB}.Debug|iPhone.Build.0 = Debug|Any CPU
		{57EF3D55-98E8-46FA-8D71-64EC147BD5BB}.Debug|iPhoneSimulator.ActiveCfg = Debug|Any CPU
		{57EF3D55-98E8-46FA-8D71-64EC147BD5BB}.Debug|iPhoneSimulator.Build.0 = Debug|Any CPU
		{57EF3D55-98E8-46FA-8D71-64EC147BD5BB}.Debug|x64.ActiveCfg = Debug|x64
		{57EF3D55-98E8-46FA-8D71-64EC147BD5BB}.Debug|x64.Build.0 = Debug|x64
		{57EF3D55-98E8-46FA-8D71-64EC147BD5BB}.Debug|x86.ActiveCfg = Debug|Any CPU
		{57EF3D55-98E8-46FA-8D71-64EC147BD5BB}.Debug|x86.Build.0 = Debug|Any CPU
		{57EF3D55-98E8-46FA-8D71-64EC147BD5BB}.Release|Any CPU.ActiveCfg = Release|Any CPU
		{57EF3D55-98E8-46FA-8D71-64EC147BD5BB}.Release|Any CPU.Build.0 = Release|Any CPU
		{57EF3D55-98E8-46FA-8D71-64EC147BD5BB}.Release|arm64.ActiveCfg = Release|Any CPU
		{57EF3D55-98E8-46FA-8D71-64EC147BD5BB}.Release|arm64.Build.0 = Release|Any CPU
		{57EF3D55-98E8-46FA-8D71-64EC147BD5BB}.Release|iPhone.ActiveCfg = Release|Any CPU
		{57EF3D55-98E8-46FA-8D71-64EC147BD5BB}.Release|iPhone.Build.0 = Release|Any CPU
		{57EF3D55-98E8-46FA-8D71-64EC147BD5BB}.Release|iPhoneSimulator.ActiveCfg = Release|Any CPU
		{57EF3D55-98E8-46FA-8D71-64EC147BD5BB}.Release|iPhoneSimulator.Build.0 = Release|Any CPU
		{57EF3D55-98E8-46FA-8D71-64EC147BD5BB}.Release|x64.ActiveCfg = Release|x64
		{57EF3D55-98E8-46FA-8D71-64EC147BD5BB}.Release|x64.Build.0 = Release|x64
		{57EF3D55-98E8-46FA-8D71-64EC147BD5BB}.Release|x86.ActiveCfg = Release|Any CPU
		{57EF3D55-98E8-46FA-8D71-64EC147BD5BB}.Release|x86.Build.0 = Release|Any CPU
		{076760FE-6FB7-4835-B658-C1B01D16882A}.Debug|Any CPU.ActiveCfg = Debug|Any CPU
		{076760FE-6FB7-4835-B658-C1B01D16882A}.Debug|Any CPU.Build.0 = Debug|Any CPU
		{076760FE-6FB7-4835-B658-C1B01D16882A}.Debug|arm64.ActiveCfg = Debug|Any CPU
		{076760FE-6FB7-4835-B658-C1B01D16882A}.Debug|arm64.Build.0 = Debug|Any CPU
		{076760FE-6FB7-4835-B658-C1B01D16882A}.Debug|iPhone.ActiveCfg = Debug|Any CPU
		{076760FE-6FB7-4835-B658-C1B01D16882A}.Debug|iPhone.Build.0 = Debug|Any CPU
		{076760FE-6FB7-4835-B658-C1B01D16882A}.Debug|iPhoneSimulator.ActiveCfg = Debug|Any CPU
		{076760FE-6FB7-4835-B658-C1B01D16882A}.Debug|iPhoneSimulator.Build.0 = Debug|Any CPU
		{076760FE-6FB7-4835-B658-C1B01D16882A}.Debug|x64.ActiveCfg = Debug|Any CPU
		{076760FE-6FB7-4835-B658-C1B01D16882A}.Debug|x64.Build.0 = Debug|Any CPU
		{076760FE-6FB7-4835-B658-C1B01D16882A}.Debug|x86.ActiveCfg = Debug|Any CPU
		{076760FE-6FB7-4835-B658-C1B01D16882A}.Debug|x86.Build.0 = Debug|Any CPU
		{076760FE-6FB7-4835-B658-C1B01D16882A}.Release|Any CPU.ActiveCfg = Release|Any CPU
		{076760FE-6FB7-4835-B658-C1B01D16882A}.Release|Any CPU.Build.0 = Release|Any CPU
		{076760FE-6FB7-4835-B658-C1B01D16882A}.Release|arm64.ActiveCfg = Release|Any CPU
		{076760FE-6FB7-4835-B658-C1B01D16882A}.Release|arm64.Build.0 = Release|Any CPU
		{076760FE-6FB7-4835-B658-C1B01D16882A}.Release|iPhone.ActiveCfg = Release|Any CPU
		{076760FE-6FB7-4835-B658-C1B01D16882A}.Release|iPhone.Build.0 = Release|Any CPU
		{076760FE-6FB7-4835-B658-C1B01D16882A}.Release|iPhoneSimulator.ActiveCfg = Release|Any CPU
		{076760FE-6FB7-4835-B658-C1B01D16882A}.Release|iPhoneSimulator.Build.0 = Release|Any CPU
		{076760FE-6FB7-4835-B658-C1B01D16882A}.Release|x64.ActiveCfg = Release|Any CPU
		{076760FE-6FB7-4835-B658-C1B01D16882A}.Release|x64.Build.0 = Release|Any CPU
		{076760FE-6FB7-4835-B658-C1B01D16882A}.Release|x86.ActiveCfg = Release|Any CPU
		{076760FE-6FB7-4835-B658-C1B01D16882A}.Release|x86.Build.0 = Release|Any CPU
		{C9DBDFEF-58B0-4BD4-B0A6-6D66E28DFF5A}.Debug|Any CPU.ActiveCfg = Debug|Any CPU
		{C9DBDFEF-58B0-4BD4-B0A6-6D66E28DFF5A}.Debug|Any CPU.Build.0 = Debug|Any CPU
		{C9DBDFEF-58B0-4BD4-B0A6-6D66E28DFF5A}.Debug|arm64.ActiveCfg = Debug|Any CPU
		{C9DBDFEF-58B0-4BD4-B0A6-6D66E28DFF5A}.Debug|arm64.Build.0 = Debug|Any CPU
		{C9DBDFEF-58B0-4BD4-B0A6-6D66E28DFF5A}.Debug|iPhone.ActiveCfg = Debug|Any CPU
		{C9DBDFEF-58B0-4BD4-B0A6-6D66E28DFF5A}.Debug|iPhone.Build.0 = Debug|Any CPU
		{C9DBDFEF-58B0-4BD4-B0A6-6D66E28DFF5A}.Debug|iPhoneSimulator.ActiveCfg = Debug|Any CPU
		{C9DBDFEF-58B0-4BD4-B0A6-6D66E28DFF5A}.Debug|iPhoneSimulator.Build.0 = Debug|Any CPU
		{C9DBDFEF-58B0-4BD4-B0A6-6D66E28DFF5A}.Debug|x64.ActiveCfg = Debug|Any CPU
		{C9DBDFEF-58B0-4BD4-B0A6-6D66E28DFF5A}.Debug|x64.Build.0 = Debug|Any CPU
		{C9DBDFEF-58B0-4BD4-B0A6-6D66E28DFF5A}.Debug|x86.ActiveCfg = Debug|Any CPU
		{C9DBDFEF-58B0-4BD4-B0A6-6D66E28DFF5A}.Debug|x86.Build.0 = Debug|Any CPU
		{C9DBDFEF-58B0-4BD4-B0A6-6D66E28DFF5A}.Release|Any CPU.ActiveCfg = Release|Any CPU
		{C9DBDFEF-58B0-4BD4-B0A6-6D66E28DFF5A}.Release|Any CPU.Build.0 = Release|Any CPU
		{C9DBDFEF-58B0-4BD4-B0A6-6D66E28DFF5A}.Release|arm64.ActiveCfg = Release|Any CPU
		{C9DBDFEF-58B0-4BD4-B0A6-6D66E28DFF5A}.Release|arm64.Build.0 = Release|Any CPU
		{C9DBDFEF-58B0-4BD4-B0A6-6D66E28DFF5A}.Release|iPhone.ActiveCfg = Release|Any CPU
		{C9DBDFEF-58B0-4BD4-B0A6-6D66E28DFF5A}.Release|iPhone.Build.0 = Release|Any CPU
		{C9DBDFEF-58B0-4BD4-B0A6-6D66E28DFF5A}.Release|iPhoneSimulator.ActiveCfg = Release|Any CPU
		{C9DBDFEF-58B0-4BD4-B0A6-6D66E28DFF5A}.Release|iPhoneSimulator.Build.0 = Release|Any CPU
		{C9DBDFEF-58B0-4BD4-B0A6-6D66E28DFF5A}.Release|x64.ActiveCfg = Release|Any CPU
		{C9DBDFEF-58B0-4BD4-B0A6-6D66E28DFF5A}.Release|x64.Build.0 = Release|Any CPU
		{C9DBDFEF-58B0-4BD4-B0A6-6D66E28DFF5A}.Release|x86.ActiveCfg = Release|Any CPU
		{C9DBDFEF-58B0-4BD4-B0A6-6D66E28DFF5A}.Release|x86.Build.0 = Release|Any CPU
		{48FD8A75-02C8-4AF9-8C3B-F5F5EA5CB881}.Debug|Any CPU.ActiveCfg = Debug|Any CPU
		{48FD8A75-02C8-4AF9-8C3B-F5F5EA5CB881}.Debug|Any CPU.Build.0 = Debug|Any CPU
		{48FD8A75-02C8-4AF9-8C3B-F5F5EA5CB881}.Debug|arm64.ActiveCfg = Debug|Any CPU
		{48FD8A75-02C8-4AF9-8C3B-F5F5EA5CB881}.Debug|arm64.Build.0 = Debug|Any CPU
		{48FD8A75-02C8-4AF9-8C3B-F5F5EA5CB881}.Debug|iPhone.ActiveCfg = Debug|Any CPU
		{48FD8A75-02C8-4AF9-8C3B-F5F5EA5CB881}.Debug|iPhone.Build.0 = Debug|Any CPU
		{48FD8A75-02C8-4AF9-8C3B-F5F5EA5CB881}.Debug|iPhoneSimulator.ActiveCfg = Debug|Any CPU
		{48FD8A75-02C8-4AF9-8C3B-F5F5EA5CB881}.Debug|iPhoneSimulator.Build.0 = Debug|Any CPU
		{48FD8A75-02C8-4AF9-8C3B-F5F5EA5CB881}.Debug|x64.ActiveCfg = Debug|x64
		{48FD8A75-02C8-4AF9-8C3B-F5F5EA5CB881}.Debug|x64.Build.0 = Debug|x64
		{48FD8A75-02C8-4AF9-8C3B-F5F5EA5CB881}.Debug|x86.ActiveCfg = Debug|Any CPU
		{48FD8A75-02C8-4AF9-8C3B-F5F5EA5CB881}.Debug|x86.Build.0 = Debug|Any CPU
		{48FD8A75-02C8-4AF9-8C3B-F5F5EA5CB881}.Release|Any CPU.ActiveCfg = Release|Any CPU
		{48FD8A75-02C8-4AF9-8C3B-F5F5EA5CB881}.Release|Any CPU.Build.0 = Release|Any CPU
		{48FD8A75-02C8-4AF9-8C3B-F5F5EA5CB881}.Release|arm64.ActiveCfg = Release|Any CPU
		{48FD8A75-02C8-4AF9-8C3B-F5F5EA5CB881}.Release|arm64.Build.0 = Release|Any CPU
		{48FD8A75-02C8-4AF9-8C3B-F5F5EA5CB881}.Release|iPhone.ActiveCfg = Release|Any CPU
		{48FD8A75-02C8-4AF9-8C3B-F5F5EA5CB881}.Release|iPhone.Build.0 = Release|Any CPU
		{48FD8A75-02C8-4AF9-8C3B-F5F5EA5CB881}.Release|iPhoneSimulator.ActiveCfg = Release|Any CPU
		{48FD8A75-02C8-4AF9-8C3B-F5F5EA5CB881}.Release|iPhoneSimulator.Build.0 = Release|Any CPU
		{48FD8A75-02C8-4AF9-8C3B-F5F5EA5CB881}.Release|x64.ActiveCfg = Release|x64
		{48FD8A75-02C8-4AF9-8C3B-F5F5EA5CB881}.Release|x64.Build.0 = Release|x64
		{48FD8A75-02C8-4AF9-8C3B-F5F5EA5CB881}.Release|x86.ActiveCfg = Release|Any CPU
		{48FD8A75-02C8-4AF9-8C3B-F5F5EA5CB881}.Release|x86.Build.0 = Release|Any CPU
		{213D0D10-5B7F-4741-9749-4C1486357F38}.Debug|Any CPU.ActiveCfg = Debug|Any CPU
		{213D0D10-5B7F-4741-9749-4C1486357F38}.Debug|Any CPU.Build.0 = Debug|Any CPU
		{213D0D10-5B7F-4741-9749-4C1486357F38}.Debug|arm64.ActiveCfg = Debug|Any CPU
		{213D0D10-5B7F-4741-9749-4C1486357F38}.Debug|iPhone.ActiveCfg = Debug|Any CPU
		{213D0D10-5B7F-4741-9749-4C1486357F38}.Debug|iPhone.Build.0 = Debug|Any CPU
		{213D0D10-5B7F-4741-9749-4C1486357F38}.Debug|iPhoneSimulator.ActiveCfg = Debug|Any CPU
		{213D0D10-5B7F-4741-9749-4C1486357F38}.Debug|iPhoneSimulator.Build.0 = Debug|Any CPU
		{213D0D10-5B7F-4741-9749-4C1486357F38}.Debug|x64.ActiveCfg = Debug|x64
		{213D0D10-5B7F-4741-9749-4C1486357F38}.Debug|x64.Build.0 = Debug|x64
		{213D0D10-5B7F-4741-9749-4C1486357F38}.Debug|x86.ActiveCfg = Debug|Any CPU
		{213D0D10-5B7F-4741-9749-4C1486357F38}.Debug|x86.Build.0 = Debug|Any CPU
		{213D0D10-5B7F-4741-9749-4C1486357F38}.Release|Any CPU.ActiveCfg = Release|Any CPU
		{213D0D10-5B7F-4741-9749-4C1486357F38}.Release|Any CPU.Build.0 = Release|Any CPU
		{213D0D10-5B7F-4741-9749-4C1486357F38}.Release|arm64.ActiveCfg = Release|Any CPU
		{213D0D10-5B7F-4741-9749-4C1486357F38}.Release|iPhone.ActiveCfg = Release|Any CPU
		{213D0D10-5B7F-4741-9749-4C1486357F38}.Release|iPhone.Build.0 = Release|Any CPU
		{213D0D10-5B7F-4741-9749-4C1486357F38}.Release|iPhoneSimulator.ActiveCfg = Release|Any CPU
		{213D0D10-5B7F-4741-9749-4C1486357F38}.Release|iPhoneSimulator.Build.0 = Release|Any CPU
		{213D0D10-5B7F-4741-9749-4C1486357F38}.Release|x64.ActiveCfg = Release|x64
		{213D0D10-5B7F-4741-9749-4C1486357F38}.Release|x64.Build.0 = Release|x64
		{213D0D10-5B7F-4741-9749-4C1486357F38}.Release|x86.ActiveCfg = Release|Any CPU
		{213D0D10-5B7F-4741-9749-4C1486357F38}.Release|x86.Build.0 = Release|Any CPU
		{3D63689B-4771-4E21-BA68-E399C68DC458}.Debug|Any CPU.ActiveCfg = Debug|Any CPU
		{3D63689B-4771-4E21-BA68-E399C68DC458}.Debug|Any CPU.Build.0 = Debug|Any CPU
		{3D63689B-4771-4E21-BA68-E399C68DC458}.Debug|arm64.ActiveCfg = Debug|Any CPU
		{3D63689B-4771-4E21-BA68-E399C68DC458}.Debug|iPhone.ActiveCfg = Debug|Any CPU
		{3D63689B-4771-4E21-BA68-E399C68DC458}.Debug|iPhone.Build.0 = Debug|Any CPU
		{3D63689B-4771-4E21-BA68-E399C68DC458}.Debug|iPhoneSimulator.ActiveCfg = Debug|Any CPU
		{3D63689B-4771-4E21-BA68-E399C68DC458}.Debug|iPhoneSimulator.Build.0 = Debug|Any CPU
		{3D63689B-4771-4E21-BA68-E399C68DC458}.Debug|x64.ActiveCfg = Debug|x64
		{3D63689B-4771-4E21-BA68-E399C68DC458}.Debug|x64.Build.0 = Debug|x64
		{3D63689B-4771-4E21-BA68-E399C68DC458}.Debug|x86.ActiveCfg = Debug|Any CPU
		{3D63689B-4771-4E21-BA68-E399C68DC458}.Debug|x86.Build.0 = Debug|Any CPU
		{3D63689B-4771-4E21-BA68-E399C68DC458}.Release|Any CPU.ActiveCfg = Release|Any CPU
		{3D63689B-4771-4E21-BA68-E399C68DC458}.Release|Any CPU.Build.0 = Release|Any CPU
		{3D63689B-4771-4E21-BA68-E399C68DC458}.Release|arm64.ActiveCfg = Release|Any CPU
		{3D63689B-4771-4E21-BA68-E399C68DC458}.Release|iPhone.ActiveCfg = Release|Any CPU
		{3D63689B-4771-4E21-BA68-E399C68DC458}.Release|iPhone.Build.0 = Release|Any CPU
		{3D63689B-4771-4E21-BA68-E399C68DC458}.Release|iPhoneSimulator.ActiveCfg = Release|Any CPU
		{3D63689B-4771-4E21-BA68-E399C68DC458}.Release|iPhoneSimulator.Build.0 = Release|Any CPU
		{3D63689B-4771-4E21-BA68-E399C68DC458}.Release|x64.ActiveCfg = Release|x64
		{3D63689B-4771-4E21-BA68-E399C68DC458}.Release|x64.Build.0 = Release|x64
		{3D63689B-4771-4E21-BA68-E399C68DC458}.Release|x86.ActiveCfg = Release|Any CPU
		{3D63689B-4771-4E21-BA68-E399C68DC458}.Release|x86.Build.0 = Release|Any CPU
		{ABDA6E5F-D51B-4046-94A5-D0C2E43275C6}.Debug|Any CPU.ActiveCfg = Debug|Any CPU
		{ABDA6E5F-D51B-4046-94A5-D0C2E43275C6}.Debug|Any CPU.Build.0 = Debug|Any CPU
		{ABDA6E5F-D51B-4046-94A5-D0C2E43275C6}.Debug|arm64.ActiveCfg = Debug|Any CPU
		{ABDA6E5F-D51B-4046-94A5-D0C2E43275C6}.Debug|iPhone.ActiveCfg = Debug|Any CPU
		{ABDA6E5F-D51B-4046-94A5-D0C2E43275C6}.Debug|iPhone.Build.0 = Debug|Any CPU
		{ABDA6E5F-D51B-4046-94A5-D0C2E43275C6}.Debug|iPhoneSimulator.ActiveCfg = Debug|Any CPU
		{ABDA6E5F-D51B-4046-94A5-D0C2E43275C6}.Debug|iPhoneSimulator.Build.0 = Debug|Any CPU
		{ABDA6E5F-D51B-4046-94A5-D0C2E43275C6}.Debug|x64.ActiveCfg = Debug|Any CPU
		{ABDA6E5F-D51B-4046-94A5-D0C2E43275C6}.Debug|x64.Build.0 = Debug|Any CPU
		{ABDA6E5F-D51B-4046-94A5-D0C2E43275C6}.Debug|x86.ActiveCfg = Debug|Any CPU
		{ABDA6E5F-D51B-4046-94A5-D0C2E43275C6}.Debug|x86.Build.0 = Debug|Any CPU
		{ABDA6E5F-D51B-4046-94A5-D0C2E43275C6}.Release|Any CPU.ActiveCfg = Release|Any CPU
		{ABDA6E5F-D51B-4046-94A5-D0C2E43275C6}.Release|Any CPU.Build.0 = Release|Any CPU
		{ABDA6E5F-D51B-4046-94A5-D0C2E43275C6}.Release|arm64.ActiveCfg = Release|Any CPU
		{ABDA6E5F-D51B-4046-94A5-D0C2E43275C6}.Release|iPhone.ActiveCfg = Release|Any CPU
		{ABDA6E5F-D51B-4046-94A5-D0C2E43275C6}.Release|iPhone.Build.0 = Release|Any CPU
		{ABDA6E5F-D51B-4046-94A5-D0C2E43275C6}.Release|iPhoneSimulator.ActiveCfg = Release|Any CPU
		{ABDA6E5F-D51B-4046-94A5-D0C2E43275C6}.Release|iPhoneSimulator.Build.0 = Release|Any CPU
		{ABDA6E5F-D51B-4046-94A5-D0C2E43275C6}.Release|x64.ActiveCfg = Release|Any CPU
		{ABDA6E5F-D51B-4046-94A5-D0C2E43275C6}.Release|x64.Build.0 = Release|Any CPU
		{ABDA6E5F-D51B-4046-94A5-D0C2E43275C6}.Release|x86.ActiveCfg = Release|Any CPU
		{ABDA6E5F-D51B-4046-94A5-D0C2E43275C6}.Release|x86.Build.0 = Release|Any CPU
		{1C1CB17E-DE22-4BAF-B2A2-5D26947F7429}.Debug|Any CPU.ActiveCfg = Debug|Any CPU
		{1C1CB17E-DE22-4BAF-B2A2-5D26947F7429}.Debug|Any CPU.Build.0 = Debug|Any CPU
		{1C1CB17E-DE22-4BAF-B2A2-5D26947F7429}.Debug|arm64.ActiveCfg = Debug|Any CPU
		{1C1CB17E-DE22-4BAF-B2A2-5D26947F7429}.Debug|arm64.Build.0 = Debug|Any CPU
		{1C1CB17E-DE22-4BAF-B2A2-5D26947F7429}.Debug|iPhone.ActiveCfg = Debug|Any CPU
		{1C1CB17E-DE22-4BAF-B2A2-5D26947F7429}.Debug|iPhone.Build.0 = Debug|Any CPU
		{1C1CB17E-DE22-4BAF-B2A2-5D26947F7429}.Debug|iPhoneSimulator.ActiveCfg = Debug|Any CPU
		{1C1CB17E-DE22-4BAF-B2A2-5D26947F7429}.Debug|iPhoneSimulator.Build.0 = Debug|Any CPU
		{1C1CB17E-DE22-4BAF-B2A2-5D26947F7429}.Debug|x64.ActiveCfg = Debug|x64
		{1C1CB17E-DE22-4BAF-B2A2-5D26947F7429}.Debug|x64.Build.0 = Debug|x64
		{1C1CB17E-DE22-4BAF-B2A2-5D26947F7429}.Debug|x86.ActiveCfg = Debug|Any CPU
		{1C1CB17E-DE22-4BAF-B2A2-5D26947F7429}.Debug|x86.Build.0 = Debug|Any CPU
		{1C1CB17E-DE22-4BAF-B2A2-5D26947F7429}.Release|Any CPU.ActiveCfg = Release|Any CPU
		{1C1CB17E-DE22-4BAF-B2A2-5D26947F7429}.Release|Any CPU.Build.0 = Release|Any CPU
		{1C1CB17E-DE22-4BAF-B2A2-5D26947F7429}.Release|arm64.ActiveCfg = Release|Any CPU
		{1C1CB17E-DE22-4BAF-B2A2-5D26947F7429}.Release|arm64.Build.0 = Release|Any CPU
		{1C1CB17E-DE22-4BAF-B2A2-5D26947F7429}.Release|iPhone.ActiveCfg = Release|Any CPU
		{1C1CB17E-DE22-4BAF-B2A2-5D26947F7429}.Release|iPhone.Build.0 = Release|Any CPU
		{1C1CB17E-DE22-4BAF-B2A2-5D26947F7429}.Release|iPhoneSimulator.ActiveCfg = Release|Any CPU
		{1C1CB17E-DE22-4BAF-B2A2-5D26947F7429}.Release|iPhoneSimulator.Build.0 = Release|Any CPU
		{1C1CB17E-DE22-4BAF-B2A2-5D26947F7429}.Release|x64.ActiveCfg = Release|x64
		{1C1CB17E-DE22-4BAF-B2A2-5D26947F7429}.Release|x64.Build.0 = Release|x64
		{1C1CB17E-DE22-4BAF-B2A2-5D26947F7429}.Release|x86.ActiveCfg = Release|Any CPU
		{1C1CB17E-DE22-4BAF-B2A2-5D26947F7429}.Release|x86.Build.0 = Release|Any CPU
		{94B223F9-A294-4FF9-B0FF-A2CE879CF14D}.Debug|Any CPU.ActiveCfg = Debug|Any CPU
		{94B223F9-A294-4FF9-B0FF-A2CE879CF14D}.Debug|Any CPU.Build.0 = Debug|Any CPU
		{94B223F9-A294-4FF9-B0FF-A2CE879CF14D}.Debug|arm64.ActiveCfg = Debug|Any CPU
		{94B223F9-A294-4FF9-B0FF-A2CE879CF14D}.Debug|arm64.Build.0 = Debug|Any CPU
		{94B223F9-A294-4FF9-B0FF-A2CE879CF14D}.Debug|iPhone.ActiveCfg = Debug|Any CPU
		{94B223F9-A294-4FF9-B0FF-A2CE879CF14D}.Debug|iPhone.Build.0 = Debug|Any CPU
		{94B223F9-A294-4FF9-B0FF-A2CE879CF14D}.Debug|iPhoneSimulator.ActiveCfg = Debug|Any CPU
		{94B223F9-A294-4FF9-B0FF-A2CE879CF14D}.Debug|iPhoneSimulator.Build.0 = Debug|Any CPU
		{94B223F9-A294-4FF9-B0FF-A2CE879CF14D}.Debug|x64.ActiveCfg = Debug|Any CPU
		{94B223F9-A294-4FF9-B0FF-A2CE879CF14D}.Debug|x64.Build.0 = Debug|Any CPU
		{94B223F9-A294-4FF9-B0FF-A2CE879CF14D}.Debug|x86.ActiveCfg = Debug|Any CPU
		{94B223F9-A294-4FF9-B0FF-A2CE879CF14D}.Debug|x86.Build.0 = Debug|Any CPU
		{94B223F9-A294-4FF9-B0FF-A2CE879CF14D}.Release|Any CPU.ActiveCfg = Release|Any CPU
		{94B223F9-A294-4FF9-B0FF-A2CE879CF14D}.Release|Any CPU.Build.0 = Release|Any CPU
		{94B223F9-A294-4FF9-B0FF-A2CE879CF14D}.Release|arm64.ActiveCfg = Release|Any CPU
		{94B223F9-A294-4FF9-B0FF-A2CE879CF14D}.Release|arm64.Build.0 = Release|Any CPU
		{94B223F9-A294-4FF9-B0FF-A2CE879CF14D}.Release|iPhone.ActiveCfg = Release|Any CPU
		{94B223F9-A294-4FF9-B0FF-A2CE879CF14D}.Release|iPhone.Build.0 = Release|Any CPU
		{94B223F9-A294-4FF9-B0FF-A2CE879CF14D}.Release|iPhoneSimulator.ActiveCfg = Release|Any CPU
		{94B223F9-A294-4FF9-B0FF-A2CE879CF14D}.Release|iPhoneSimulator.Build.0 = Release|Any CPU
		{94B223F9-A294-4FF9-B0FF-A2CE879CF14D}.Release|x64.ActiveCfg = Release|Any CPU
		{94B223F9-A294-4FF9-B0FF-A2CE879CF14D}.Release|x64.Build.0 = Release|Any CPU
		{94B223F9-A294-4FF9-B0FF-A2CE879CF14D}.Release|x86.ActiveCfg = Release|Any CPU
		{94B223F9-A294-4FF9-B0FF-A2CE879CF14D}.Release|x86.Build.0 = Release|Any CPU
		{81EF0540-24B5-49AD-9601-95A2A8B116CB}.Debug|Any CPU.ActiveCfg = Debug|Any CPU
		{81EF0540-24B5-49AD-9601-95A2A8B116CB}.Debug|Any CPU.Build.0 = Debug|Any CPU
		{81EF0540-24B5-49AD-9601-95A2A8B116CB}.Debug|arm64.ActiveCfg = Debug|Any CPU
		{81EF0540-24B5-49AD-9601-95A2A8B116CB}.Debug|arm64.Build.0 = Debug|Any CPU
		{81EF0540-24B5-49AD-9601-95A2A8B116CB}.Debug|iPhone.ActiveCfg = Debug|Any CPU
		{81EF0540-24B5-49AD-9601-95A2A8B116CB}.Debug|iPhone.Build.0 = Debug|Any CPU
		{81EF0540-24B5-49AD-9601-95A2A8B116CB}.Debug|iPhoneSimulator.ActiveCfg = Debug|Any CPU
		{81EF0540-24B5-49AD-9601-95A2A8B116CB}.Debug|iPhoneSimulator.Build.0 = Debug|Any CPU
		{81EF0540-24B5-49AD-9601-95A2A8B116CB}.Debug|x64.ActiveCfg = Debug|Any CPU
		{81EF0540-24B5-49AD-9601-95A2A8B116CB}.Debug|x64.Build.0 = Debug|Any CPU
		{81EF0540-24B5-49AD-9601-95A2A8B116CB}.Debug|x86.ActiveCfg = Debug|Any CPU
		{81EF0540-24B5-49AD-9601-95A2A8B116CB}.Debug|x86.Build.0 = Debug|Any CPU
		{81EF0540-24B5-49AD-9601-95A2A8B116CB}.Release|Any CPU.ActiveCfg = Release|Any CPU
		{81EF0540-24B5-49AD-9601-95A2A8B116CB}.Release|Any CPU.Build.0 = Release|Any CPU
		{81EF0540-24B5-49AD-9601-95A2A8B116CB}.Release|arm64.ActiveCfg = Release|Any CPU
		{81EF0540-24B5-49AD-9601-95A2A8B116CB}.Release|arm64.Build.0 = Release|Any CPU
		{81EF0540-24B5-49AD-9601-95A2A8B116CB}.Release|iPhone.ActiveCfg = Release|Any CPU
		{81EF0540-24B5-49AD-9601-95A2A8B116CB}.Release|iPhone.Build.0 = Release|Any CPU
		{81EF0540-24B5-49AD-9601-95A2A8B116CB}.Release|iPhoneSimulator.ActiveCfg = Release|Any CPU
		{81EF0540-24B5-49AD-9601-95A2A8B116CB}.Release|iPhoneSimulator.Build.0 = Release|Any CPU
		{81EF0540-24B5-49AD-9601-95A2A8B116CB}.Release|x64.ActiveCfg = Release|Any CPU
		{81EF0540-24B5-49AD-9601-95A2A8B116CB}.Release|x64.Build.0 = Release|Any CPU
		{81EF0540-24B5-49AD-9601-95A2A8B116CB}.Release|x86.ActiveCfg = Release|Any CPU
		{81EF0540-24B5-49AD-9601-95A2A8B116CB}.Release|x86.Build.0 = Release|Any CPU
		{48FD7E0F-0812-4E0E-BC99-291B98B26825}.Debug|Any CPU.ActiveCfg = Debug|Any CPU
		{48FD7E0F-0812-4E0E-BC99-291B98B26825}.Debug|Any CPU.Build.0 = Debug|Any CPU
		{48FD7E0F-0812-4E0E-BC99-291B98B26825}.Debug|arm64.ActiveCfg = Debug|Any CPU
		{48FD7E0F-0812-4E0E-BC99-291B98B26825}.Debug|arm64.Build.0 = Debug|Any CPU
		{48FD7E0F-0812-4E0E-BC99-291B98B26825}.Debug|iPhone.ActiveCfg = Debug|Any CPU
		{48FD7E0F-0812-4E0E-BC99-291B98B26825}.Debug|iPhone.Build.0 = Debug|Any CPU
		{48FD7E0F-0812-4E0E-BC99-291B98B26825}.Debug|iPhoneSimulator.ActiveCfg = Debug|Any CPU
		{48FD7E0F-0812-4E0E-BC99-291B98B26825}.Debug|iPhoneSimulator.Build.0 = Debug|Any CPU
		{48FD7E0F-0812-4E0E-BC99-291B98B26825}.Debug|x64.ActiveCfg = Debug|Any CPU
		{48FD7E0F-0812-4E0E-BC99-291B98B26825}.Debug|x64.Build.0 = Debug|Any CPU
		{48FD7E0F-0812-4E0E-BC99-291B98B26825}.Debug|x86.ActiveCfg = Debug|Any CPU
		{48FD7E0F-0812-4E0E-BC99-291B98B26825}.Debug|x86.Build.0 = Debug|Any CPU
		{48FD7E0F-0812-4E0E-BC99-291B98B26825}.Release|Any CPU.ActiveCfg = Release|Any CPU
		{48FD7E0F-0812-4E0E-BC99-291B98B26825}.Release|Any CPU.Build.0 = Release|Any CPU
		{48FD7E0F-0812-4E0E-BC99-291B98B26825}.Release|arm64.ActiveCfg = Release|Any CPU
		{48FD7E0F-0812-4E0E-BC99-291B98B26825}.Release|arm64.Build.0 = Release|Any CPU
		{48FD7E0F-0812-4E0E-BC99-291B98B26825}.Release|iPhone.ActiveCfg = Release|Any CPU
		{48FD7E0F-0812-4E0E-BC99-291B98B26825}.Release|iPhone.Build.0 = Release|Any CPU
		{48FD7E0F-0812-4E0E-BC99-291B98B26825}.Release|iPhoneSimulator.ActiveCfg = Release|Any CPU
		{48FD7E0F-0812-4E0E-BC99-291B98B26825}.Release|iPhoneSimulator.Build.0 = Release|Any CPU
		{48FD7E0F-0812-4E0E-BC99-291B98B26825}.Release|x64.ActiveCfg = Release|Any CPU
		{48FD7E0F-0812-4E0E-BC99-291B98B26825}.Release|x64.Build.0 = Release|Any CPU
		{48FD7E0F-0812-4E0E-BC99-291B98B26825}.Release|x86.ActiveCfg = Release|Any CPU
		{48FD7E0F-0812-4E0E-BC99-291B98B26825}.Release|x86.Build.0 = Release|Any CPU
		{22D5B1B8-B90C-4517-871F-766BE441C897}.Debug|Any CPU.ActiveCfg = Debug|Any CPU
		{22D5B1B8-B90C-4517-871F-766BE441C897}.Debug|Any CPU.Build.0 = Debug|Any CPU
		{22D5B1B8-B90C-4517-871F-766BE441C897}.Debug|arm64.ActiveCfg = Debug|Any CPU
		{22D5B1B8-B90C-4517-871F-766BE441C897}.Debug|arm64.Build.0 = Debug|Any CPU
		{22D5B1B8-B90C-4517-871F-766BE441C897}.Debug|iPhone.ActiveCfg = Debug|Any CPU
		{22D5B1B8-B90C-4517-871F-766BE441C897}.Debug|iPhone.Build.0 = Debug|Any CPU
		{22D5B1B8-B90C-4517-871F-766BE441C897}.Debug|iPhoneSimulator.ActiveCfg = Debug|Any CPU
		{22D5B1B8-B90C-4517-871F-766BE441C897}.Debug|iPhoneSimulator.Build.0 = Debug|Any CPU
		{22D5B1B8-B90C-4517-871F-766BE441C897}.Debug|x64.ActiveCfg = Debug|Any CPU
		{22D5B1B8-B90C-4517-871F-766BE441C897}.Debug|x64.Build.0 = Debug|Any CPU
		{22D5B1B8-B90C-4517-871F-766BE441C897}.Debug|x86.ActiveCfg = Debug|Any CPU
		{22D5B1B8-B90C-4517-871F-766BE441C897}.Debug|x86.Build.0 = Debug|Any CPU
		{22D5B1B8-B90C-4517-871F-766BE441C897}.Release|Any CPU.ActiveCfg = Release|Any CPU
		{22D5B1B8-B90C-4517-871F-766BE441C897}.Release|Any CPU.Build.0 = Release|Any CPU
		{22D5B1B8-B90C-4517-871F-766BE441C897}.Release|arm64.ActiveCfg = Release|Any CPU
		{22D5B1B8-B90C-4517-871F-766BE441C897}.Release|arm64.Build.0 = Release|Any CPU
		{22D5B1B8-B90C-4517-871F-766BE441C897}.Release|iPhone.ActiveCfg = Release|Any CPU
		{22D5B1B8-B90C-4517-871F-766BE441C897}.Release|iPhone.Build.0 = Release|Any CPU
		{22D5B1B8-B90C-4517-871F-766BE441C897}.Release|iPhoneSimulator.ActiveCfg = Release|Any CPU
		{22D5B1B8-B90C-4517-871F-766BE441C897}.Release|iPhoneSimulator.Build.0 = Release|Any CPU
		{22D5B1B8-B90C-4517-871F-766BE441C897}.Release|x64.ActiveCfg = Release|Any CPU
		{22D5B1B8-B90C-4517-871F-766BE441C897}.Release|x64.Build.0 = Release|Any CPU
		{22D5B1B8-B90C-4517-871F-766BE441C897}.Release|x86.ActiveCfg = Release|Any CPU
		{22D5B1B8-B90C-4517-871F-766BE441C897}.Release|x86.Build.0 = Release|Any CPU
		{D8A9413D-9EB8-40B6-95C1-72889F881FD5}.Debug|Any CPU.ActiveCfg = Debug|Any CPU
		{D8A9413D-9EB8-40B6-95C1-72889F881FD5}.Debug|Any CPU.Build.0 = Debug|Any CPU
		{D8A9413D-9EB8-40B6-95C1-72889F881FD5}.Debug|arm64.ActiveCfg = Debug|Any CPU
		{D8A9413D-9EB8-40B6-95C1-72889F881FD5}.Debug|arm64.Build.0 = Debug|Any CPU
		{D8A9413D-9EB8-40B6-95C1-72889F881FD5}.Debug|iPhone.ActiveCfg = Debug|Any CPU
		{D8A9413D-9EB8-40B6-95C1-72889F881FD5}.Debug|iPhone.Build.0 = Debug|Any CPU
		{D8A9413D-9EB8-40B6-95C1-72889F881FD5}.Debug|iPhoneSimulator.ActiveCfg = Debug|Any CPU
		{D8A9413D-9EB8-40B6-95C1-72889F881FD5}.Debug|iPhoneSimulator.Build.0 = Debug|Any CPU
		{D8A9413D-9EB8-40B6-95C1-72889F881FD5}.Debug|x64.ActiveCfg = Debug|Any CPU
		{D8A9413D-9EB8-40B6-95C1-72889F881FD5}.Debug|x64.Build.0 = Debug|Any CPU
		{D8A9413D-9EB8-40B6-95C1-72889F881FD5}.Debug|x86.ActiveCfg = Debug|Any CPU
		{D8A9413D-9EB8-40B6-95C1-72889F881FD5}.Debug|x86.Build.0 = Debug|Any CPU
		{D8A9413D-9EB8-40B6-95C1-72889F881FD5}.Release|Any CPU.ActiveCfg = Release|Any CPU
		{D8A9413D-9EB8-40B6-95C1-72889F881FD5}.Release|Any CPU.Build.0 = Release|Any CPU
		{D8A9413D-9EB8-40B6-95C1-72889F881FD5}.Release|arm64.ActiveCfg = Release|Any CPU
		{D8A9413D-9EB8-40B6-95C1-72889F881FD5}.Release|arm64.Build.0 = Release|Any CPU
		{D8A9413D-9EB8-40B6-95C1-72889F881FD5}.Release|iPhone.ActiveCfg = Release|Any CPU
		{D8A9413D-9EB8-40B6-95C1-72889F881FD5}.Release|iPhone.Build.0 = Release|Any CPU
		{D8A9413D-9EB8-40B6-95C1-72889F881FD5}.Release|iPhoneSimulator.ActiveCfg = Release|Any CPU
		{D8A9413D-9EB8-40B6-95C1-72889F881FD5}.Release|iPhoneSimulator.Build.0 = Release|Any CPU
		{D8A9413D-9EB8-40B6-95C1-72889F881FD5}.Release|x64.ActiveCfg = Release|Any CPU
		{D8A9413D-9EB8-40B6-95C1-72889F881FD5}.Release|x64.Build.0 = Release|Any CPU
		{D8A9413D-9EB8-40B6-95C1-72889F881FD5}.Release|x86.ActiveCfg = Release|Any CPU
		{D8A9413D-9EB8-40B6-95C1-72889F881FD5}.Release|x86.Build.0 = Release|Any CPU
		{B95DAAF1-52CF-4B53-B80D-406ACE01400B}.Debug|Any CPU.ActiveCfg = Debug|Any CPU
		{B95DAAF1-52CF-4B53-B80D-406ACE01400B}.Debug|Any CPU.Build.0 = Debug|Any CPU
		{B95DAAF1-52CF-4B53-B80D-406ACE01400B}.Debug|arm64.ActiveCfg = Debug|Any CPU
		{B95DAAF1-52CF-4B53-B80D-406ACE01400B}.Debug|arm64.Build.0 = Debug|Any CPU
		{B95DAAF1-52CF-4B53-B80D-406ACE01400B}.Debug|iPhone.ActiveCfg = Debug|Any CPU
		{B95DAAF1-52CF-4B53-B80D-406ACE01400B}.Debug|iPhone.Build.0 = Debug|Any CPU
		{B95DAAF1-52CF-4B53-B80D-406ACE01400B}.Debug|iPhoneSimulator.ActiveCfg = Debug|Any CPU
		{B95DAAF1-52CF-4B53-B80D-406ACE01400B}.Debug|iPhoneSimulator.Build.0 = Debug|Any CPU
		{B95DAAF1-52CF-4B53-B80D-406ACE01400B}.Debug|x64.ActiveCfg = Debug|Any CPU
		{B95DAAF1-52CF-4B53-B80D-406ACE01400B}.Debug|x64.Build.0 = Debug|Any CPU
		{B95DAAF1-52CF-4B53-B80D-406ACE01400B}.Debug|x86.ActiveCfg = Debug|Any CPU
		{B95DAAF1-52CF-4B53-B80D-406ACE01400B}.Debug|x86.Build.0 = Debug|Any CPU
		{B95DAAF1-52CF-4B53-B80D-406ACE01400B}.Release|Any CPU.ActiveCfg = Release|Any CPU
		{B95DAAF1-52CF-4B53-B80D-406ACE01400B}.Release|Any CPU.Build.0 = Release|Any CPU
		{B95DAAF1-52CF-4B53-B80D-406ACE01400B}.Release|arm64.ActiveCfg = Release|Any CPU
		{B95DAAF1-52CF-4B53-B80D-406ACE01400B}.Release|arm64.Build.0 = Release|Any CPU
		{B95DAAF1-52CF-4B53-B80D-406ACE01400B}.Release|iPhone.ActiveCfg = Release|Any CPU
		{B95DAAF1-52CF-4B53-B80D-406ACE01400B}.Release|iPhone.Build.0 = Release|Any CPU
		{B95DAAF1-52CF-4B53-B80D-406ACE01400B}.Release|iPhoneSimulator.ActiveCfg = Release|Any CPU
		{B95DAAF1-52CF-4B53-B80D-406ACE01400B}.Release|iPhoneSimulator.Build.0 = Release|Any CPU
		{B95DAAF1-52CF-4B53-B80D-406ACE01400B}.Release|x64.ActiveCfg = Release|Any CPU
		{B95DAAF1-52CF-4B53-B80D-406ACE01400B}.Release|x64.Build.0 = Release|Any CPU
		{B95DAAF1-52CF-4B53-B80D-406ACE01400B}.Release|x86.ActiveCfg = Release|Any CPU
		{B95DAAF1-52CF-4B53-B80D-406ACE01400B}.Release|x86.Build.0 = Release|Any CPU
		{765E0DA6-6403-4A96-AE3E-507C9DAE7852}.Debug|Any CPU.ActiveCfg = Debug|Any CPU
		{765E0DA6-6403-4A96-AE3E-507C9DAE7852}.Debug|Any CPU.Build.0 = Debug|Any CPU
		{765E0DA6-6403-4A96-AE3E-507C9DAE7852}.Debug|arm64.ActiveCfg = Debug|Any CPU
		{765E0DA6-6403-4A96-AE3E-507C9DAE7852}.Debug|arm64.Build.0 = Debug|Any CPU
		{765E0DA6-6403-4A96-AE3E-507C9DAE7852}.Debug|iPhone.ActiveCfg = Debug|Any CPU
		{765E0DA6-6403-4A96-AE3E-507C9DAE7852}.Debug|iPhone.Build.0 = Debug|Any CPU
		{765E0DA6-6403-4A96-AE3E-507C9DAE7852}.Debug|iPhoneSimulator.ActiveCfg = Debug|Any CPU
		{765E0DA6-6403-4A96-AE3E-507C9DAE7852}.Debug|iPhoneSimulator.Build.0 = Debug|Any CPU
		{765E0DA6-6403-4A96-AE3E-507C9DAE7852}.Debug|x64.ActiveCfg = Debug|Any CPU
		{765E0DA6-6403-4A96-AE3E-507C9DAE7852}.Debug|x64.Build.0 = Debug|Any CPU
		{765E0DA6-6403-4A96-AE3E-507C9DAE7852}.Debug|x86.ActiveCfg = Debug|Any CPU
		{765E0DA6-6403-4A96-AE3E-507C9DAE7852}.Debug|x86.Build.0 = Debug|Any CPU
		{765E0DA6-6403-4A96-AE3E-507C9DAE7852}.Release|Any CPU.ActiveCfg = Release|Any CPU
		{765E0DA6-6403-4A96-AE3E-507C9DAE7852}.Release|Any CPU.Build.0 = Release|Any CPU
		{765E0DA6-6403-4A96-AE3E-507C9DAE7852}.Release|arm64.ActiveCfg = Release|Any CPU
		{765E0DA6-6403-4A96-AE3E-507C9DAE7852}.Release|arm64.Build.0 = Release|Any CPU
		{765E0DA6-6403-4A96-AE3E-507C9DAE7852}.Release|iPhone.ActiveCfg = Release|Any CPU
		{765E0DA6-6403-4A96-AE3E-507C9DAE7852}.Release|iPhone.Build.0 = Release|Any CPU
		{765E0DA6-6403-4A96-AE3E-507C9DAE7852}.Release|iPhoneSimulator.ActiveCfg = Release|Any CPU
		{765E0DA6-6403-4A96-AE3E-507C9DAE7852}.Release|iPhoneSimulator.Build.0 = Release|Any CPU
		{765E0DA6-6403-4A96-AE3E-507C9DAE7852}.Release|x64.ActiveCfg = Release|Any CPU
		{765E0DA6-6403-4A96-AE3E-507C9DAE7852}.Release|x64.Build.0 = Release|Any CPU
		{765E0DA6-6403-4A96-AE3E-507C9DAE7852}.Release|x86.ActiveCfg = Release|Any CPU
		{765E0DA6-6403-4A96-AE3E-507C9DAE7852}.Release|x86.Build.0 = Release|Any CPU
	EndGlobalSection
	GlobalSection(SolutionProperties) = preSolution
		HideSolutionNode = FALSE
	EndGlobalSection
	GlobalSection(NestedProjects) = preSolution
		{FFAF83F5-8CCC-4E55-9766-16BC4F9ED54F} = {E76B6661-6CD2-4FC3-ABEF-D16BC49E1922}
		{D0BB4816-FFD5-4D71-A39C-F9396DD0D9D3} = {E76B6661-6CD2-4FC3-ABEF-D16BC49E1922}
		{F99203B8-03CA-4FB4-8879-AB0C0CA72D33} = {E76B6661-6CD2-4FC3-ABEF-D16BC49E1922}
		{66EA10D5-F69B-4DC3-ACDE-476120C8AB25} = {E76B6661-6CD2-4FC3-ABEF-D16BC49E1922}
		{CEB21CC4-118A-403B-98DC-3E5A56C13481} = {3A7012E5-FEA3-474B-92AA-CB15E8FD0D3C}
		{8E4CE76F-F18D-4D15-B007-1FF9DB6C938D} = {3A7012E5-FEA3-474B-92AA-CB15E8FD0D3C}
		{C4961FB7-F0EF-4B65-9EAB-B4145985EA05} = {FFAF83F5-8CCC-4E55-9766-16BC4F9ED54F}
		{09F7F3D6-5772-48B9-AE2B-5F92544ED18D} = {FFAF83F5-8CCC-4E55-9766-16BC4F9ED54F}
		{7CA07C56-55C5-49D4-9E0B-A35EBD31C4C3} = {FFAF83F5-8CCC-4E55-9766-16BC4F9ED54F}
		{25686406-E7D4-4871-8C81-A991BFD9B64A} = {FFAF83F5-8CCC-4E55-9766-16BC4F9ED54F}
		{67BC4355-4E05-4E2A-8B74-F46125AA9EA3} = {FFAF83F5-8CCC-4E55-9766-16BC4F9ED54F}
		{DFE3E08B-ACFB-46E0-8E25-B5A5B1BCCE7E} = {FFAF83F5-8CCC-4E55-9766-16BC4F9ED54F}
		{C4615439-5615-497B-B4C3-C0F2A9F29F78} = {FFAF83F5-8CCC-4E55-9766-16BC4F9ED54F}
		{9E78161B-564F-4D6E-8C51-5BF27152A1B4} = {FFAF83F5-8CCC-4E55-9766-16BC4F9ED54F}
		{A07F5350-68EF-4D9C-AB2A-5EB0196A2461} = {FFAF83F5-8CCC-4E55-9766-16BC4F9ED54F}
		{9AA0FBAA-A552-4AAE-A5EA-33BE4A11BF09} = {FFAF83F5-8CCC-4E55-9766-16BC4F9ED54F}
		{23ECAF9C-0A2C-427E-A223-8A7878D89380} = {FFAF83F5-8CCC-4E55-9766-16BC4F9ED54F}
		{E5A08144-3683-4EFA-AA3E-E4EAA68CDAEB} = {66EA10D5-F69B-4DC3-ACDE-476120C8AB25}
		{7ACBD23C-B927-4D7F-A4F2-D907DAC0974E} = {66EA10D5-F69B-4DC3-ACDE-476120C8AB25}
		{49369193-B79A-4EC9-9CCD-989E387A075B} = {F99203B8-03CA-4FB4-8879-AB0C0CA72D33}
		{18224502-BBFD-4C5B-8979-245467DF7AD7} = {F99203B8-03CA-4FB4-8879-AB0C0CA72D33}
		{7C7B4C57-933C-402F-9CC4-9E65994A9A74} = {18224502-BBFD-4C5B-8979-245467DF7AD7}
		{A8F4D4E8-939B-4E9B-AF5D-8A6CFFAA7019} = {18224502-BBFD-4C5B-8979-245467DF7AD7}
		{C0E27955-D7AE-4C3A-833E-E3E7DF75951B} = {18224502-BBFD-4C5B-8979-245467DF7AD7}
		{0D9C6FD7-9544-4E73-BA41-66E50CD5F859} = {A5D9B202-B31F-423B-AFEC-2514F82F8D75}
		{DF11E72B-18A0-4A1D-A517-B98438891BA9} = {A5D9B202-B31F-423B-AFEC-2514F82F8D75}
		{69C46BE5-79F0-4105-A54E-8AF0E701CF8F} = {7591EC4B-F17A-4643-8ED7-FD7BAEBABA59}
		{C99FB294-6D46-4598-AD31-EA1DB0F0CCD3} = {7591EC4B-F17A-4643-8ED7-FD7BAEBABA59}
		{CAA0E035-6544-46FA-B3B5-75079B936086} = {C99FB294-6D46-4598-AD31-EA1DB0F0CCD3}
		{7A49F229-F5CA-4E6F-BF51-D7142993D4F0} = {69C46BE5-79F0-4105-A54E-8AF0E701CF8F}
		{0428A2CD-5AAB-44FB-8DD0-EE00BEDB45E7} = {69C46BE5-79F0-4105-A54E-8AF0E701CF8F}
		{25E61D41-BF74-451E-B2C1-47365946A3C8} = {69C46BE5-79F0-4105-A54E-8AF0E701CF8F}
		{EF9EC3F5-0199-40E8-A9E5-7E5A7821B6A7} = {1778EEE4-91B8-4CCF-9736-218A8237E04B}
		{57EF3D55-98E8-46FA-8D71-64EC147BD5BB} = {1778EEE4-91B8-4CCF-9736-218A8237E04B}
		{076760FE-6FB7-4835-B658-C1B01D16882A} = {1778EEE4-91B8-4CCF-9736-218A8237E04B}
		{C9DBDFEF-58B0-4BD4-B0A6-6D66E28DFF5A} = {1778EEE4-91B8-4CCF-9736-218A8237E04B}
		{48FD8A75-02C8-4AF9-8C3B-F5F5EA5CB881} = {1778EEE4-91B8-4CCF-9736-218A8237E04B}
		{213D0D10-5B7F-4741-9749-4C1486357F38} = {6496CF90-1122-40E1-8F54-E5FC77B27173}
		{3D63689B-4771-4E21-BA68-E399C68DC458} = {6496CF90-1122-40E1-8F54-E5FC77B27173}
		{ABDA6E5F-D51B-4046-94A5-D0C2E43275C6} = {6496CF90-1122-40E1-8F54-E5FC77B27173}
		{1C1CB17E-DE22-4BAF-B2A2-5D26947F7429} = {FFAF83F5-8CCC-4E55-9766-16BC4F9ED54F}
		{94B223F9-A294-4FF9-B0FF-A2CE879CF14D} = {7E237DD5-AFD8-4B9A-A6EC-5698E712BD8D}
		{81EF0540-24B5-49AD-9601-95A2A8B116CB} = {1778EEE4-91B8-4CCF-9736-218A8237E04B}
		{48FD7E0F-0812-4E0E-BC99-291B98B26825} = {7E237DD5-AFD8-4B9A-A6EC-5698E712BD8D}
		{22D5B1B8-B90C-4517-871F-766BE441C897} = {7E237DD5-AFD8-4B9A-A6EC-5698E712BD8D}
		{D8A9413D-9EB8-40B6-95C1-72889F881FD5} = {7E237DD5-AFD8-4B9A-A6EC-5698E712BD8D}
		{B95DAAF1-52CF-4B53-B80D-406ACE01400B} = {7E237DD5-AFD8-4B9A-A6EC-5698E712BD8D}
		{765E0DA6-6403-4A96-AE3E-507C9DAE7852} = {7E237DD5-AFD8-4B9A-A6EC-5698E712BD8D}
	EndGlobalSection
	GlobalSection(ExtensibilityGlobals) = postSolution
		SolutionGuid = {230C9A7B-0389-4BB4-990E-B2CC865D8DFD}
	EndGlobalSection
EndGlobal
