
Microsoft Visual Studio Solution File, Format Version 12.00
# Visual Studio Version 17
VisualStudioVersion = 17.0.32112.339
MinimumVisualStudioVersion = 10.0.40219.1
Project("{9A19103F-16F7-4668-BE54-9A1E7A4F7556}") = "SysInfoTool", "SysInfoTool\SysInfoTool.csproj", "{550DD7EE-2829-4B10-9EA3-6FA863FEDA33}"
EndProject
Project("{9A19103F-16F7-4668-BE54-9A1E7A4F7556}") = "DataTools", "DataTools\DataTools.csproj", "{383A208D-1CE8-47B4-8973-B436C2111B4F}"
EndProject
Project("{9A19103F-16F7-4668-BE54-9A1E7A4F7556}") = "DataTools.ColorControls", "DataTools.ColorControls\DataTools.ColorControls.csproj", "{FD87ABAA-1B89-47AD-A068-A9E8E07D36B6}"
EndProject
Project("{9A19103F-16F7-4668-BE54-9A1E7A4F7556}") = "DataTools.Win32.Memory", "DataTools.Win32.Memory\DataTools.Win32.Memory.csproj", "{FF4A09A1-CF7E-438C-86E3-AE4BD300DFFB}"
EndProject
Project("{9A19103F-16F7-4668-BE54-9A1E7A4F7556}") = "DataTools.Graphics", "DataTools.Graphics\DataTools.Graphics.csproj", "{EE36CD78-3393-4CFA-9E17-1C081AD31481}"
EndProject
Project("{9A19103F-16F7-4668-BE54-9A1E7A4F7556}") = "DataTools.XamarinForms.ColorControls", "DataTools.XamarinForms.ColorControls\DataTools.XamarinForms.ColorControls.csproj", "{6F86C54B-4080-4361-B6EB-D59E5327C442}"
EndProject
Project("{2150E333-8FDC-42A3-9474-1A3956D46DE8}") = "Common", "Common", "{B4F34DA1-5199-4CBE-BD8E-9BF8D9C7F6AD}"
EndProject
Project("{2150E333-8FDC-42A3-9474-1A3956D46DE8}") = "XamarinForms", "XamarinForms", "{A70F75EE-6EA3-46F4-B8A8-8C254414221D}"
EndProject
Project("{FAE04EC0-301F-11D3-BF4B-00C04F79EFBC}") = "XamCtlTest.Android", "XamCtlTest\XamCtlTest.Android\XamCtlTest.Android.csproj", "{0428A2CD-5AAB-44FB-8DD0-EE00BEDB45E7}"
EndProject
Project("{FAE04EC0-301F-11D3-BF4B-00C04F79EFBC}") = "XamCtlTest.iOS", "XamCtlTest\XamCtlTest.iOS\XamCtlTest.iOS.csproj", "{25E61D41-BF74-451E-B2C1-47365946A3C8}"
EndProject
Project("{9A19103F-16F7-4668-BE54-9A1E7A4F7556}") = "XamCtlTest", "XamCtlTest\XamCtlTest\XamCtlTest.csproj", "{D0C77A37-3584-4CA0-B332-5ADF9E446BB9}"
EndProject
Project("{2150E333-8FDC-42A3-9474-1A3956D46DE8}") = "WinUI", "WinUI", "{39CE9BF9-77C1-4A8A-94F8-EE69032B6B0C}"
EndProject
Project("{9A19103F-16F7-4668-BE54-9A1E7A4F7556}") = "DataTools.WinUI.ColorControls", "DataTools.WinUI.ColorControls\DataTools.WinUI.ColorControls.csproj", "{2689CD55-EA98-40A6-9FA3-85DD08EF4A23}"
EndProject
Project("{9A19103F-16F7-4668-BE54-9A1E7A4F7556}") = "DataTools.WinUI", "DataTools.WinUI\DataTools.WinUI.csproj", "{CCAF3A1E-9A1B-4615-9A2A-E0F85686AB18}"
EndProject
Project("{2150E333-8FDC-42A3-9474-1A3956D46DE8}") = "Win32", "Win32", "{7505A1FF-E66B-4EAC-BEF1-F4F90EF5338C}"
EndProject
Project("{9A19103F-16F7-4668-BE54-9A1E7A4F7556}") = "DataTools.Desktop", "DataTools.Desktop\DataTools.Desktop.csproj", "{D7F403FC-5254-48F9-A415-6AFAAC107F11}"
EndProject
Project("{9A19103F-16F7-4668-BE54-9A1E7A4F7556}") = "DataTools.Win32.Disk", "DataTools.Win32.Disk\DataTools.Win32.Disk.csproj", "{32FB4338-A89C-43DA-B6D5-732524C5EAF8}"
EndProject
Project("{9A19103F-16F7-4668-BE54-9A1E7A4F7556}") = "DataTools.Win32.Bluetooth", "DataTools.Win32.Bluetooth\DataTools.Win32.Bluetooth.csproj", "{8D7B3801-834A-4DE0-9364-9971DC87EC73}"
EndProject
Project("{2150E333-8FDC-42A3-9474-1A3956D46DE8}") = "Windows", "Windows", "{0E8CAA62-3280-4B03-BCFC-1AE51F3050D0}"
EndProject
Project("{9A19103F-16F7-4668-BE54-9A1E7A4F7556}") = "DataTools.Win32.Network", "DataTools.Win32.Network\DataTools.Win32.Network.csproj", "{9912CB44-E791-4BA5-B588-12E3D58A95AD}"
EndProject
Project("{9A19103F-16F7-4668-BE54-9A1E7A4F7556}") = "DataTools.Win32", "DataTools.Win32\DataTools.Win32.csproj", "{4E5EE007-5988-4635-881D-7EBA376C37A6}"
EndProject
Project("{9A19103F-16F7-4668-BE54-9A1E7A4F7556}") = "DataTools.Win32.Usb", "DataTools.Win32.Usb\DataTools.Win32.Usb.csproj", "{B2F095DD-758C-4F04-B3EF-D75C370C883F}"
EndProject
Project("{9A19103F-16F7-4668-BE54-9A1E7A4F7556}") = "DataTools.Desktop.Network", "DataTools.Desktop.Network\DataTools.Desktop.Network.csproj", "{595B45CD-B194-4348-A8DB-9949C8CBC147}"
EndProject
Project("{2150E333-8FDC-42A3-9474-1A3956D46DE8}") = "Tests", "Tests", "{9476F51C-92C3-487D-84C2-17A3E2764189}"
EndProject
Project("{9A19103F-16F7-4668-BE54-9A1E7A4F7556}") = "TestNetwork", "TestNetwork\TestNetwork.csproj", "{D74B2249-B590-4AE6-886F-62D1FACC01E8}"
EndProject
Project("{9A19103F-16F7-4668-BE54-9A1E7A4F7556}") = "DataTools.Desktop.WPF", "DataTools.Desktop.WPF\DataTools.Desktop.WPF.csproj", "{3B00A9CF-0840-4982-A940-084B91EDCF61}"
EndProject
Project("{9A19103F-16F7-4668-BE54-9A1E7A4F7556}") = "DataTools.Win32.FileSystem", "DataTools.Win32.FileSystem\DataTools.Win32.FileSystem.csproj", "{098C3F91-4A8F-4FAD-BE2E-20483E4A5F7C}"
EndProject
Project("{9A19103F-16F7-4668-BE54-9A1E7A4F7556}") = "DataTools.Win32.TrueType", "DataTools.Win32.TrueType\DataTools.Win32.TrueType.csproj", "{CAF711C8-9DB1-485D-9E1A-8B7F81E081F6}"
EndProject
Project("{2150E333-8FDC-42A3-9474-1A3956D46DE8}") = "WPF", "WPF", "{99A0CAF6-D8C6-41C4-AA43-FE1EC68E8BFD}"
EndProject
Project("{9A19103F-16F7-4668-BE54-9A1E7A4F7556}") = "DataTools.Win32.Printers", "DataTools.Win32.Printers\DataTools.Win32.Printers.csproj", "{C2EB4349-7551-49A0-A882-4685D716B358}"
EndProject
Project("{9A19103F-16F7-4668-BE54-9A1E7A4F7556}") = "DataTools.Win32.Display", "DataTools.Win32.Display\DataTools.Win32.Display.csproj", "{71F81C73-44BA-43A3-BBB9-B72BB7F56B68}"
EndProject
Project("{9A19103F-16F7-4668-BE54-9A1E7A4F7556}") = "DataTools.Win32.Processor", "DataTools.Win32.Processor\DataTools.Win32.Processor.csproj", "{829EC701-0DF7-4B53-8CFF-5888D25C3910}"
EndProject
Project("{9A19103F-16F7-4668-BE54-9A1E7A4F7556}") = "DataTools.Computer", "DataTools.Computer\DataTools.Computer.csproj", "{7FB3F4AA-78E3-4EEE-AC40-A9C622A91F44}"
EndProject
Project("{2150E333-8FDC-42A3-9474-1A3956D46DE8}") = "Solution Items", "Solution Items", "{34D8F0E3-04CB-48AD-ACC9-B4AEDF0C6AF3}"
	ProjectSection(SolutionItems) = preProject
		README.md = README.md
	EndProjectSection
EndProject
Project("{9A19103F-16F7-4668-BE54-9A1E7A4F7556}") = "TestDisks", "TestDisks\TestDisks.csproj", "{0AE147BD-1505-4681-95BE-50D8222E41FE}"
EndProject
Project("{9A19103F-16F7-4668-BE54-9A1E7A4F7556}") = "DataTools.PluginFramework", "DataTools.PluginFramework\DataTools.PluginFramework.csproj", "{C1EEA3D7-6F5E-4FE3-AD8A-ECFE68569C91}"
EndProject
Project("{FAE04EC0-301F-11D3-BF4B-00C04F79EFBC}") = "TestHid", "TestHid\TestHid.csproj", "{D33B6397-072D-4E0F-97F7-99BF76D6A567}"
EndProject
Global
	GlobalSection(SolutionConfigurationPlatforms) = preSolution
		Debug|Any CPU = Debug|Any CPU
		Debug|iPhone = Debug|iPhone
		Debug|iPhoneSimulator = Debug|iPhoneSimulator
		Debug|x64 = Debug|x64
		Debug|x86 = Debug|x86
		Release|Any CPU = Release|Any CPU
		Release|iPhone = Release|iPhone
		Release|iPhoneSimulator = Release|iPhoneSimulator
		Release|x64 = Release|x64
		Release|x86 = Release|x86
	EndGlobalSection
	GlobalSection(ProjectConfigurationPlatforms) = postSolution
		{550DD7EE-2829-4B10-9EA3-6FA863FEDA33}.Debug|Any CPU.ActiveCfg = Debug|Any CPU
		{550DD7EE-2829-4B10-9EA3-6FA863FEDA33}.Debug|Any CPU.Build.0 = Debug|Any CPU
		{550DD7EE-2829-4B10-9EA3-6FA863FEDA33}.Debug|iPhone.ActiveCfg = Debug|Any CPU
		{550DD7EE-2829-4B10-9EA3-6FA863FEDA33}.Debug|iPhone.Build.0 = Debug|Any CPU
		{550DD7EE-2829-4B10-9EA3-6FA863FEDA33}.Debug|iPhoneSimulator.ActiveCfg = Debug|Any CPU
		{550DD7EE-2829-4B10-9EA3-6FA863FEDA33}.Debug|iPhoneSimulator.Build.0 = Debug|Any CPU
		{550DD7EE-2829-4B10-9EA3-6FA863FEDA33}.Debug|x64.ActiveCfg = Debug|x64
		{550DD7EE-2829-4B10-9EA3-6FA863FEDA33}.Debug|x64.Build.0 = Debug|x64
		{550DD7EE-2829-4B10-9EA3-6FA863FEDA33}.Debug|x86.ActiveCfg = Debug|x86
		{550DD7EE-2829-4B10-9EA3-6FA863FEDA33}.Debug|x86.Build.0 = Debug|x86
		{550DD7EE-2829-4B10-9EA3-6FA863FEDA33}.Release|Any CPU.ActiveCfg = Release|Any CPU
		{550DD7EE-2829-4B10-9EA3-6FA863FEDA33}.Release|Any CPU.Build.0 = Release|Any CPU
		{550DD7EE-2829-4B10-9EA3-6FA863FEDA33}.Release|iPhone.ActiveCfg = Release|Any CPU
		{550DD7EE-2829-4B10-9EA3-6FA863FEDA33}.Release|iPhone.Build.0 = Release|Any CPU
		{550DD7EE-2829-4B10-9EA3-6FA863FEDA33}.Release|iPhoneSimulator.ActiveCfg = Release|Any CPU
		{550DD7EE-2829-4B10-9EA3-6FA863FEDA33}.Release|iPhoneSimulator.Build.0 = Release|Any CPU
		{550DD7EE-2829-4B10-9EA3-6FA863FEDA33}.Release|x64.ActiveCfg = Release|x64
		{550DD7EE-2829-4B10-9EA3-6FA863FEDA33}.Release|x64.Build.0 = Release|x64
		{550DD7EE-2829-4B10-9EA3-6FA863FEDA33}.Release|x86.ActiveCfg = Release|x86
		{550DD7EE-2829-4B10-9EA3-6FA863FEDA33}.Release|x86.Build.0 = Release|x86
		{383A208D-1CE8-47B4-8973-B436C2111B4F}.Debug|Any CPU.ActiveCfg = Debug|Any CPU
		{383A208D-1CE8-47B4-8973-B436C2111B4F}.Debug|Any CPU.Build.0 = Debug|Any CPU
		{383A208D-1CE8-47B4-8973-B436C2111B4F}.Debug|iPhone.ActiveCfg = Debug|Any CPU
		{383A208D-1CE8-47B4-8973-B436C2111B4F}.Debug|iPhone.Build.0 = Debug|Any CPU
		{383A208D-1CE8-47B4-8973-B436C2111B4F}.Debug|iPhoneSimulator.ActiveCfg = Debug|Any CPU
		{383A208D-1CE8-47B4-8973-B436C2111B4F}.Debug|iPhoneSimulator.Build.0 = Debug|Any CPU
		{383A208D-1CE8-47B4-8973-B436C2111B4F}.Debug|x64.ActiveCfg = Debug|Any CPU
		{383A208D-1CE8-47B4-8973-B436C2111B4F}.Debug|x64.Build.0 = Debug|Any CPU
		{383A208D-1CE8-47B4-8973-B436C2111B4F}.Debug|x86.ActiveCfg = Debug|Any CPU
		{383A208D-1CE8-47B4-8973-B436C2111B4F}.Debug|x86.Build.0 = Debug|Any CPU
		{383A208D-1CE8-47B4-8973-B436C2111B4F}.Release|Any CPU.ActiveCfg = Release|Any CPU
		{383A208D-1CE8-47B4-8973-B436C2111B4F}.Release|Any CPU.Build.0 = Release|Any CPU
		{383A208D-1CE8-47B4-8973-B436C2111B4F}.Release|iPhone.ActiveCfg = Release|Any CPU
		{383A208D-1CE8-47B4-8973-B436C2111B4F}.Release|iPhone.Build.0 = Release|Any CPU
		{383A208D-1CE8-47B4-8973-B436C2111B4F}.Release|iPhoneSimulator.ActiveCfg = Release|Any CPU
		{383A208D-1CE8-47B4-8973-B436C2111B4F}.Release|iPhoneSimulator.Build.0 = Release|Any CPU
		{383A208D-1CE8-47B4-8973-B436C2111B4F}.Release|x64.ActiveCfg = Release|Any CPU
		{383A208D-1CE8-47B4-8973-B436C2111B4F}.Release|x64.Build.0 = Release|Any CPU
		{383A208D-1CE8-47B4-8973-B436C2111B4F}.Release|x86.ActiveCfg = Release|Any CPU
		{383A208D-1CE8-47B4-8973-B436C2111B4F}.Release|x86.Build.0 = Release|Any CPU
		{FD87ABAA-1B89-47AD-A068-A9E8E07D36B6}.Debug|Any CPU.ActiveCfg = Debug|Any CPU
		{FD87ABAA-1B89-47AD-A068-A9E8E07D36B6}.Debug|Any CPU.Build.0 = Debug|Any CPU
		{FD87ABAA-1B89-47AD-A068-A9E8E07D36B6}.Debug|iPhone.ActiveCfg = Debug|Any CPU
		{FD87ABAA-1B89-47AD-A068-A9E8E07D36B6}.Debug|iPhone.Build.0 = Debug|Any CPU
		{FD87ABAA-1B89-47AD-A068-A9E8E07D36B6}.Debug|iPhoneSimulator.ActiveCfg = Debug|Any CPU
		{FD87ABAA-1B89-47AD-A068-A9E8E07D36B6}.Debug|iPhoneSimulator.Build.0 = Debug|Any CPU
		{FD87ABAA-1B89-47AD-A068-A9E8E07D36B6}.Debug|x64.ActiveCfg = Debug|x64
		{FD87ABAA-1B89-47AD-A068-A9E8E07D36B6}.Debug|x64.Build.0 = Debug|x64
		{FD87ABAA-1B89-47AD-A068-A9E8E07D36B6}.Debug|x86.ActiveCfg = Debug|Any CPU
		{FD87ABAA-1B89-47AD-A068-A9E8E07D36B6}.Debug|x86.Build.0 = Debug|Any CPU
		{FD87ABAA-1B89-47AD-A068-A9E8E07D36B6}.Release|Any CPU.ActiveCfg = Release|Any CPU
		{FD87ABAA-1B89-47AD-A068-A9E8E07D36B6}.Release|Any CPU.Build.0 = Release|Any CPU
		{FD87ABAA-1B89-47AD-A068-A9E8E07D36B6}.Release|iPhone.ActiveCfg = Release|Any CPU
		{FD87ABAA-1B89-47AD-A068-A9E8E07D36B6}.Release|iPhone.Build.0 = Release|Any CPU
		{FD87ABAA-1B89-47AD-A068-A9E8E07D36B6}.Release|iPhoneSimulator.ActiveCfg = Release|Any CPU
		{FD87ABAA-1B89-47AD-A068-A9E8E07D36B6}.Release|iPhoneSimulator.Build.0 = Release|Any CPU
		{FD87ABAA-1B89-47AD-A068-A9E8E07D36B6}.Release|x64.ActiveCfg = Release|Any CPU
		{FD87ABAA-1B89-47AD-A068-A9E8E07D36B6}.Release|x64.Build.0 = Release|Any CPU
		{FD87ABAA-1B89-47AD-A068-A9E8E07D36B6}.Release|x86.ActiveCfg = Release|Any CPU
		{FD87ABAA-1B89-47AD-A068-A9E8E07D36B6}.Release|x86.Build.0 = Release|Any CPU
		{FF4A09A1-CF7E-438C-86E3-AE4BD300DFFB}.Debug|Any CPU.ActiveCfg = Debug|Any CPU
		{FF4A09A1-CF7E-438C-86E3-AE4BD300DFFB}.Debug|Any CPU.Build.0 = Debug|Any CPU
		{FF4A09A1-CF7E-438C-86E3-AE4BD300DFFB}.Debug|iPhone.ActiveCfg = Debug|Any CPU
		{FF4A09A1-CF7E-438C-86E3-AE4BD300DFFB}.Debug|iPhone.Build.0 = Debug|Any CPU
		{FF4A09A1-CF7E-438C-86E3-AE4BD300DFFB}.Debug|iPhoneSimulator.ActiveCfg = Debug|Any CPU
		{FF4A09A1-CF7E-438C-86E3-AE4BD300DFFB}.Debug|iPhoneSimulator.Build.0 = Debug|Any CPU
		{FF4A09A1-CF7E-438C-86E3-AE4BD300DFFB}.Debug|x64.ActiveCfg = Debug|x64
		{FF4A09A1-CF7E-438C-86E3-AE4BD300DFFB}.Debug|x64.Build.0 = Debug|x64
		{FF4A09A1-CF7E-438C-86E3-AE4BD300DFFB}.Debug|x86.ActiveCfg = Debug|Any CPU
		{FF4A09A1-CF7E-438C-86E3-AE4BD300DFFB}.Debug|x86.Build.0 = Debug|Any CPU
		{FF4A09A1-CF7E-438C-86E3-AE4BD300DFFB}.Release|Any CPU.ActiveCfg = Release|Any CPU
		{FF4A09A1-CF7E-438C-86E3-AE4BD300DFFB}.Release|Any CPU.Build.0 = Release|Any CPU
		{FF4A09A1-CF7E-438C-86E3-AE4BD300DFFB}.Release|iPhone.ActiveCfg = Release|Any CPU
		{FF4A09A1-CF7E-438C-86E3-AE4BD300DFFB}.Release|iPhone.Build.0 = Release|Any CPU
		{FF4A09A1-CF7E-438C-86E3-AE4BD300DFFB}.Release|iPhoneSimulator.ActiveCfg = Release|Any CPU
		{FF4A09A1-CF7E-438C-86E3-AE4BD300DFFB}.Release|iPhoneSimulator.Build.0 = Release|Any CPU
		{FF4A09A1-CF7E-438C-86E3-AE4BD300DFFB}.Release|x64.ActiveCfg = Release|Any CPU
		{FF4A09A1-CF7E-438C-86E3-AE4BD300DFFB}.Release|x64.Build.0 = Release|Any CPU
		{FF4A09A1-CF7E-438C-86E3-AE4BD300DFFB}.Release|x86.ActiveCfg = Release|Any CPU
		{FF4A09A1-CF7E-438C-86E3-AE4BD300DFFB}.Release|x86.Build.0 = Release|Any CPU
		{EE36CD78-3393-4CFA-9E17-1C081AD31481}.Debug|Any CPU.ActiveCfg = Debug|Any CPU
		{EE36CD78-3393-4CFA-9E17-1C081AD31481}.Debug|Any CPU.Build.0 = Debug|Any CPU
		{EE36CD78-3393-4CFA-9E17-1C081AD31481}.Debug|iPhone.ActiveCfg = Debug|Any CPU
		{EE36CD78-3393-4CFA-9E17-1C081AD31481}.Debug|iPhone.Build.0 = Debug|Any CPU
		{EE36CD78-3393-4CFA-9E17-1C081AD31481}.Debug|iPhoneSimulator.ActiveCfg = Debug|Any CPU
		{EE36CD78-3393-4CFA-9E17-1C081AD31481}.Debug|iPhoneSimulator.Build.0 = Debug|Any CPU
		{EE36CD78-3393-4CFA-9E17-1C081AD31481}.Debug|x64.ActiveCfg = Debug|Any CPU
		{EE36CD78-3393-4CFA-9E17-1C081AD31481}.Debug|x64.Build.0 = Debug|Any CPU
		{EE36CD78-3393-4CFA-9E17-1C081AD31481}.Debug|x86.ActiveCfg = Debug|Any CPU
		{EE36CD78-3393-4CFA-9E17-1C081AD31481}.Debug|x86.Build.0 = Debug|Any CPU
		{EE36CD78-3393-4CFA-9E17-1C081AD31481}.Release|Any CPU.ActiveCfg = Release|Any CPU
		{EE36CD78-3393-4CFA-9E17-1C081AD31481}.Release|Any CPU.Build.0 = Release|Any CPU
		{EE36CD78-3393-4CFA-9E17-1C081AD31481}.Release|iPhone.ActiveCfg = Release|Any CPU
		{EE36CD78-3393-4CFA-9E17-1C081AD31481}.Release|iPhone.Build.0 = Release|Any CPU
		{EE36CD78-3393-4CFA-9E17-1C081AD31481}.Release|iPhoneSimulator.ActiveCfg = Release|Any CPU
		{EE36CD78-3393-4CFA-9E17-1C081AD31481}.Release|iPhoneSimulator.Build.0 = Release|Any CPU
		{EE36CD78-3393-4CFA-9E17-1C081AD31481}.Release|x64.ActiveCfg = Release|Any CPU
		{EE36CD78-3393-4CFA-9E17-1C081AD31481}.Release|x64.Build.0 = Release|Any CPU
		{EE36CD78-3393-4CFA-9E17-1C081AD31481}.Release|x86.ActiveCfg = Release|Any CPU
		{EE36CD78-3393-4CFA-9E17-1C081AD31481}.Release|x86.Build.0 = Release|Any CPU
		{6F86C54B-4080-4361-B6EB-D59E5327C442}.Debug|Any CPU.ActiveCfg = Debug|Any CPU
		{6F86C54B-4080-4361-B6EB-D59E5327C442}.Debug|Any CPU.Build.0 = Debug|Any CPU
		{6F86C54B-4080-4361-B6EB-D59E5327C442}.Debug|iPhone.ActiveCfg = Debug|Any CPU
		{6F86C54B-4080-4361-B6EB-D59E5327C442}.Debug|iPhone.Build.0 = Debug|Any CPU
		{6F86C54B-4080-4361-B6EB-D59E5327C442}.Debug|iPhoneSimulator.ActiveCfg = Debug|Any CPU
		{6F86C54B-4080-4361-B6EB-D59E5327C442}.Debug|iPhoneSimulator.Build.0 = Debug|Any CPU
		{6F86C54B-4080-4361-B6EB-D59E5327C442}.Debug|x64.ActiveCfg = Debug|Any CPU
		{6F86C54B-4080-4361-B6EB-D59E5327C442}.Debug|x64.Build.0 = Debug|Any CPU
		{6F86C54B-4080-4361-B6EB-D59E5327C442}.Debug|x86.ActiveCfg = Debug|Any CPU
		{6F86C54B-4080-4361-B6EB-D59E5327C442}.Debug|x86.Build.0 = Debug|Any CPU
		{6F86C54B-4080-4361-B6EB-D59E5327C442}.Release|Any CPU.ActiveCfg = Release|Any CPU
		{6F86C54B-4080-4361-B6EB-D59E5327C442}.Release|Any CPU.Build.0 = Release|Any CPU
		{6F86C54B-4080-4361-B6EB-D59E5327C442}.Release|iPhone.ActiveCfg = Release|Any CPU
		{6F86C54B-4080-4361-B6EB-D59E5327C442}.Release|iPhone.Build.0 = Release|Any CPU
		{6F86C54B-4080-4361-B6EB-D59E5327C442}.Release|iPhoneSimulator.ActiveCfg = Release|Any CPU
		{6F86C54B-4080-4361-B6EB-D59E5327C442}.Release|iPhoneSimulator.Build.0 = Release|Any CPU
		{6F86C54B-4080-4361-B6EB-D59E5327C442}.Release|x64.ActiveCfg = Release|Any CPU
		{6F86C54B-4080-4361-B6EB-D59E5327C442}.Release|x64.Build.0 = Release|Any CPU
		{6F86C54B-4080-4361-B6EB-D59E5327C442}.Release|x86.ActiveCfg = Release|Any CPU
		{6F86C54B-4080-4361-B6EB-D59E5327C442}.Release|x86.Build.0 = Release|Any CPU
		{0428A2CD-5AAB-44FB-8DD0-EE00BEDB45E7}.Debug|Any CPU.ActiveCfg = Debug|Any CPU
		{0428A2CD-5AAB-44FB-8DD0-EE00BEDB45E7}.Debug|Any CPU.Build.0 = Debug|Any CPU
		{0428A2CD-5AAB-44FB-8DD0-EE00BEDB45E7}.Debug|Any CPU.Deploy.0 = Debug|Any CPU
		{0428A2CD-5AAB-44FB-8DD0-EE00BEDB45E7}.Debug|iPhone.ActiveCfg = Debug|Any CPU
		{0428A2CD-5AAB-44FB-8DD0-EE00BEDB45E7}.Debug|iPhone.Build.0 = Debug|Any CPU
		{0428A2CD-5AAB-44FB-8DD0-EE00BEDB45E7}.Debug|iPhone.Deploy.0 = Debug|Any CPU
		{0428A2CD-5AAB-44FB-8DD0-EE00BEDB45E7}.Debug|iPhoneSimulator.ActiveCfg = Debug|Any CPU
		{0428A2CD-5AAB-44FB-8DD0-EE00BEDB45E7}.Debug|iPhoneSimulator.Build.0 = Debug|Any CPU
		{0428A2CD-5AAB-44FB-8DD0-EE00BEDB45E7}.Debug|iPhoneSimulator.Deploy.0 = Debug|Any CPU
		{0428A2CD-5AAB-44FB-8DD0-EE00BEDB45E7}.Debug|x64.ActiveCfg = Debug|Any CPU
		{0428A2CD-5AAB-44FB-8DD0-EE00BEDB45E7}.Debug|x64.Build.0 = Debug|Any CPU
		{0428A2CD-5AAB-44FB-8DD0-EE00BEDB45E7}.Debug|x64.Deploy.0 = Debug|Any CPU
		{0428A2CD-5AAB-44FB-8DD0-EE00BEDB45E7}.Debug|x86.ActiveCfg = Debug|Any CPU
		{0428A2CD-5AAB-44FB-8DD0-EE00BEDB45E7}.Debug|x86.Build.0 = Debug|Any CPU
		{0428A2CD-5AAB-44FB-8DD0-EE00BEDB45E7}.Debug|x86.Deploy.0 = Debug|Any CPU
		{0428A2CD-5AAB-44FB-8DD0-EE00BEDB45E7}.Release|Any CPU.ActiveCfg = Release|Any CPU
		{0428A2CD-5AAB-44FB-8DD0-EE00BEDB45E7}.Release|Any CPU.Build.0 = Release|Any CPU
		{0428A2CD-5AAB-44FB-8DD0-EE00BEDB45E7}.Release|Any CPU.Deploy.0 = Release|Any CPU
		{0428A2CD-5AAB-44FB-8DD0-EE00BEDB45E7}.Release|iPhone.ActiveCfg = Release|Any CPU
		{0428A2CD-5AAB-44FB-8DD0-EE00BEDB45E7}.Release|iPhone.Build.0 = Release|Any CPU
		{0428A2CD-5AAB-44FB-8DD0-EE00BEDB45E7}.Release|iPhone.Deploy.0 = Release|Any CPU
		{0428A2CD-5AAB-44FB-8DD0-EE00BEDB45E7}.Release|iPhoneSimulator.ActiveCfg = Release|Any CPU
		{0428A2CD-5AAB-44FB-8DD0-EE00BEDB45E7}.Release|iPhoneSimulator.Build.0 = Release|Any CPU
		{0428A2CD-5AAB-44FB-8DD0-EE00BEDB45E7}.Release|iPhoneSimulator.Deploy.0 = Release|Any CPU
		{0428A2CD-5AAB-44FB-8DD0-EE00BEDB45E7}.Release|x64.ActiveCfg = Release|Any CPU
		{0428A2CD-5AAB-44FB-8DD0-EE00BEDB45E7}.Release|x64.Build.0 = Release|Any CPU
		{0428A2CD-5AAB-44FB-8DD0-EE00BEDB45E7}.Release|x64.Deploy.0 = Release|Any CPU
		{0428A2CD-5AAB-44FB-8DD0-EE00BEDB45E7}.Release|x86.ActiveCfg = Release|Any CPU
		{0428A2CD-5AAB-44FB-8DD0-EE00BEDB45E7}.Release|x86.Build.0 = Release|Any CPU
		{0428A2CD-5AAB-44FB-8DD0-EE00BEDB45E7}.Release|x86.Deploy.0 = Release|Any CPU
		{25E61D41-BF74-451E-B2C1-47365946A3C8}.Debug|Any CPU.ActiveCfg = Debug|iPhoneSimulator
		{25E61D41-BF74-451E-B2C1-47365946A3C8}.Debug|iPhone.ActiveCfg = Debug|iPhone
		{25E61D41-BF74-451E-B2C1-47365946A3C8}.Debug|iPhone.Build.0 = Debug|iPhone
		{25E61D41-BF74-451E-B2C1-47365946A3C8}.Debug|iPhoneSimulator.ActiveCfg = Debug|iPhoneSimulator
		{25E61D41-BF74-451E-B2C1-47365946A3C8}.Debug|iPhoneSimulator.Build.0 = Debug|iPhoneSimulator
		{25E61D41-BF74-451E-B2C1-47365946A3C8}.Debug|x64.ActiveCfg = Debug|iPhoneSimulator
		{25E61D41-BF74-451E-B2C1-47365946A3C8}.Debug|x86.ActiveCfg = Debug|iPhoneSimulator
		{25E61D41-BF74-451E-B2C1-47365946A3C8}.Release|Any CPU.ActiveCfg = Release|iPhoneSimulator
		{25E61D41-BF74-451E-B2C1-47365946A3C8}.Release|iPhone.ActiveCfg = Release|iPhone
		{25E61D41-BF74-451E-B2C1-47365946A3C8}.Release|iPhone.Build.0 = Release|iPhone
		{25E61D41-BF74-451E-B2C1-47365946A3C8}.Release|iPhoneSimulator.ActiveCfg = Release|iPhoneSimulator
		{25E61D41-BF74-451E-B2C1-47365946A3C8}.Release|iPhoneSimulator.Build.0 = Release|iPhoneSimulator
		{25E61D41-BF74-451E-B2C1-47365946A3C8}.Release|x64.ActiveCfg = Release|iPhoneSimulator
		{25E61D41-BF74-451E-B2C1-47365946A3C8}.Release|x86.ActiveCfg = Release|iPhoneSimulator
		{D0C77A37-3584-4CA0-B332-5ADF9E446BB9}.Debug|Any CPU.ActiveCfg = Debug|Any CPU
		{D0C77A37-3584-4CA0-B332-5ADF9E446BB9}.Debug|Any CPU.Build.0 = Debug|Any CPU
		{D0C77A37-3584-4CA0-B332-5ADF9E446BB9}.Debug|iPhone.ActiveCfg = Debug|Any CPU
		{D0C77A37-3584-4CA0-B332-5ADF9E446BB9}.Debug|iPhone.Build.0 = Debug|Any CPU
		{D0C77A37-3584-4CA0-B332-5ADF9E446BB9}.Debug|iPhoneSimulator.ActiveCfg = Debug|Any CPU
		{D0C77A37-3584-4CA0-B332-5ADF9E446BB9}.Debug|iPhoneSimulator.Build.0 = Debug|Any CPU
		{D0C77A37-3584-4CA0-B332-5ADF9E446BB9}.Debug|x64.ActiveCfg = Debug|Any CPU
		{D0C77A37-3584-4CA0-B332-5ADF9E446BB9}.Debug|x64.Build.0 = Debug|Any CPU
		{D0C77A37-3584-4CA0-B332-5ADF9E446BB9}.Debug|x86.ActiveCfg = Debug|Any CPU
		{D0C77A37-3584-4CA0-B332-5ADF9E446BB9}.Debug|x86.Build.0 = Debug|Any CPU
		{D0C77A37-3584-4CA0-B332-5ADF9E446BB9}.Release|Any CPU.ActiveCfg = Release|Any CPU
		{D0C77A37-3584-4CA0-B332-5ADF9E446BB9}.Release|Any CPU.Build.0 = Release|Any CPU
		{D0C77A37-3584-4CA0-B332-5ADF9E446BB9}.Release|iPhone.ActiveCfg = Release|Any CPU
		{D0C77A37-3584-4CA0-B332-5ADF9E446BB9}.Release|iPhone.Build.0 = Release|Any CPU
		{D0C77A37-3584-4CA0-B332-5ADF9E446BB9}.Release|iPhoneSimulator.ActiveCfg = Release|Any CPU
		{D0C77A37-3584-4CA0-B332-5ADF9E446BB9}.Release|iPhoneSimulator.Build.0 = Release|Any CPU
		{D0C77A37-3584-4CA0-B332-5ADF9E446BB9}.Release|x64.ActiveCfg = Release|Any CPU
		{D0C77A37-3584-4CA0-B332-5ADF9E446BB9}.Release|x64.Build.0 = Release|Any CPU
		{D0C77A37-3584-4CA0-B332-5ADF9E446BB9}.Release|x86.ActiveCfg = Release|Any CPU
		{D0C77A37-3584-4CA0-B332-5ADF9E446BB9}.Release|x86.Build.0 = Release|Any CPU
		{2689CD55-EA98-40A6-9FA3-85DD08EF4A23}.Debug|Any CPU.ActiveCfg = Debug|Any CPU
		{2689CD55-EA98-40A6-9FA3-85DD08EF4A23}.Debug|Any CPU.Build.0 = Debug|Any CPU
		{2689CD55-EA98-40A6-9FA3-85DD08EF4A23}.Debug|iPhone.ActiveCfg = Debug|Any CPU
		{2689CD55-EA98-40A6-9FA3-85DD08EF4A23}.Debug|iPhone.Build.0 = Debug|Any CPU
		{2689CD55-EA98-40A6-9FA3-85DD08EF4A23}.Debug|iPhoneSimulator.ActiveCfg = Debug|Any CPU
		{2689CD55-EA98-40A6-9FA3-85DD08EF4A23}.Debug|iPhoneSimulator.Build.0 = Debug|Any CPU
		{2689CD55-EA98-40A6-9FA3-85DD08EF4A23}.Debug|x64.ActiveCfg = Debug|x64
		{2689CD55-EA98-40A6-9FA3-85DD08EF4A23}.Debug|x64.Build.0 = Debug|x64
		{2689CD55-EA98-40A6-9FA3-85DD08EF4A23}.Debug|x86.ActiveCfg = Debug|Any CPU
		{2689CD55-EA98-40A6-9FA3-85DD08EF4A23}.Debug|x86.Build.0 = Debug|Any CPU
		{2689CD55-EA98-40A6-9FA3-85DD08EF4A23}.Release|Any CPU.ActiveCfg = Release|Any CPU
		{2689CD55-EA98-40A6-9FA3-85DD08EF4A23}.Release|Any CPU.Build.0 = Release|Any CPU
		{2689CD55-EA98-40A6-9FA3-85DD08EF4A23}.Release|iPhone.ActiveCfg = Release|Any CPU
		{2689CD55-EA98-40A6-9FA3-85DD08EF4A23}.Release|iPhone.Build.0 = Release|Any CPU
		{2689CD55-EA98-40A6-9FA3-85DD08EF4A23}.Release|iPhoneSimulator.ActiveCfg = Release|Any CPU
		{2689CD55-EA98-40A6-9FA3-85DD08EF4A23}.Release|iPhoneSimulator.Build.0 = Release|Any CPU
		{2689CD55-EA98-40A6-9FA3-85DD08EF4A23}.Release|x64.ActiveCfg = Release|Any CPU
		{2689CD55-EA98-40A6-9FA3-85DD08EF4A23}.Release|x64.Build.0 = Release|Any CPU
		{2689CD55-EA98-40A6-9FA3-85DD08EF4A23}.Release|x86.ActiveCfg = Release|Any CPU
		{2689CD55-EA98-40A6-9FA3-85DD08EF4A23}.Release|x86.Build.0 = Release|Any CPU
		{CCAF3A1E-9A1B-4615-9A2A-E0F85686AB18}.Debug|Any CPU.ActiveCfg = Debug|Any CPU
		{CCAF3A1E-9A1B-4615-9A2A-E0F85686AB18}.Debug|Any CPU.Build.0 = Debug|Any CPU
		{CCAF3A1E-9A1B-4615-9A2A-E0F85686AB18}.Debug|iPhone.ActiveCfg = Debug|Any CPU
		{CCAF3A1E-9A1B-4615-9A2A-E0F85686AB18}.Debug|iPhone.Build.0 = Debug|Any CPU
		{CCAF3A1E-9A1B-4615-9A2A-E0F85686AB18}.Debug|iPhoneSimulator.ActiveCfg = Debug|Any CPU
		{CCAF3A1E-9A1B-4615-9A2A-E0F85686AB18}.Debug|iPhoneSimulator.Build.0 = Debug|Any CPU
		{CCAF3A1E-9A1B-4615-9A2A-E0F85686AB18}.Debug|x64.ActiveCfg = Debug|x64
		{CCAF3A1E-9A1B-4615-9A2A-E0F85686AB18}.Debug|x64.Build.0 = Debug|x64
		{CCAF3A1E-9A1B-4615-9A2A-E0F85686AB18}.Debug|x86.ActiveCfg = Debug|Any CPU
		{CCAF3A1E-9A1B-4615-9A2A-E0F85686AB18}.Debug|x86.Build.0 = Debug|Any CPU
		{CCAF3A1E-9A1B-4615-9A2A-E0F85686AB18}.Release|Any CPU.ActiveCfg = Release|Any CPU
		{CCAF3A1E-9A1B-4615-9A2A-E0F85686AB18}.Release|Any CPU.Build.0 = Release|Any CPU
		{CCAF3A1E-9A1B-4615-9A2A-E0F85686AB18}.Release|iPhone.ActiveCfg = Release|Any CPU
		{CCAF3A1E-9A1B-4615-9A2A-E0F85686AB18}.Release|iPhone.Build.0 = Release|Any CPU
		{CCAF3A1E-9A1B-4615-9A2A-E0F85686AB18}.Release|iPhoneSimulator.ActiveCfg = Release|Any CPU
		{CCAF3A1E-9A1B-4615-9A2A-E0F85686AB18}.Release|iPhoneSimulator.Build.0 = Release|Any CPU
		{CCAF3A1E-9A1B-4615-9A2A-E0F85686AB18}.Release|x64.ActiveCfg = Release|x64
		{CCAF3A1E-9A1B-4615-9A2A-E0F85686AB18}.Release|x64.Build.0 = Release|x64
		{CCAF3A1E-9A1B-4615-9A2A-E0F85686AB18}.Release|x86.ActiveCfg = Release|Any CPU
		{CCAF3A1E-9A1B-4615-9A2A-E0F85686AB18}.Release|x86.Build.0 = Release|Any CPU
		{D7F403FC-5254-48F9-A415-6AFAAC107F11}.Debug|Any CPU.ActiveCfg = Debug|Any CPU
		{D7F403FC-5254-48F9-A415-6AFAAC107F11}.Debug|Any CPU.Build.0 = Debug|Any CPU
		{D7F403FC-5254-48F9-A415-6AFAAC107F11}.Debug|iPhone.ActiveCfg = Debug|Any CPU
		{D7F403FC-5254-48F9-A415-6AFAAC107F11}.Debug|iPhone.Build.0 = Debug|Any CPU
		{D7F403FC-5254-48F9-A415-6AFAAC107F11}.Debug|iPhoneSimulator.ActiveCfg = Debug|Any CPU
		{D7F403FC-5254-48F9-A415-6AFAAC107F11}.Debug|iPhoneSimulator.Build.0 = Debug|Any CPU
		{D7F403FC-5254-48F9-A415-6AFAAC107F11}.Debug|x64.ActiveCfg = Debug|x64
		{D7F403FC-5254-48F9-A415-6AFAAC107F11}.Debug|x64.Build.0 = Debug|x64
		{D7F403FC-5254-48F9-A415-6AFAAC107F11}.Debug|x86.ActiveCfg = Debug|Any CPU
		{D7F403FC-5254-48F9-A415-6AFAAC107F11}.Debug|x86.Build.0 = Debug|Any CPU
		{D7F403FC-5254-48F9-A415-6AFAAC107F11}.Release|Any CPU.ActiveCfg = Release|Any CPU
		{D7F403FC-5254-48F9-A415-6AFAAC107F11}.Release|Any CPU.Build.0 = Release|Any CPU
		{D7F403FC-5254-48F9-A415-6AFAAC107F11}.Release|iPhone.ActiveCfg = Release|Any CPU
		{D7F403FC-5254-48F9-A415-6AFAAC107F11}.Release|iPhone.Build.0 = Release|Any CPU
		{D7F403FC-5254-48F9-A415-6AFAAC107F11}.Release|iPhoneSimulator.ActiveCfg = Release|Any CPU
		{D7F403FC-5254-48F9-A415-6AFAAC107F11}.Release|iPhoneSimulator.Build.0 = Release|Any CPU
		{D7F403FC-5254-48F9-A415-6AFAAC107F11}.Release|x64.ActiveCfg = Release|Any CPU
		{D7F403FC-5254-48F9-A415-6AFAAC107F11}.Release|x64.Build.0 = Release|Any CPU
		{D7F403FC-5254-48F9-A415-6AFAAC107F11}.Release|x86.ActiveCfg = Release|Any CPU
		{D7F403FC-5254-48F9-A415-6AFAAC107F11}.Release|x86.Build.0 = Release|Any CPU
		{32FB4338-A89C-43DA-B6D5-732524C5EAF8}.Debug|Any CPU.ActiveCfg = Debug|Any CPU
		{32FB4338-A89C-43DA-B6D5-732524C5EAF8}.Debug|Any CPU.Build.0 = Debug|Any CPU
		{32FB4338-A89C-43DA-B6D5-732524C5EAF8}.Debug|iPhone.ActiveCfg = Debug|Any CPU
		{32FB4338-A89C-43DA-B6D5-732524C5EAF8}.Debug|iPhone.Build.0 = Debug|Any CPU
		{32FB4338-A89C-43DA-B6D5-732524C5EAF8}.Debug|iPhoneSimulator.ActiveCfg = Debug|Any CPU
		{32FB4338-A89C-43DA-B6D5-732524C5EAF8}.Debug|iPhoneSimulator.Build.0 = Debug|Any CPU
		{32FB4338-A89C-43DA-B6D5-732524C5EAF8}.Debug|x64.ActiveCfg = Debug|x64
		{32FB4338-A89C-43DA-B6D5-732524C5EAF8}.Debug|x64.Build.0 = Debug|x64
		{32FB4338-A89C-43DA-B6D5-732524C5EAF8}.Debug|x86.ActiveCfg = Debug|Any CPU
		{32FB4338-A89C-43DA-B6D5-732524C5EAF8}.Debug|x86.Build.0 = Debug|Any CPU
		{32FB4338-A89C-43DA-B6D5-732524C5EAF8}.Release|Any CPU.ActiveCfg = Release|Any CPU
		{32FB4338-A89C-43DA-B6D5-732524C5EAF8}.Release|Any CPU.Build.0 = Release|Any CPU
		{32FB4338-A89C-43DA-B6D5-732524C5EAF8}.Release|iPhone.ActiveCfg = Release|Any CPU
		{32FB4338-A89C-43DA-B6D5-732524C5EAF8}.Release|iPhone.Build.0 = Release|Any CPU
		{32FB4338-A89C-43DA-B6D5-732524C5EAF8}.Release|iPhoneSimulator.ActiveCfg = Release|Any CPU
		{32FB4338-A89C-43DA-B6D5-732524C5EAF8}.Release|iPhoneSimulator.Build.0 = Release|Any CPU
		{32FB4338-A89C-43DA-B6D5-732524C5EAF8}.Release|x64.ActiveCfg = Release|Any CPU
		{32FB4338-A89C-43DA-B6D5-732524C5EAF8}.Release|x64.Build.0 = Release|Any CPU
		{32FB4338-A89C-43DA-B6D5-732524C5EAF8}.Release|x86.ActiveCfg = Release|Any CPU
		{32FB4338-A89C-43DA-B6D5-732524C5EAF8}.Release|x86.Build.0 = Release|Any CPU
		{8D7B3801-834A-4DE0-9364-9971DC87EC73}.Debug|Any CPU.ActiveCfg = Debug|Any CPU
		{8D7B3801-834A-4DE0-9364-9971DC87EC73}.Debug|Any CPU.Build.0 = Debug|Any CPU
		{8D7B3801-834A-4DE0-9364-9971DC87EC73}.Debug|iPhone.ActiveCfg = Debug|Any CPU
		{8D7B3801-834A-4DE0-9364-9971DC87EC73}.Debug|iPhone.Build.0 = Debug|Any CPU
		{8D7B3801-834A-4DE0-9364-9971DC87EC73}.Debug|iPhoneSimulator.ActiveCfg = Debug|Any CPU
		{8D7B3801-834A-4DE0-9364-9971DC87EC73}.Debug|iPhoneSimulator.Build.0 = Debug|Any CPU
		{8D7B3801-834A-4DE0-9364-9971DC87EC73}.Debug|x64.ActiveCfg = Debug|x64
		{8D7B3801-834A-4DE0-9364-9971DC87EC73}.Debug|x64.Build.0 = Debug|x64
		{8D7B3801-834A-4DE0-9364-9971DC87EC73}.Debug|x86.ActiveCfg = Debug|Any CPU
		{8D7B3801-834A-4DE0-9364-9971DC87EC73}.Debug|x86.Build.0 = Debug|Any CPU
		{8D7B3801-834A-4DE0-9364-9971DC87EC73}.Release|Any CPU.ActiveCfg = Release|Any CPU
		{8D7B3801-834A-4DE0-9364-9971DC87EC73}.Release|Any CPU.Build.0 = Release|Any CPU
		{8D7B3801-834A-4DE0-9364-9971DC87EC73}.Release|iPhone.ActiveCfg = Release|Any CPU
		{8D7B3801-834A-4DE0-9364-9971DC87EC73}.Release|iPhone.Build.0 = Release|Any CPU
		{8D7B3801-834A-4DE0-9364-9971DC87EC73}.Release|iPhoneSimulator.ActiveCfg = Release|Any CPU
		{8D7B3801-834A-4DE0-9364-9971DC87EC73}.Release|iPhoneSimulator.Build.0 = Release|Any CPU
		{8D7B3801-834A-4DE0-9364-9971DC87EC73}.Release|x64.ActiveCfg = Release|Any CPU
		{8D7B3801-834A-4DE0-9364-9971DC87EC73}.Release|x64.Build.0 = Release|Any CPU
		{8D7B3801-834A-4DE0-9364-9971DC87EC73}.Release|x86.ActiveCfg = Release|Any CPU
		{8D7B3801-834A-4DE0-9364-9971DC87EC73}.Release|x86.Build.0 = Release|Any CPU
		{9912CB44-E791-4BA5-B588-12E3D58A95AD}.Debug|Any CPU.ActiveCfg = Debug|Any CPU
		{9912CB44-E791-4BA5-B588-12E3D58A95AD}.Debug|Any CPU.Build.0 = Debug|Any CPU
		{9912CB44-E791-4BA5-B588-12E3D58A95AD}.Debug|iPhone.ActiveCfg = Debug|Any CPU
		{9912CB44-E791-4BA5-B588-12E3D58A95AD}.Debug|iPhone.Build.0 = Debug|Any CPU
		{9912CB44-E791-4BA5-B588-12E3D58A95AD}.Debug|iPhoneSimulator.ActiveCfg = Debug|Any CPU
		{9912CB44-E791-4BA5-B588-12E3D58A95AD}.Debug|iPhoneSimulator.Build.0 = Debug|Any CPU
		{9912CB44-E791-4BA5-B588-12E3D58A95AD}.Debug|x64.ActiveCfg = Debug|x64
		{9912CB44-E791-4BA5-B588-12E3D58A95AD}.Debug|x64.Build.0 = Debug|x64
		{9912CB44-E791-4BA5-B588-12E3D58A95AD}.Debug|x86.ActiveCfg = Debug|Any CPU
		{9912CB44-E791-4BA5-B588-12E3D58A95AD}.Debug|x86.Build.0 = Debug|Any CPU
		{9912CB44-E791-4BA5-B588-12E3D58A95AD}.Release|Any CPU.ActiveCfg = Release|Any CPU
		{9912CB44-E791-4BA5-B588-12E3D58A95AD}.Release|Any CPU.Build.0 = Release|Any CPU
		{9912CB44-E791-4BA5-B588-12E3D58A95AD}.Release|iPhone.ActiveCfg = Release|Any CPU
		{9912CB44-E791-4BA5-B588-12E3D58A95AD}.Release|iPhone.Build.0 = Release|Any CPU
		{9912CB44-E791-4BA5-B588-12E3D58A95AD}.Release|iPhoneSimulator.ActiveCfg = Release|Any CPU
		{9912CB44-E791-4BA5-B588-12E3D58A95AD}.Release|iPhoneSimulator.Build.0 = Release|Any CPU
		{9912CB44-E791-4BA5-B588-12E3D58A95AD}.Release|x64.ActiveCfg = Release|Any CPU
		{9912CB44-E791-4BA5-B588-12E3D58A95AD}.Release|x64.Build.0 = Release|Any CPU
		{9912CB44-E791-4BA5-B588-12E3D58A95AD}.Release|x86.ActiveCfg = Release|Any CPU
		{9912CB44-E791-4BA5-B588-12E3D58A95AD}.Release|x86.Build.0 = Release|Any CPU
		{4E5EE007-5988-4635-881D-7EBA376C37A6}.Debug|Any CPU.ActiveCfg = Debug|Any CPU
		{4E5EE007-5988-4635-881D-7EBA376C37A6}.Debug|Any CPU.Build.0 = Debug|Any CPU
		{4E5EE007-5988-4635-881D-7EBA376C37A6}.Debug|iPhone.ActiveCfg = Debug|Any CPU
		{4E5EE007-5988-4635-881D-7EBA376C37A6}.Debug|iPhone.Build.0 = Debug|Any CPU
		{4E5EE007-5988-4635-881D-7EBA376C37A6}.Debug|iPhoneSimulator.ActiveCfg = Debug|Any CPU
		{4E5EE007-5988-4635-881D-7EBA376C37A6}.Debug|iPhoneSimulator.Build.0 = Debug|Any CPU
		{4E5EE007-5988-4635-881D-7EBA376C37A6}.Debug|x64.ActiveCfg = Debug|x64
		{4E5EE007-5988-4635-881D-7EBA376C37A6}.Debug|x64.Build.0 = Debug|x64
		{4E5EE007-5988-4635-881D-7EBA376C37A6}.Debug|x86.ActiveCfg = Debug|Any CPU
		{4E5EE007-5988-4635-881D-7EBA376C37A6}.Debug|x86.Build.0 = Debug|Any CPU
		{4E5EE007-5988-4635-881D-7EBA376C37A6}.Release|Any CPU.ActiveCfg = Release|Any CPU
		{4E5EE007-5988-4635-881D-7EBA376C37A6}.Release|Any CPU.Build.0 = Release|Any CPU
		{4E5EE007-5988-4635-881D-7EBA376C37A6}.Release|iPhone.ActiveCfg = Release|Any CPU
		{4E5EE007-5988-4635-881D-7EBA376C37A6}.Release|iPhone.Build.0 = Release|Any CPU
		{4E5EE007-5988-4635-881D-7EBA376C37A6}.Release|iPhoneSimulator.ActiveCfg = Release|Any CPU
		{4E5EE007-5988-4635-881D-7EBA376C37A6}.Release|iPhoneSimulator.Build.0 = Release|Any CPU
		{4E5EE007-5988-4635-881D-7EBA376C37A6}.Release|x64.ActiveCfg = Release|Any CPU
		{4E5EE007-5988-4635-881D-7EBA376C37A6}.Release|x64.Build.0 = Release|Any CPU
		{4E5EE007-5988-4635-881D-7EBA376C37A6}.Release|x86.ActiveCfg = Release|Any CPU
		{4E5EE007-5988-4635-881D-7EBA376C37A6}.Release|x86.Build.0 = Release|Any CPU
		{B2F095DD-758C-4F04-B3EF-D75C370C883F}.Debug|Any CPU.ActiveCfg = Debug|Any CPU
		{B2F095DD-758C-4F04-B3EF-D75C370C883F}.Debug|Any CPU.Build.0 = Debug|Any CPU
		{B2F095DD-758C-4F04-B3EF-D75C370C883F}.Debug|iPhone.ActiveCfg = Debug|Any CPU
		{B2F095DD-758C-4F04-B3EF-D75C370C883F}.Debug|iPhone.Build.0 = Debug|Any CPU
		{B2F095DD-758C-4F04-B3EF-D75C370C883F}.Debug|iPhoneSimulator.ActiveCfg = Debug|Any CPU
		{B2F095DD-758C-4F04-B3EF-D75C370C883F}.Debug|iPhoneSimulator.Build.0 = Debug|Any CPU
		{B2F095DD-758C-4F04-B3EF-D75C370C883F}.Debug|x64.ActiveCfg = Debug|x64
		{B2F095DD-758C-4F04-B3EF-D75C370C883F}.Debug|x64.Build.0 = Debug|x64
		{B2F095DD-758C-4F04-B3EF-D75C370C883F}.Debug|x86.ActiveCfg = Debug|Any CPU
		{B2F095DD-758C-4F04-B3EF-D75C370C883F}.Debug|x86.Build.0 = Debug|Any CPU
		{B2F095DD-758C-4F04-B3EF-D75C370C883F}.Release|Any CPU.ActiveCfg = Release|Any CPU
		{B2F095DD-758C-4F04-B3EF-D75C370C883F}.Release|Any CPU.Build.0 = Release|Any CPU
		{B2F095DD-758C-4F04-B3EF-D75C370C883F}.Release|iPhone.ActiveCfg = Release|Any CPU
		{B2F095DD-758C-4F04-B3EF-D75C370C883F}.Release|iPhone.Build.0 = Release|Any CPU
		{B2F095DD-758C-4F04-B3EF-D75C370C883F}.Release|iPhoneSimulator.ActiveCfg = Release|Any CPU
		{B2F095DD-758C-4F04-B3EF-D75C370C883F}.Release|iPhoneSimulator.Build.0 = Release|Any CPU
		{B2F095DD-758C-4F04-B3EF-D75C370C883F}.Release|x64.ActiveCfg = Release|Any CPU
		{B2F095DD-758C-4F04-B3EF-D75C370C883F}.Release|x64.Build.0 = Release|Any CPU
		{B2F095DD-758C-4F04-B3EF-D75C370C883F}.Release|x86.ActiveCfg = Release|Any CPU
		{B2F095DD-758C-4F04-B3EF-D75C370C883F}.Release|x86.Build.0 = Release|Any CPU
		{595B45CD-B194-4348-A8DB-9949C8CBC147}.Debug|Any CPU.ActiveCfg = Debug|Any CPU
		{595B45CD-B194-4348-A8DB-9949C8CBC147}.Debug|Any CPU.Build.0 = Debug|Any CPU
		{595B45CD-B194-4348-A8DB-9949C8CBC147}.Debug|iPhone.ActiveCfg = Debug|Any CPU
		{595B45CD-B194-4348-A8DB-9949C8CBC147}.Debug|iPhone.Build.0 = Debug|Any CPU
		{595B45CD-B194-4348-A8DB-9949C8CBC147}.Debug|iPhoneSimulator.ActiveCfg = Debug|Any CPU
		{595B45CD-B194-4348-A8DB-9949C8CBC147}.Debug|iPhoneSimulator.Build.0 = Debug|Any CPU
		{595B45CD-B194-4348-A8DB-9949C8CBC147}.Debug|x64.ActiveCfg = Debug|x64
		{595B45CD-B194-4348-A8DB-9949C8CBC147}.Debug|x64.Build.0 = Debug|x64
		{595B45CD-B194-4348-A8DB-9949C8CBC147}.Debug|x86.ActiveCfg = Debug|Any CPU
		{595B45CD-B194-4348-A8DB-9949C8CBC147}.Debug|x86.Build.0 = Debug|Any CPU
		{595B45CD-B194-4348-A8DB-9949C8CBC147}.Release|Any CPU.ActiveCfg = Release|Any CPU
		{595B45CD-B194-4348-A8DB-9949C8CBC147}.Release|Any CPU.Build.0 = Release|Any CPU
		{595B45CD-B194-4348-A8DB-9949C8CBC147}.Release|iPhone.ActiveCfg = Release|Any CPU
		{595B45CD-B194-4348-A8DB-9949C8CBC147}.Release|iPhone.Build.0 = Release|Any CPU
		{595B45CD-B194-4348-A8DB-9949C8CBC147}.Release|iPhoneSimulator.ActiveCfg = Release|Any CPU
		{595B45CD-B194-4348-A8DB-9949C8CBC147}.Release|iPhoneSimulator.Build.0 = Release|Any CPU
		{595B45CD-B194-4348-A8DB-9949C8CBC147}.Release|x64.ActiveCfg = Release|Any CPU
		{595B45CD-B194-4348-A8DB-9949C8CBC147}.Release|x64.Build.0 = Release|Any CPU
		{595B45CD-B194-4348-A8DB-9949C8CBC147}.Release|x86.ActiveCfg = Release|Any CPU
		{595B45CD-B194-4348-A8DB-9949C8CBC147}.Release|x86.Build.0 = Release|Any CPU
		{D74B2249-B590-4AE6-886F-62D1FACC01E8}.Debug|Any CPU.ActiveCfg = Debug|Any CPU
		{D74B2249-B590-4AE6-886F-62D1FACC01E8}.Debug|Any CPU.Build.0 = Debug|Any CPU
		{D74B2249-B590-4AE6-886F-62D1FACC01E8}.Debug|iPhone.ActiveCfg = Debug|Any CPU
		{D74B2249-B590-4AE6-886F-62D1FACC01E8}.Debug|iPhone.Build.0 = Debug|Any CPU
		{D74B2249-B590-4AE6-886F-62D1FACC01E8}.Debug|iPhoneSimulator.ActiveCfg = Debug|Any CPU
		{D74B2249-B590-4AE6-886F-62D1FACC01E8}.Debug|iPhoneSimulator.Build.0 = Debug|Any CPU
		{D74B2249-B590-4AE6-886F-62D1FACC01E8}.Debug|x64.ActiveCfg = Debug|x64
		{D74B2249-B590-4AE6-886F-62D1FACC01E8}.Debug|x64.Build.0 = Debug|x64
		{D74B2249-B590-4AE6-886F-62D1FACC01E8}.Debug|x86.ActiveCfg = Debug|Any CPU
		{D74B2249-B590-4AE6-886F-62D1FACC01E8}.Debug|x86.Build.0 = Debug|Any CPU
		{D74B2249-B590-4AE6-886F-62D1FACC01E8}.Release|Any CPU.ActiveCfg = Release|Any CPU
		{D74B2249-B590-4AE6-886F-62D1FACC01E8}.Release|Any CPU.Build.0 = Release|Any CPU
		{D74B2249-B590-4AE6-886F-62D1FACC01E8}.Release|iPhone.ActiveCfg = Release|Any CPU
		{D74B2249-B590-4AE6-886F-62D1FACC01E8}.Release|iPhone.Build.0 = Release|Any CPU
		{D74B2249-B590-4AE6-886F-62D1FACC01E8}.Release|iPhoneSimulator.ActiveCfg = Release|Any CPU
		{D74B2249-B590-4AE6-886F-62D1FACC01E8}.Release|iPhoneSimulator.Build.0 = Release|Any CPU
		{D74B2249-B590-4AE6-886F-62D1FACC01E8}.Release|x64.ActiveCfg = Release|Any CPU
		{D74B2249-B590-4AE6-886F-62D1FACC01E8}.Release|x64.Build.0 = Release|Any CPU
		{D74B2249-B590-4AE6-886F-62D1FACC01E8}.Release|x86.ActiveCfg = Release|Any CPU
		{D74B2249-B590-4AE6-886F-62D1FACC01E8}.Release|x86.Build.0 = Release|Any CPU
		{3B00A9CF-0840-4982-A940-084B91EDCF61}.Debug|Any CPU.ActiveCfg = Debug|Any CPU
		{3B00A9CF-0840-4982-A940-084B91EDCF61}.Debug|Any CPU.Build.0 = Debug|Any CPU
		{3B00A9CF-0840-4982-A940-084B91EDCF61}.Debug|iPhone.ActiveCfg = Debug|Any CPU
		{3B00A9CF-0840-4982-A940-084B91EDCF61}.Debug|iPhone.Build.0 = Debug|Any CPU
		{3B00A9CF-0840-4982-A940-084B91EDCF61}.Debug|iPhoneSimulator.ActiveCfg = Debug|Any CPU
		{3B00A9CF-0840-4982-A940-084B91EDCF61}.Debug|iPhoneSimulator.Build.0 = Debug|Any CPU
		{3B00A9CF-0840-4982-A940-084B91EDCF61}.Debug|x64.ActiveCfg = Debug|x64
		{3B00A9CF-0840-4982-A940-084B91EDCF61}.Debug|x64.Build.0 = Debug|x64
		{3B00A9CF-0840-4982-A940-084B91EDCF61}.Debug|x86.ActiveCfg = Debug|Any CPU
		{3B00A9CF-0840-4982-A940-084B91EDCF61}.Debug|x86.Build.0 = Debug|Any CPU
		{3B00A9CF-0840-4982-A940-084B91EDCF61}.Release|Any CPU.ActiveCfg = Release|Any CPU
		{3B00A9CF-0840-4982-A940-084B91EDCF61}.Release|Any CPU.Build.0 = Release|Any CPU
		{3B00A9CF-0840-4982-A940-084B91EDCF61}.Release|iPhone.ActiveCfg = Release|Any CPU
		{3B00A9CF-0840-4982-A940-084B91EDCF61}.Release|iPhone.Build.0 = Release|Any CPU
		{3B00A9CF-0840-4982-A940-084B91EDCF61}.Release|iPhoneSimulator.ActiveCfg = Release|Any CPU
		{3B00A9CF-0840-4982-A940-084B91EDCF61}.Release|iPhoneSimulator.Build.0 = Release|Any CPU
		{3B00A9CF-0840-4982-A940-084B91EDCF61}.Release|x64.ActiveCfg = Release|Any CPU
		{3B00A9CF-0840-4982-A940-084B91EDCF61}.Release|x64.Build.0 = Release|Any CPU
		{3B00A9CF-0840-4982-A940-084B91EDCF61}.Release|x86.ActiveCfg = Release|Any CPU
		{3B00A9CF-0840-4982-A940-084B91EDCF61}.Release|x86.Build.0 = Release|Any CPU
		{098C3F91-4A8F-4FAD-BE2E-20483E4A5F7C}.Debug|Any CPU.ActiveCfg = Debug|Any CPU
		{098C3F91-4A8F-4FAD-BE2E-20483E4A5F7C}.Debug|Any CPU.Build.0 = Debug|Any CPU
		{098C3F91-4A8F-4FAD-BE2E-20483E4A5F7C}.Debug|iPhone.ActiveCfg = Debug|Any CPU
		{098C3F91-4A8F-4FAD-BE2E-20483E4A5F7C}.Debug|iPhone.Build.0 = Debug|Any CPU
		{098C3F91-4A8F-4FAD-BE2E-20483E4A5F7C}.Debug|iPhoneSimulator.ActiveCfg = Debug|Any CPU
		{098C3F91-4A8F-4FAD-BE2E-20483E4A5F7C}.Debug|iPhoneSimulator.Build.0 = Debug|Any CPU
		{098C3F91-4A8F-4FAD-BE2E-20483E4A5F7C}.Debug|x64.ActiveCfg = Debug|x64
		{098C3F91-4A8F-4FAD-BE2E-20483E4A5F7C}.Debug|x64.Build.0 = Debug|x64
		{098C3F91-4A8F-4FAD-BE2E-20483E4A5F7C}.Debug|x86.ActiveCfg = Debug|Any CPU
		{098C3F91-4A8F-4FAD-BE2E-20483E4A5F7C}.Debug|x86.Build.0 = Debug|Any CPU
		{098C3F91-4A8F-4FAD-BE2E-20483E4A5F7C}.Release|Any CPU.ActiveCfg = Release|Any CPU
		{098C3F91-4A8F-4FAD-BE2E-20483E4A5F7C}.Release|Any CPU.Build.0 = Release|Any CPU
		{098C3F91-4A8F-4FAD-BE2E-20483E4A5F7C}.Release|iPhone.ActiveCfg = Release|Any CPU
		{098C3F91-4A8F-4FAD-BE2E-20483E4A5F7C}.Release|iPhone.Build.0 = Release|Any CPU
		{098C3F91-4A8F-4FAD-BE2E-20483E4A5F7C}.Release|iPhoneSimulator.ActiveCfg = Release|Any CPU
		{098C3F91-4A8F-4FAD-BE2E-20483E4A5F7C}.Release|iPhoneSimulator.Build.0 = Release|Any CPU
		{098C3F91-4A8F-4FAD-BE2E-20483E4A5F7C}.Release|x64.ActiveCfg = Release|Any CPU
		{098C3F91-4A8F-4FAD-BE2E-20483E4A5F7C}.Release|x64.Build.0 = Release|Any CPU
		{098C3F91-4A8F-4FAD-BE2E-20483E4A5F7C}.Release|x86.ActiveCfg = Release|Any CPU
		{098C3F91-4A8F-4FAD-BE2E-20483E4A5F7C}.Release|x86.Build.0 = Release|Any CPU
		{CAF711C8-9DB1-485D-9E1A-8B7F81E081F6}.Debug|Any CPU.ActiveCfg = Debug|Any CPU
		{CAF711C8-9DB1-485D-9E1A-8B7F81E081F6}.Debug|Any CPU.Build.0 = Debug|Any CPU
		{CAF711C8-9DB1-485D-9E1A-8B7F81E081F6}.Debug|iPhone.ActiveCfg = Debug|Any CPU
		{CAF711C8-9DB1-485D-9E1A-8B7F81E081F6}.Debug|iPhone.Build.0 = Debug|Any CPU
		{CAF711C8-9DB1-485D-9E1A-8B7F81E081F6}.Debug|iPhoneSimulator.ActiveCfg = Debug|Any CPU
		{CAF711C8-9DB1-485D-9E1A-8B7F81E081F6}.Debug|iPhoneSimulator.Build.0 = Debug|Any CPU
		{CAF711C8-9DB1-485D-9E1A-8B7F81E081F6}.Debug|x64.ActiveCfg = Debug|x64
		{CAF711C8-9DB1-485D-9E1A-8B7F81E081F6}.Debug|x64.Build.0 = Debug|x64
		{CAF711C8-9DB1-485D-9E1A-8B7F81E081F6}.Debug|x86.ActiveCfg = Debug|Any CPU
		{CAF711C8-9DB1-485D-9E1A-8B7F81E081F6}.Debug|x86.Build.0 = Debug|Any CPU
		{CAF711C8-9DB1-485D-9E1A-8B7F81E081F6}.Release|Any CPU.ActiveCfg = Release|Any CPU
		{CAF711C8-9DB1-485D-9E1A-8B7F81E081F6}.Release|Any CPU.Build.0 = Release|Any CPU
		{CAF711C8-9DB1-485D-9E1A-8B7F81E081F6}.Release|iPhone.ActiveCfg = Release|Any CPU
		{CAF711C8-9DB1-485D-9E1A-8B7F81E081F6}.Release|iPhone.Build.0 = Release|Any CPU
		{CAF711C8-9DB1-485D-9E1A-8B7F81E081F6}.Release|iPhoneSimulator.ActiveCfg = Release|Any CPU
		{CAF711C8-9DB1-485D-9E1A-8B7F81E081F6}.Release|iPhoneSimulator.Build.0 = Release|Any CPU
		{CAF711C8-9DB1-485D-9E1A-8B7F81E081F6}.Release|x64.ActiveCfg = Release|Any CPU
		{CAF711C8-9DB1-485D-9E1A-8B7F81E081F6}.Release|x64.Build.0 = Release|Any CPU
		{CAF711C8-9DB1-485D-9E1A-8B7F81E081F6}.Release|x86.ActiveCfg = Release|Any CPU
		{CAF711C8-9DB1-485D-9E1A-8B7F81E081F6}.Release|x86.Build.0 = Release|Any CPU
		{C2EB4349-7551-49A0-A882-4685D716B358}.Debug|Any CPU.ActiveCfg = Debug|Any CPU
		{C2EB4349-7551-49A0-A882-4685D716B358}.Debug|Any CPU.Build.0 = Debug|Any CPU
		{C2EB4349-7551-49A0-A882-4685D716B358}.Debug|iPhone.ActiveCfg = Debug|Any CPU
		{C2EB4349-7551-49A0-A882-4685D716B358}.Debug|iPhone.Build.0 = Debug|Any CPU
		{C2EB4349-7551-49A0-A882-4685D716B358}.Debug|iPhoneSimulator.ActiveCfg = Debug|Any CPU
		{C2EB4349-7551-49A0-A882-4685D716B358}.Debug|iPhoneSimulator.Build.0 = Debug|Any CPU
		{C2EB4349-7551-49A0-A882-4685D716B358}.Debug|x64.ActiveCfg = Debug|x64
		{C2EB4349-7551-49A0-A882-4685D716B358}.Debug|x64.Build.0 = Debug|x64
		{C2EB4349-7551-49A0-A882-4685D716B358}.Debug|x86.ActiveCfg = Debug|Any CPU
		{C2EB4349-7551-49A0-A882-4685D716B358}.Debug|x86.Build.0 = Debug|Any CPU
		{C2EB4349-7551-49A0-A882-4685D716B358}.Release|Any CPU.ActiveCfg = Release|Any CPU
		{C2EB4349-7551-49A0-A882-4685D716B358}.Release|Any CPU.Build.0 = Release|Any CPU
		{C2EB4349-7551-49A0-A882-4685D716B358}.Release|iPhone.ActiveCfg = Release|Any CPU
		{C2EB4349-7551-49A0-A882-4685D716B358}.Release|iPhone.Build.0 = Release|Any CPU
		{C2EB4349-7551-49A0-A882-4685D716B358}.Release|iPhoneSimulator.ActiveCfg = Release|Any CPU
		{C2EB4349-7551-49A0-A882-4685D716B358}.Release|iPhoneSimulator.Build.0 = Release|Any CPU
		{C2EB4349-7551-49A0-A882-4685D716B358}.Release|x64.ActiveCfg = Release|Any CPU
		{C2EB4349-7551-49A0-A882-4685D716B358}.Release|x64.Build.0 = Release|Any CPU
		{C2EB4349-7551-49A0-A882-4685D716B358}.Release|x86.ActiveCfg = Release|Any CPU
		{C2EB4349-7551-49A0-A882-4685D716B358}.Release|x86.Build.0 = Release|Any CPU
		{71F81C73-44BA-43A3-BBB9-B72BB7F56B68}.Debug|Any CPU.ActiveCfg = Debug|Any CPU
		{71F81C73-44BA-43A3-BBB9-B72BB7F56B68}.Debug|Any CPU.Build.0 = Debug|Any CPU
		{71F81C73-44BA-43A3-BBB9-B72BB7F56B68}.Debug|iPhone.ActiveCfg = Debug|Any CPU
		{71F81C73-44BA-43A3-BBB9-B72BB7F56B68}.Debug|iPhone.Build.0 = Debug|Any CPU
		{71F81C73-44BA-43A3-BBB9-B72BB7F56B68}.Debug|iPhoneSimulator.ActiveCfg = Debug|Any CPU
		{71F81C73-44BA-43A3-BBB9-B72BB7F56B68}.Debug|iPhoneSimulator.Build.0 = Debug|Any CPU
		{71F81C73-44BA-43A3-BBB9-B72BB7F56B68}.Debug|x64.ActiveCfg = Debug|x64
		{71F81C73-44BA-43A3-BBB9-B72BB7F56B68}.Debug|x64.Build.0 = Debug|x64
		{71F81C73-44BA-43A3-BBB9-B72BB7F56B68}.Debug|x86.ActiveCfg = Debug|Any CPU
		{71F81C73-44BA-43A3-BBB9-B72BB7F56B68}.Debug|x86.Build.0 = Debug|Any CPU
		{71F81C73-44BA-43A3-BBB9-B72BB7F56B68}.Release|Any CPU.ActiveCfg = Release|Any CPU
		{71F81C73-44BA-43A3-BBB9-B72BB7F56B68}.Release|Any CPU.Build.0 = Release|Any CPU
		{71F81C73-44BA-43A3-BBB9-B72BB7F56B68}.Release|iPhone.ActiveCfg = Release|Any CPU
		{71F81C73-44BA-43A3-BBB9-B72BB7F56B68}.Release|iPhone.Build.0 = Release|Any CPU
		{71F81C73-44BA-43A3-BBB9-B72BB7F56B68}.Release|iPhoneSimulator.ActiveCfg = Release|Any CPU
		{71F81C73-44BA-43A3-BBB9-B72BB7F56B68}.Release|iPhoneSimulator.Build.0 = Release|Any CPU
		{71F81C73-44BA-43A3-BBB9-B72BB7F56B68}.Release|x64.ActiveCfg = Release|Any CPU
		{71F81C73-44BA-43A3-BBB9-B72BB7F56B68}.Release|x64.Build.0 = Release|Any CPU
		{71F81C73-44BA-43A3-BBB9-B72BB7F56B68}.Release|x86.ActiveCfg = Release|Any CPU
		{71F81C73-44BA-43A3-BBB9-B72BB7F56B68}.Release|x86.Build.0 = Release|Any CPU
		{829EC701-0DF7-4B53-8CFF-5888D25C3910}.Debug|Any CPU.ActiveCfg = Debug|Any CPU
		{829EC701-0DF7-4B53-8CFF-5888D25C3910}.Debug|Any CPU.Build.0 = Debug|Any CPU
		{829EC701-0DF7-4B53-8CFF-5888D25C3910}.Debug|iPhone.ActiveCfg = Debug|Any CPU
		{829EC701-0DF7-4B53-8CFF-5888D25C3910}.Debug|iPhone.Build.0 = Debug|Any CPU
		{829EC701-0DF7-4B53-8CFF-5888D25C3910}.Debug|iPhoneSimulator.ActiveCfg = Debug|Any CPU
		{829EC701-0DF7-4B53-8CFF-5888D25C3910}.Debug|iPhoneSimulator.Build.0 = Debug|Any CPU
		{829EC701-0DF7-4B53-8CFF-5888D25C3910}.Debug|x64.ActiveCfg = Debug|x64
		{829EC701-0DF7-4B53-8CFF-5888D25C3910}.Debug|x64.Build.0 = Debug|x64
		{829EC701-0DF7-4B53-8CFF-5888D25C3910}.Debug|x86.ActiveCfg = Debug|Any CPU
		{829EC701-0DF7-4B53-8CFF-5888D25C3910}.Debug|x86.Build.0 = Debug|Any CPU
		{829EC701-0DF7-4B53-8CFF-5888D25C3910}.Release|Any CPU.ActiveCfg = Release|Any CPU
		{829EC701-0DF7-4B53-8CFF-5888D25C3910}.Release|Any CPU.Build.0 = Release|Any CPU
		{829EC701-0DF7-4B53-8CFF-5888D25C3910}.Release|iPhone.ActiveCfg = Release|Any CPU
		{829EC701-0DF7-4B53-8CFF-5888D25C3910}.Release|iPhone.Build.0 = Release|Any CPU
		{829EC701-0DF7-4B53-8CFF-5888D25C3910}.Release|iPhoneSimulator.ActiveCfg = Release|Any CPU
		{829EC701-0DF7-4B53-8CFF-5888D25C3910}.Release|iPhoneSimulator.Build.0 = Release|Any CPU
		{829EC701-0DF7-4B53-8CFF-5888D25C3910}.Release|x64.ActiveCfg = Release|Any CPU
		{829EC701-0DF7-4B53-8CFF-5888D25C3910}.Release|x64.Build.0 = Release|Any CPU
		{829EC701-0DF7-4B53-8CFF-5888D25C3910}.Release|x86.ActiveCfg = Release|Any CPU
		{829EC701-0DF7-4B53-8CFF-5888D25C3910}.Release|x86.Build.0 = Release|Any CPU
		{7FB3F4AA-78E3-4EEE-AC40-A9C622A91F44}.Debug|Any CPU.ActiveCfg = Debug|Any CPU
		{7FB3F4AA-78E3-4EEE-AC40-A9C622A91F44}.Debug|Any CPU.Build.0 = Debug|Any CPU
		{7FB3F4AA-78E3-4EEE-AC40-A9C622A91F44}.Debug|iPhone.ActiveCfg = Debug|Any CPU
		{7FB3F4AA-78E3-4EEE-AC40-A9C622A91F44}.Debug|iPhone.Build.0 = Debug|Any CPU
		{7FB3F4AA-78E3-4EEE-AC40-A9C622A91F44}.Debug|iPhoneSimulator.ActiveCfg = Debug|Any CPU
		{7FB3F4AA-78E3-4EEE-AC40-A9C622A91F44}.Debug|iPhoneSimulator.Build.0 = Debug|Any CPU
		{7FB3F4AA-78E3-4EEE-AC40-A9C622A91F44}.Debug|x64.ActiveCfg = Debug|x64
		{7FB3F4AA-78E3-4EEE-AC40-A9C622A91F44}.Debug|x64.Build.0 = Debug|x64
		{7FB3F4AA-78E3-4EEE-AC40-A9C622A91F44}.Debug|x86.ActiveCfg = Debug|Any CPU
		{7FB3F4AA-78E3-4EEE-AC40-A9C622A91F44}.Debug|x86.Build.0 = Debug|Any CPU
		{7FB3F4AA-78E3-4EEE-AC40-A9C622A91F44}.Release|Any CPU.ActiveCfg = Release|Any CPU
		{7FB3F4AA-78E3-4EEE-AC40-A9C622A91F44}.Release|Any CPU.Build.0 = Release|Any CPU
		{7FB3F4AA-78E3-4EEE-AC40-A9C622A91F44}.Release|iPhone.ActiveCfg = Release|Any CPU
		{7FB3F4AA-78E3-4EEE-AC40-A9C622A91F44}.Release|iPhone.Build.0 = Release|Any CPU
		{7FB3F4AA-78E3-4EEE-AC40-A9C622A91F44}.Release|iPhoneSimulator.ActiveCfg = Release|Any CPU
		{7FB3F4AA-78E3-4EEE-AC40-A9C622A91F44}.Release|iPhoneSimulator.Build.0 = Release|Any CPU
		{7FB3F4AA-78E3-4EEE-AC40-A9C622A91F44}.Release|x64.ActiveCfg = Release|Any CPU
		{7FB3F4AA-78E3-4EEE-AC40-A9C622A91F44}.Release|x64.Build.0 = Release|Any CPU
		{7FB3F4AA-78E3-4EEE-AC40-A9C622A91F44}.Release|x86.ActiveCfg = Release|Any CPU
		{7FB3F4AA-78E3-4EEE-AC40-A9C622A91F44}.Release|x86.Build.0 = Release|Any CPU
		{0AE147BD-1505-4681-95BE-50D8222E41FE}.Debug|Any CPU.ActiveCfg = Debug|Any CPU
		{0AE147BD-1505-4681-95BE-50D8222E41FE}.Debug|Any CPU.Build.0 = Debug|Any CPU
		{0AE147BD-1505-4681-95BE-50D8222E41FE}.Debug|iPhone.ActiveCfg = Debug|Any CPU
		{0AE147BD-1505-4681-95BE-50D8222E41FE}.Debug|iPhone.Build.0 = Debug|Any CPU
		{0AE147BD-1505-4681-95BE-50D8222E41FE}.Debug|iPhoneSimulator.ActiveCfg = Debug|Any CPU
		{0AE147BD-1505-4681-95BE-50D8222E41FE}.Debug|iPhoneSimulator.Build.0 = Debug|Any CPU
		{0AE147BD-1505-4681-95BE-50D8222E41FE}.Debug|x64.ActiveCfg = Debug|x64
		{0AE147BD-1505-4681-95BE-50D8222E41FE}.Debug|x64.Build.0 = Debug|x64
		{0AE147BD-1505-4681-95BE-50D8222E41FE}.Debug|x86.ActiveCfg = Debug|Any CPU
		{0AE147BD-1505-4681-95BE-50D8222E41FE}.Debug|x86.Build.0 = Debug|Any CPU
		{0AE147BD-1505-4681-95BE-50D8222E41FE}.Release|Any CPU.ActiveCfg = Release|Any CPU
		{0AE147BD-1505-4681-95BE-50D8222E41FE}.Release|Any CPU.Build.0 = Release|Any CPU
		{0AE147BD-1505-4681-95BE-50D8222E41FE}.Release|iPhone.ActiveCfg = Release|Any CPU
		{0AE147BD-1505-4681-95BE-50D8222E41FE}.Release|iPhone.Build.0 = Release|Any CPU
		{0AE147BD-1505-4681-95BE-50D8222E41FE}.Release|iPhoneSimulator.ActiveCfg = Release|Any CPU
		{0AE147BD-1505-4681-95BE-50D8222E41FE}.Release|iPhoneSimulator.Build.0 = Release|Any CPU
		{0AE147BD-1505-4681-95BE-50D8222E41FE}.Release|x64.ActiveCfg = Release|Any CPU
		{0AE147BD-1505-4681-95BE-50D8222E41FE}.Release|x64.Build.0 = Release|Any CPU
		{0AE147BD-1505-4681-95BE-50D8222E41FE}.Release|x86.ActiveCfg = Release|Any CPU
		{0AE147BD-1505-4681-95BE-50D8222E41FE}.Release|x86.Build.0 = Release|Any CPU
		{C1EEA3D7-6F5E-4FE3-AD8A-ECFE68569C91}.Debug|Any CPU.ActiveCfg = Debug|Any CPU
		{C1EEA3D7-6F5E-4FE3-AD8A-ECFE68569C91}.Debug|Any CPU.Build.0 = Debug|Any CPU
		{C1EEA3D7-6F5E-4FE3-AD8A-ECFE68569C91}.Debug|iPhone.ActiveCfg = Debug|Any CPU
		{C1EEA3D7-6F5E-4FE3-AD8A-ECFE68569C91}.Debug|iPhone.Build.0 = Debug|Any CPU
		{C1EEA3D7-6F5E-4FE3-AD8A-ECFE68569C91}.Debug|iPhoneSimulator.ActiveCfg = Debug|Any CPU
		{C1EEA3D7-6F5E-4FE3-AD8A-ECFE68569C91}.Debug|iPhoneSimulator.Build.0 = Debug|Any CPU
		{C1EEA3D7-6F5E-4FE3-AD8A-ECFE68569C91}.Debug|x64.ActiveCfg = Debug|Any CPU
		{C1EEA3D7-6F5E-4FE3-AD8A-ECFE68569C91}.Debug|x64.Build.0 = Debug|Any CPU
		{C1EEA3D7-6F5E-4FE3-AD8A-ECFE68569C91}.Debug|x86.ActiveCfg = Debug|Any CPU
		{C1EEA3D7-6F5E-4FE3-AD8A-ECFE68569C91}.Debug|x86.Build.0 = Debug|Any CPU
		{C1EEA3D7-6F5E-4FE3-AD8A-ECFE68569C91}.Release|Any CPU.ActiveCfg = Release|Any CPU
		{C1EEA3D7-6F5E-4FE3-AD8A-ECFE68569C91}.Release|Any CPU.Build.0 = Release|Any CPU
		{C1EEA3D7-6F5E-4FE3-AD8A-ECFE68569C91}.Release|iPhone.ActiveCfg = Release|Any CPU
		{C1EEA3D7-6F5E-4FE3-AD8A-ECFE68569C91}.Release|iPhone.Build.0 = Release|Any CPU
		{C1EEA3D7-6F5E-4FE3-AD8A-ECFE68569C91}.Release|iPhoneSimulator.ActiveCfg = Release|Any CPU
		{C1EEA3D7-6F5E-4FE3-AD8A-ECFE68569C91}.Release|iPhoneSimulator.Build.0 = Release|Any CPU
		{C1EEA3D7-6F5E-4FE3-AD8A-ECFE68569C91}.Release|x64.ActiveCfg = Release|Any CPU
		{C1EEA3D7-6F5E-4FE3-AD8A-ECFE68569C91}.Release|x64.Build.0 = Release|Any CPU
		{C1EEA3D7-6F5E-4FE3-AD8A-ECFE68569C91}.Release|x86.ActiveCfg = Release|Any CPU
		{C1EEA3D7-6F5E-4FE3-AD8A-ECFE68569C91}.Release|x86.Build.0 = Release|Any CPU
		{D33B6397-072D-4E0F-97F7-99BF76D6A567}.Debug|Any CPU.ActiveCfg = Debug|Any CPU
		{D33B6397-072D-4E0F-97F7-99BF76D6A567}.Debug|Any CPU.Build.0 = Debug|Any CPU
		{D33B6397-072D-4E0F-97F7-99BF76D6A567}.Debug|iPhone.ActiveCfg = Debug|Any CPU
		{D33B6397-072D-4E0F-97F7-99BF76D6A567}.Debug|iPhone.Build.0 = Debug|Any CPU
		{D33B6397-072D-4E0F-97F7-99BF76D6A567}.Debug|iPhoneSimulator.ActiveCfg = Debug|Any CPU
		{D33B6397-072D-4E0F-97F7-99BF76D6A567}.Debug|iPhoneSimulator.Build.0 = Debug|Any CPU
		{D33B6397-072D-4E0F-97F7-99BF76D6A567}.Debug|x64.ActiveCfg = Debug|Any CPU
		{D33B6397-072D-4E0F-97F7-99BF76D6A567}.Debug|x64.Build.0 = Debug|Any CPU
		{D33B6397-072D-4E0F-97F7-99BF76D6A567}.Debug|x86.ActiveCfg = Debug|Any CPU
		{D33B6397-072D-4E0F-97F7-99BF76D6A567}.Debug|x86.Build.0 = Debug|Any CPU
		{D33B6397-072D-4E0F-97F7-99BF76D6A567}.Release|Any CPU.ActiveCfg = Release|Any CPU
		{D33B6397-072D-4E0F-97F7-99BF76D6A567}.Release|Any CPU.Build.0 = Release|Any CPU
		{D33B6397-072D-4E0F-97F7-99BF76D6A567}.Release|iPhone.ActiveCfg = Release|Any CPU
		{D33B6397-072D-4E0F-97F7-99BF76D6A567}.Release|iPhone.Build.0 = Release|Any CPU
		{D33B6397-072D-4E0F-97F7-99BF76D6A567}.Release|iPhoneSimulator.ActiveCfg = Release|Any CPU
		{D33B6397-072D-4E0F-97F7-99BF76D6A567}.Release|iPhoneSimulator.Build.0 = Release|Any CPU
		{D33B6397-072D-4E0F-97F7-99BF76D6A567}.Release|x64.ActiveCfg = Release|Any CPU
		{D33B6397-072D-4E0F-97F7-99BF76D6A567}.Release|x64.Build.0 = Release|Any CPU
		{D33B6397-072D-4E0F-97F7-99BF76D6A567}.Release|x86.ActiveCfg = Release|Any CPU
		{D33B6397-072D-4E0F-97F7-99BF76D6A567}.Release|x86.Build.0 = Release|Any CPU
	EndGlobalSection
	GlobalSection(SolutionProperties) = preSolution
		HideSolutionNode = FALSE
	EndGlobalSection
	GlobalSection(NestedProjects) = preSolution
		{550DD7EE-2829-4B10-9EA3-6FA863FEDA33} = {9476F51C-92C3-487D-84C2-17A3E2764189}
		{383A208D-1CE8-47B4-8973-B436C2111B4F} = {B4F34DA1-5199-4CBE-BD8E-9BF8D9C7F6AD}
		{FD87ABAA-1B89-47AD-A068-A9E8E07D36B6} = {99A0CAF6-D8C6-41C4-AA43-FE1EC68E8BFD}
		{FF4A09A1-CF7E-438C-86E3-AE4BD300DFFB} = {7505A1FF-E66B-4EAC-BEF1-F4F90EF5338C}
		{EE36CD78-3393-4CFA-9E17-1C081AD31481} = {B4F34DA1-5199-4CBE-BD8E-9BF8D9C7F6AD}
		{6F86C54B-4080-4361-B6EB-D59E5327C442} = {A70F75EE-6EA3-46F4-B8A8-8C254414221D}
		{0428A2CD-5AAB-44FB-8DD0-EE00BEDB45E7} = {A70F75EE-6EA3-46F4-B8A8-8C254414221D}
		{25E61D41-BF74-451E-B2C1-47365946A3C8} = {A70F75EE-6EA3-46F4-B8A8-8C254414221D}
		{D0C77A37-3584-4CA0-B332-5ADF9E446BB9} = {A70F75EE-6EA3-46F4-B8A8-8C254414221D}
		{39CE9BF9-77C1-4A8A-94F8-EE69032B6B0C} = {0E8CAA62-3280-4B03-BCFC-1AE51F3050D0}
		{2689CD55-EA98-40A6-9FA3-85DD08EF4A23} = {39CE9BF9-77C1-4A8A-94F8-EE69032B6B0C}
		{CCAF3A1E-9A1B-4615-9A2A-E0F85686AB18} = {39CE9BF9-77C1-4A8A-94F8-EE69032B6B0C}
		{D7F403FC-5254-48F9-A415-6AFAAC107F11} = {0E8CAA62-3280-4B03-BCFC-1AE51F3050D0}
		{32FB4338-A89C-43DA-B6D5-732524C5EAF8} = {7505A1FF-E66B-4EAC-BEF1-F4F90EF5338C}
		{8D7B3801-834A-4DE0-9364-9971DC87EC73} = {7505A1FF-E66B-4EAC-BEF1-F4F90EF5338C}
		{9912CB44-E791-4BA5-B588-12E3D58A95AD} = {7505A1FF-E66B-4EAC-BEF1-F4F90EF5338C}
		{4E5EE007-5988-4635-881D-7EBA376C37A6} = {7505A1FF-E66B-4EAC-BEF1-F4F90EF5338C}
		{B2F095DD-758C-4F04-B3EF-D75C370C883F} = {7505A1FF-E66B-4EAC-BEF1-F4F90EF5338C}
		{595B45CD-B194-4348-A8DB-9949C8CBC147} = {99A0CAF6-D8C6-41C4-AA43-FE1EC68E8BFD}
		{D74B2249-B590-4AE6-886F-62D1FACC01E8} = {9476F51C-92C3-487D-84C2-17A3E2764189}
		{3B00A9CF-0840-4982-A940-084B91EDCF61} = {99A0CAF6-D8C6-41C4-AA43-FE1EC68E8BFD}
		{098C3F91-4A8F-4FAD-BE2E-20483E4A5F7C} = {7505A1FF-E66B-4EAC-BEF1-F4F90EF5338C}
		{CAF711C8-9DB1-485D-9E1A-8B7F81E081F6} = {7505A1FF-E66B-4EAC-BEF1-F4F90EF5338C}
		{99A0CAF6-D8C6-41C4-AA43-FE1EC68E8BFD} = {0E8CAA62-3280-4B03-BCFC-1AE51F3050D0}
		{C2EB4349-7551-49A0-A882-4685D716B358} = {7505A1FF-E66B-4EAC-BEF1-F4F90EF5338C}
		{71F81C73-44BA-43A3-BBB9-B72BB7F56B68} = {7505A1FF-E66B-4EAC-BEF1-F4F90EF5338C}
		{829EC701-0DF7-4B53-8CFF-5888D25C3910} = {7505A1FF-E66B-4EAC-BEF1-F4F90EF5338C}
		{7FB3F4AA-78E3-4EEE-AC40-A9C622A91F44} = {7505A1FF-E66B-4EAC-BEF1-F4F90EF5338C}
		{0AE147BD-1505-4681-95BE-50D8222E41FE} = {9476F51C-92C3-487D-84C2-17A3E2764189}
		{C1EEA3D7-6F5E-4FE3-AD8A-ECFE68569C91} = {B4F34DA1-5199-4CBE-BD8E-9BF8D9C7F6AD}
		{D33B6397-072D-4E0F-97F7-99BF76D6A567} = {9476F51C-92C3-487D-84C2-17A3E2764189}
	EndGlobalSection
	GlobalSection(ExtensibilityGlobals) = postSolution
		SolutionGuid = {A54880F4-31D4-48B7-827E-0113F6551C9C}
	EndGlobalSection
EndGlobal
