
Microsoft Visual Studio Solution File, Format Version 12.00
# Visual Studio Version 17
VisualStudioVersion = 17.5.33209.295
MinimumVisualStudioVersion = 10.0.40219.1
Project("{9A19103F-16F7-4668-BE54-9A1E7A4F7556}") = "SysInfoTool", "SysInfoTool\SysInfoTool.csproj", "{BF044C15-5470-4B2D-BDF4-BDA84F720FB2}"
EndProject
Project("{2150E333-8FDC-42A3-9474-1A3956D46DE8}") = "DataTools", "DataTools", "{56A5E80C-0D94-44E4-91B3-D2DC691BAB6C}"
EndProject
Project("{9A19103F-16F7-4668-BE54-9A1E7A4F7556}") = "DataTools", "datatools-common\DataTools\DataTools.csproj", "{58671373-C919-456C-81F4-DA808AA07A9B}"
EndProject
Project("{9A19103F-16F7-4668-BE54-9A1E7A4F7556}") = "DataTools.Graphics", "datatools-common\DataTools.Graphics\DataTools.Graphics.csproj", "{2D6175ED-7F39-427E-BBD3-646F9133C24E}"
EndProject
Project("{9A19103F-16F7-4668-BE54-9A1E7A4F7556}") = "DataTools.Console", "datatools-common\DataTools.Console\DataTools.Console.csproj", "{F1391184-5D45-47C7-A71D-DC2A838284EB}"
EndProject
Project("{2150E333-8FDC-42A3-9474-1A3956D46DE8}") = "DataTools.Windows", "DataTools.Windows", "{E2BB94B5-627D-44F1-AE94-AEA27088FB7D}"
EndProject
Project("{2150E333-8FDC-42A3-9474-1A3956D46DE8}") = "DataTools.Extras", "DataTools.Extras", "{E07B47A2-4360-4128-9798-C23912D0361E}"
EndProject
Project("{2150E333-8FDC-42A3-9474-1A3956D46DE8}") = "DataTools.Win32", "DataTools.Win32", "{CDDF1450-1BB8-4E95-97E4-F6D18439D660}"
EndProject
Project("{9A19103F-16F7-4668-BE54-9A1E7A4F7556}") = "DataTools.Win32.Memory", "datatools-win32\DataTools.Win32.Memory\DataTools.Win32.Memory.csproj", "{5A782590-0432-4718-A922-0F03B946B21E}"
EndProject
Project("{9A19103F-16F7-4668-BE54-9A1E7A4F7556}") = "DataTools.Win32", "datatools-win32\DataTools.Win32\DataTools.Win32.csproj", "{D3616970-74EB-44E0-8AC3-89BAF608D4F8}"
EndProject
Project("{9A19103F-16F7-4668-BE54-9A1E7A4F7556}") = "DataTools.Win32.Bluetooth", "datatools-win32\DataTools.Win32.Bluetooth\DataTools.Win32.Bluetooth.csproj", "{5EDE57AF-08D6-4926-A953-87E172C69E38}"
EndProject
Project("{9A19103F-16F7-4668-BE54-9A1E7A4F7556}") = "DataTools.Win32.Disk", "datatools-win32\DataTools.Win32.Disk\DataTools.Win32.Disk.csproj", "{9C0E2FD6-E86C-4A16-AB1E-C03A88EE09A0}"
EndProject
Project("{9A19103F-16F7-4668-BE54-9A1E7A4F7556}") = "DataTools.Win32.Display", "datatools-win32\DataTools.Win32.Display\DataTools.Win32.Display.csproj", "{4F9BF4E0-A490-43FA-90A2-B012F51E99E5}"
EndProject
Project("{9A19103F-16F7-4668-BE54-9A1E7A4F7556}") = "DataTools.Win32.FileSystem", "datatools-win32\DataTools.Win32.FileSystem\DataTools.Win32.FileSystem.csproj", "{D6B6A625-0CC2-484D-8038-A75C94B75ACC}"
EndProject
Project("{9A19103F-16F7-4668-BE54-9A1E7A4F7556}") = "DataTools.Win32.Network", "datatools-win32\DataTools.Win32.Network\DataTools.Win32.Network.csproj", "{9CACCF71-64AB-429B-9A14-0A55E39A0C51}"
EndProject
Project("{9A19103F-16F7-4668-BE54-9A1E7A4F7556}") = "DataTools.Win32.Printers", "datatools-win32\DataTools.Win32.Printers\DataTools.Win32.Printers.csproj", "{4DDA3742-8B20-4D37-8B67-69D57524347B}"
EndProject
Project("{9A19103F-16F7-4668-BE54-9A1E7A4F7556}") = "DataTools.Win32.Processor", "datatools-win32\DataTools.Win32.Processor\DataTools.Win32.Processor.csproj", "{9D5E9FF3-A45F-4EEA-8BD2-0B67628E8B9A}"
EndProject
Project("{9A19103F-16F7-4668-BE54-9A1E7A4F7556}") = "DataTools.Win32.TrueType", "datatools-win32\DataTools.Win32.TrueType\DataTools.Win32.TrueType.csproj", "{D701BA09-FBF2-45FF-BE66-F2C64EA26C67}"
EndProject
Project("{9A19103F-16F7-4668-BE54-9A1E7A4F7556}") = "DataTools.Win32.Usb", "datatools-win32\DataTools.Win32.Usb\DataTools.Win32.Usb.csproj", "{958657C5-322E-4ADA-A319-C89914800285}"
EndProject
Project("{9A19103F-16F7-4668-BE54-9A1E7A4F7556}") = "DataTools.Extras", "datatools-extras\DataTools.Extras\DataTools.Extras.csproj", "{C5750437-5385-42C0-8327-9E04006E0A8B}"
EndProject
Project("{9A19103F-16F7-4668-BE54-9A1E7A4F7556}") = "DataTools.PluginFramework", "datatools-extras\DataTools.PluginFramework\DataTools.PluginFramework.csproj", "{4C5FE936-5C54-49C5-90FF-E83D3A3CAAD9}"
EndProject
Project("{9A19103F-16F7-4668-BE54-9A1E7A4F7556}") = "DataTools.Desktop", "datatools-windows\DataTools.Desktop\DataTools.Desktop.csproj", "{4F5E2433-A8CB-431A-9F68-9D05C6C6851F}"
EndProject
Project("{9A19103F-16F7-4668-BE54-9A1E7A4F7556}") = "DataTools.Desktop.WPF", "datatools-windows\WPF\DataTools.Desktop.WPF\DataTools.Desktop.WPF.csproj", "{A224ABDC-D27B-4CBE-822B-42F02174A42A}"
EndProject
Project("{9A19103F-16F7-4668-BE54-9A1E7A4F7556}") = "DataTools.ColorControls", "datatools-windows\WPF\DataTools.ColorControls\DataTools.ColorControls.csproj", "{39CAF404-5E43-4251-AB6D-FD96D033EBB6}"
EndProject
Project("{9A19103F-16F7-4668-BE54-9A1E7A4F7556}") = "DataTools.Computer", "datatools-win32\DataTools.Computer\DataTools.Computer.csproj", "{B68261FE-EDD6-458E-8D20-AA4C34246716}"
EndProject
Project("{9A19103F-16F7-4668-BE54-9A1E7A4F7556}") = "DataTools.Desktop.Network", "datatools-windows\WPF\DataTools.Desktop.Network\DataTools.Desktop.Network.csproj", "{8EF71D1E-DAF0-487F-AA24-C10D8E5AD017}"
EndProject
Project("{9A19103F-16F7-4668-BE54-9A1E7A4F7556}") = "TestDisks", "TestDisks\TestDisks.csproj", "{7D96DF60-4E0F-46C9-B5BF-8BB5A4C58F91}"
EndProject
Project("{9A19103F-16F7-4668-BE54-9A1E7A4F7556}") = "TestExtras", "TestExtras\TestExtras.csproj", "{022BC988-2812-472A-B08F-05B6FD3F5CC6}"
EndProject
Project("{9A19103F-16F7-4668-BE54-9A1E7A4F7556}") = "TestHid", "TestHid\TestHid.csproj", "{A6651858-7355-427E-AAEE-5AD4FA779D36}"
EndProject
Project("{9A19103F-16F7-4668-BE54-9A1E7A4F7556}") = "TestNetwork", "TestNetwork\TestNetwork.csproj", "{4F8CAB6C-0E94-499C-B734-F4BD3FFDC5E8}"
EndProject
Global
	GlobalSection(SolutionConfigurationPlatforms) = preSolution
		Debug|Any CPU = Debug|Any CPU
		Debug|x64 = Debug|x64
		Debug|x86 = Debug|x86
		Release|Any CPU = Release|Any CPU
		Release|x64 = Release|x64
		Release|x86 = Release|x86
	EndGlobalSection
	GlobalSection(ProjectConfigurationPlatforms) = postSolution
		{BF044C15-5470-4B2D-BDF4-BDA84F720FB2}.Debug|Any CPU.ActiveCfg = Debug|Any CPU
		{BF044C15-5470-4B2D-BDF4-BDA84F720FB2}.Debug|Any CPU.Build.0 = Debug|Any CPU
		{BF044C15-5470-4B2D-BDF4-BDA84F720FB2}.Debug|x64.ActiveCfg = Debug|x64
		{BF044C15-5470-4B2D-BDF4-BDA84F720FB2}.Debug|x64.Build.0 = Debug|x64
		{BF044C15-5470-4B2D-BDF4-BDA84F720FB2}.Debug|x86.ActiveCfg = Debug|x86
		{BF044C15-5470-4B2D-BDF4-BDA84F720FB2}.Debug|x86.Build.0 = Debug|x86
		{BF044C15-5470-4B2D-BDF4-BDA84F720FB2}.Release|Any CPU.ActiveCfg = Release|Any CPU
		{BF044C15-5470-4B2D-BDF4-BDA84F720FB2}.Release|Any CPU.Build.0 = Release|Any CPU
		{BF044C15-5470-4B2D-BDF4-BDA84F720FB2}.Release|x64.ActiveCfg = Release|x64
		{BF044C15-5470-4B2D-BDF4-BDA84F720FB2}.Release|x64.Build.0 = Release|x64
		{BF044C15-5470-4B2D-BDF4-BDA84F720FB2}.Release|x86.ActiveCfg = Release|x86
		{BF044C15-5470-4B2D-BDF4-BDA84F720FB2}.Release|x86.Build.0 = Release|x86
		{58671373-C919-456C-81F4-DA808AA07A9B}.Debug|Any CPU.ActiveCfg = Debug|Any CPU
		{58671373-C919-456C-81F4-DA808AA07A9B}.Debug|Any CPU.Build.0 = Debug|Any CPU
		{58671373-C919-456C-81F4-DA808AA07A9B}.Debug|x64.ActiveCfg = Debug|x64
		{58671373-C919-456C-81F4-DA808AA07A9B}.Debug|x64.Build.0 = Debug|x64
		{58671373-C919-456C-81F4-DA808AA07A9B}.Debug|x86.ActiveCfg = Debug|Any CPU
		{58671373-C919-456C-81F4-DA808AA07A9B}.Debug|x86.Build.0 = Debug|Any CPU
		{58671373-C919-456C-81F4-DA808AA07A9B}.Release|Any CPU.ActiveCfg = Release|Any CPU
		{58671373-C919-456C-81F4-DA808AA07A9B}.Release|Any CPU.Build.0 = Release|Any CPU
		{58671373-C919-456C-81F4-DA808AA07A9B}.Release|x64.ActiveCfg = Release|x64
		{58671373-C919-456C-81F4-DA808AA07A9B}.Release|x64.Build.0 = Release|x64
		{58671373-C919-456C-81F4-DA808AA07A9B}.Release|x86.ActiveCfg = Release|Any CPU
		{58671373-C919-456C-81F4-DA808AA07A9B}.Release|x86.Build.0 = Release|Any CPU
		{2D6175ED-7F39-427E-BBD3-646F9133C24E}.Debug|Any CPU.ActiveCfg = Debug|Any CPU
		{2D6175ED-7F39-427E-BBD3-646F9133C24E}.Debug|Any CPU.Build.0 = Debug|Any CPU
		{2D6175ED-7F39-427E-BBD3-646F9133C24E}.Debug|x64.ActiveCfg = Debug|x64
		{2D6175ED-7F39-427E-BBD3-646F9133C24E}.Debug|x64.Build.0 = Debug|x64
		{2D6175ED-7F39-427E-BBD3-646F9133C24E}.Debug|x86.ActiveCfg = Debug|Any CPU
		{2D6175ED-7F39-427E-BBD3-646F9133C24E}.Debug|x86.Build.0 = Debug|Any CPU
		{2D6175ED-7F39-427E-BBD3-646F9133C24E}.Release|Any CPU.ActiveCfg = Release|Any CPU
		{2D6175ED-7F39-427E-BBD3-646F9133C24E}.Release|Any CPU.Build.0 = Release|Any CPU
		{2D6175ED-7F39-427E-BBD3-646F9133C24E}.Release|x64.ActiveCfg = Release|x64
		{2D6175ED-7F39-427E-BBD3-646F9133C24E}.Release|x64.Build.0 = Release|x64
		{2D6175ED-7F39-427E-BBD3-646F9133C24E}.Release|x86.ActiveCfg = Release|Any CPU
		{2D6175ED-7F39-427E-BBD3-646F9133C24E}.Release|x86.Build.0 = Release|Any CPU
		{F1391184-5D45-47C7-A71D-DC2A838284EB}.Debug|Any CPU.ActiveCfg = Debug|Any CPU
		{F1391184-5D45-47C7-A71D-DC2A838284EB}.Debug|Any CPU.Build.0 = Debug|Any CPU
		{F1391184-5D45-47C7-A71D-DC2A838284EB}.Debug|x64.ActiveCfg = Debug|Any CPU
		{F1391184-5D45-47C7-A71D-DC2A838284EB}.Debug|x64.Build.0 = Debug|Any CPU
		{F1391184-5D45-47C7-A71D-DC2A838284EB}.Debug|x86.ActiveCfg = Debug|Any CPU
		{F1391184-5D45-47C7-A71D-DC2A838284EB}.Debug|x86.Build.0 = Debug|Any CPU
		{F1391184-5D45-47C7-A71D-DC2A838284EB}.Release|Any CPU.ActiveCfg = Release|Any CPU
		{F1391184-5D45-47C7-A71D-DC2A838284EB}.Release|Any CPU.Build.0 = Release|Any CPU
		{F1391184-5D45-47C7-A71D-DC2A838284EB}.Release|x64.ActiveCfg = Release|Any CPU
		{F1391184-5D45-47C7-A71D-DC2A838284EB}.Release|x64.Build.0 = Release|Any CPU
		{F1391184-5D45-47C7-A71D-DC2A838284EB}.Release|x86.ActiveCfg = Release|Any CPU
		{F1391184-5D45-47C7-A71D-DC2A838284EB}.Release|x86.Build.0 = Release|Any CPU
		{5A782590-0432-4718-A922-0F03B946B21E}.Debug|Any CPU.ActiveCfg = Debug|Any CPU
		{5A782590-0432-4718-A922-0F03B946B21E}.Debug|Any CPU.Build.0 = Debug|Any CPU
		{5A782590-0432-4718-A922-0F03B946B21E}.Debug|x64.ActiveCfg = Debug|x64
		{5A782590-0432-4718-A922-0F03B946B21E}.Debug|x64.Build.0 = Debug|x64
		{5A782590-0432-4718-A922-0F03B946B21E}.Debug|x86.ActiveCfg = Debug|Any CPU
		{5A782590-0432-4718-A922-0F03B946B21E}.Debug|x86.Build.0 = Debug|Any CPU
		{5A782590-0432-4718-A922-0F03B946B21E}.Release|Any CPU.ActiveCfg = Release|Any CPU
		{5A782590-0432-4718-A922-0F03B946B21E}.Release|Any CPU.Build.0 = Release|Any CPU
		{5A782590-0432-4718-A922-0F03B946B21E}.Release|x64.ActiveCfg = Release|x64
		{5A782590-0432-4718-A922-0F03B946B21E}.Release|x64.Build.0 = Release|x64
		{5A782590-0432-4718-A922-0F03B946B21E}.Release|x86.ActiveCfg = Release|Any CPU
		{5A782590-0432-4718-A922-0F03B946B21E}.Release|x86.Build.0 = Release|Any CPU
		{D3616970-74EB-44E0-8AC3-89BAF608D4F8}.Debug|Any CPU.ActiveCfg = Debug|Any CPU
		{D3616970-74EB-44E0-8AC3-89BAF608D4F8}.Debug|Any CPU.Build.0 = Debug|Any CPU
		{D3616970-74EB-44E0-8AC3-89BAF608D4F8}.Debug|x64.ActiveCfg = Debug|x64
		{D3616970-74EB-44E0-8AC3-89BAF608D4F8}.Debug|x64.Build.0 = Debug|x64
		{D3616970-74EB-44E0-8AC3-89BAF608D4F8}.Debug|x86.ActiveCfg = Debug|Any CPU
		{D3616970-74EB-44E0-8AC3-89BAF608D4F8}.Debug|x86.Build.0 = Debug|Any CPU
		{D3616970-74EB-44E0-8AC3-89BAF608D4F8}.Release|Any CPU.ActiveCfg = Release|Any CPU
		{D3616970-74EB-44E0-8AC3-89BAF608D4F8}.Release|Any CPU.Build.0 = Release|Any CPU
		{D3616970-74EB-44E0-8AC3-89BAF608D4F8}.Release|x64.ActiveCfg = Release|x64
		{D3616970-74EB-44E0-8AC3-89BAF608D4F8}.Release|x64.Build.0 = Release|x64
		{D3616970-74EB-44E0-8AC3-89BAF608D4F8}.Release|x86.ActiveCfg = Release|Any CPU
		{D3616970-74EB-44E0-8AC3-89BAF608D4F8}.Release|x86.Build.0 = Release|Any CPU
		{5EDE57AF-08D6-4926-A953-87E172C69E38}.Debug|Any CPU.ActiveCfg = Debug|Any CPU
		{5EDE57AF-08D6-4926-A953-87E172C69E38}.Debug|Any CPU.Build.0 = Debug|Any CPU
		{5EDE57AF-08D6-4926-A953-87E172C69E38}.Debug|x64.ActiveCfg = Debug|x64
		{5EDE57AF-08D6-4926-A953-87E172C69E38}.Debug|x64.Build.0 = Debug|x64
		{5EDE57AF-08D6-4926-A953-87E172C69E38}.Debug|x86.ActiveCfg = Debug|Any CPU
		{5EDE57AF-08D6-4926-A953-87E172C69E38}.Debug|x86.Build.0 = Debug|Any CPU
		{5EDE57AF-08D6-4926-A953-87E172C69E38}.Release|Any CPU.ActiveCfg = Release|Any CPU
		{5EDE57AF-08D6-4926-A953-87E172C69E38}.Release|Any CPU.Build.0 = Release|Any CPU
		{5EDE57AF-08D6-4926-A953-87E172C69E38}.Release|x64.ActiveCfg = Release|x64
		{5EDE57AF-08D6-4926-A953-87E172C69E38}.Release|x64.Build.0 = Release|x64
		{5EDE57AF-08D6-4926-A953-87E172C69E38}.Release|x86.ActiveCfg = Release|Any CPU
		{5EDE57AF-08D6-4926-A953-87E172C69E38}.Release|x86.Build.0 = Release|Any CPU
		{9C0E2FD6-E86C-4A16-AB1E-C03A88EE09A0}.Debug|Any CPU.ActiveCfg = Debug|Any CPU
		{9C0E2FD6-E86C-4A16-AB1E-C03A88EE09A0}.Debug|Any CPU.Build.0 = Debug|Any CPU
		{9C0E2FD6-E86C-4A16-AB1E-C03A88EE09A0}.Debug|x64.ActiveCfg = Debug|x64
		{9C0E2FD6-E86C-4A16-AB1E-C03A88EE09A0}.Debug|x64.Build.0 = Debug|x64
		{9C0E2FD6-E86C-4A16-AB1E-C03A88EE09A0}.Debug|x86.ActiveCfg = Debug|Any CPU
		{9C0E2FD6-E86C-4A16-AB1E-C03A88EE09A0}.Debug|x86.Build.0 = Debug|Any CPU
		{9C0E2FD6-E86C-4A16-AB1E-C03A88EE09A0}.Release|Any CPU.ActiveCfg = Release|Any CPU
		{9C0E2FD6-E86C-4A16-AB1E-C03A88EE09A0}.Release|Any CPU.Build.0 = Release|Any CPU
		{9C0E2FD6-E86C-4A16-AB1E-C03A88EE09A0}.Release|x64.ActiveCfg = Release|x64
		{9C0E2FD6-E86C-4A16-AB1E-C03A88EE09A0}.Release|x64.Build.0 = Release|x64
		{9C0E2FD6-E86C-4A16-AB1E-C03A88EE09A0}.Release|x86.ActiveCfg = Release|Any CPU
		{9C0E2FD6-E86C-4A16-AB1E-C03A88EE09A0}.Release|x86.Build.0 = Release|Any CPU
		{4F9BF4E0-A490-43FA-90A2-B012F51E99E5}.Debug|Any CPU.ActiveCfg = Debug|Any CPU
		{4F9BF4E0-A490-43FA-90A2-B012F51E99E5}.Debug|Any CPU.Build.0 = Debug|Any CPU
		{4F9BF4E0-A490-43FA-90A2-B012F51E99E5}.Debug|x64.ActiveCfg = Debug|x64
		{4F9BF4E0-A490-43FA-90A2-B012F51E99E5}.Debug|x64.Build.0 = Debug|x64
		{4F9BF4E0-A490-43FA-90A2-B012F51E99E5}.Debug|x86.ActiveCfg = Debug|Any CPU
		{4F9BF4E0-A490-43FA-90A2-B012F51E99E5}.Debug|x86.Build.0 = Debug|Any CPU
		{4F9BF4E0-A490-43FA-90A2-B012F51E99E5}.Release|Any CPU.ActiveCfg = Release|Any CPU
		{4F9BF4E0-A490-43FA-90A2-B012F51E99E5}.Release|Any CPU.Build.0 = Release|Any CPU
		{4F9BF4E0-A490-43FA-90A2-B012F51E99E5}.Release|x64.ActiveCfg = Release|x64
		{4F9BF4E0-A490-43FA-90A2-B012F51E99E5}.Release|x64.Build.0 = Release|x64
		{4F9BF4E0-A490-43FA-90A2-B012F51E99E5}.Release|x86.ActiveCfg = Release|Any CPU
		{4F9BF4E0-A490-43FA-90A2-B012F51E99E5}.Release|x86.Build.0 = Release|Any CPU
		{D6B6A625-0CC2-484D-8038-A75C94B75ACC}.Debug|Any CPU.ActiveCfg = Debug|Any CPU
		{D6B6A625-0CC2-484D-8038-A75C94B75ACC}.Debug|Any CPU.Build.0 = Debug|Any CPU
		{D6B6A625-0CC2-484D-8038-A75C94B75ACC}.Debug|x64.ActiveCfg = Debug|x64
		{D6B6A625-0CC2-484D-8038-A75C94B75ACC}.Debug|x64.Build.0 = Debug|x64
		{D6B6A625-0CC2-484D-8038-A75C94B75ACC}.Debug|x86.ActiveCfg = Debug|Any CPU
		{D6B6A625-0CC2-484D-8038-A75C94B75ACC}.Debug|x86.Build.0 = Debug|Any CPU
		{D6B6A625-0CC2-484D-8038-A75C94B75ACC}.Release|Any CPU.ActiveCfg = Release|Any CPU
		{D6B6A625-0CC2-484D-8038-A75C94B75ACC}.Release|Any CPU.Build.0 = Release|Any CPU
		{D6B6A625-0CC2-484D-8038-A75C94B75ACC}.Release|x64.ActiveCfg = Release|x64
		{D6B6A625-0CC2-484D-8038-A75C94B75ACC}.Release|x64.Build.0 = Release|x64
		{D6B6A625-0CC2-484D-8038-A75C94B75ACC}.Release|x86.ActiveCfg = Release|Any CPU
		{D6B6A625-0CC2-484D-8038-A75C94B75ACC}.Release|x86.Build.0 = Release|Any CPU
		{9CACCF71-64AB-429B-9A14-0A55E39A0C51}.Debug|Any CPU.ActiveCfg = Debug|Any CPU
		{9CACCF71-64AB-429B-9A14-0A55E39A0C51}.Debug|Any CPU.Build.0 = Debug|Any CPU
		{9CACCF71-64AB-429B-9A14-0A55E39A0C51}.Debug|x64.ActiveCfg = Debug|x64
		{9CACCF71-64AB-429B-9A14-0A55E39A0C51}.Debug|x64.Build.0 = Debug|x64
		{9CACCF71-64AB-429B-9A14-0A55E39A0C51}.Debug|x86.ActiveCfg = Debug|Any CPU
		{9CACCF71-64AB-429B-9A14-0A55E39A0C51}.Debug|x86.Build.0 = Debug|Any CPU
		{9CACCF71-64AB-429B-9A14-0A55E39A0C51}.Release|Any CPU.ActiveCfg = Release|Any CPU
		{9CACCF71-64AB-429B-9A14-0A55E39A0C51}.Release|Any CPU.Build.0 = Release|Any CPU
		{9CACCF71-64AB-429B-9A14-0A55E39A0C51}.Release|x64.ActiveCfg = Release|x64
		{9CACCF71-64AB-429B-9A14-0A55E39A0C51}.Release|x64.Build.0 = Release|x64
		{9CACCF71-64AB-429B-9A14-0A55E39A0C51}.Release|x86.ActiveCfg = Release|Any CPU
		{9CACCF71-64AB-429B-9A14-0A55E39A0C51}.Release|x86.Build.0 = Release|Any CPU
		{4DDA3742-8B20-4D37-8B67-69D57524347B}.Debug|Any CPU.ActiveCfg = Debug|Any CPU
		{4DDA3742-8B20-4D37-8B67-69D57524347B}.Debug|Any CPU.Build.0 = Debug|Any CPU
		{4DDA3742-8B20-4D37-8B67-69D57524347B}.Debug|x64.ActiveCfg = Debug|x64
		{4DDA3742-8B20-4D37-8B67-69D57524347B}.Debug|x64.Build.0 = Debug|x64
		{4DDA3742-8B20-4D37-8B67-69D57524347B}.Debug|x86.ActiveCfg = Debug|Any CPU
		{4DDA3742-8B20-4D37-8B67-69D57524347B}.Debug|x86.Build.0 = Debug|Any CPU
		{4DDA3742-8B20-4D37-8B67-69D57524347B}.Release|Any CPU.ActiveCfg = Release|Any CPU
		{4DDA3742-8B20-4D37-8B67-69D57524347B}.Release|Any CPU.Build.0 = Release|Any CPU
		{4DDA3742-8B20-4D37-8B67-69D57524347B}.Release|x64.ActiveCfg = Release|x64
		{4DDA3742-8B20-4D37-8B67-69D57524347B}.Release|x64.Build.0 = Release|x64
		{4DDA3742-8B20-4D37-8B67-69D57524347B}.Release|x86.ActiveCfg = Release|Any CPU
		{4DDA3742-8B20-4D37-8B67-69D57524347B}.Release|x86.Build.0 = Release|Any CPU
		{9D5E9FF3-A45F-4EEA-8BD2-0B67628E8B9A}.Debug|Any CPU.ActiveCfg = Debug|Any CPU
		{9D5E9FF3-A45F-4EEA-8BD2-0B67628E8B9A}.Debug|Any CPU.Build.0 = Debug|Any CPU
		{9D5E9FF3-A45F-4EEA-8BD2-0B67628E8B9A}.Debug|x64.ActiveCfg = Debug|x64
		{9D5E9FF3-A45F-4EEA-8BD2-0B67628E8B9A}.Debug|x64.Build.0 = Debug|x64
		{9D5E9FF3-A45F-4EEA-8BD2-0B67628E8B9A}.Debug|x86.ActiveCfg = Debug|Any CPU
		{9D5E9FF3-A45F-4EEA-8BD2-0B67628E8B9A}.Debug|x86.Build.0 = Debug|Any CPU
		{9D5E9FF3-A45F-4EEA-8BD2-0B67628E8B9A}.Release|Any CPU.ActiveCfg = Release|Any CPU
		{9D5E9FF3-A45F-4EEA-8BD2-0B67628E8B9A}.Release|Any CPU.Build.0 = Release|Any CPU
		{9D5E9FF3-A45F-4EEA-8BD2-0B67628E8B9A}.Release|x64.ActiveCfg = Release|x64
		{9D5E9FF3-A45F-4EEA-8BD2-0B67628E8B9A}.Release|x64.Build.0 = Release|x64
		{9D5E9FF3-A45F-4EEA-8BD2-0B67628E8B9A}.Release|x86.ActiveCfg = Release|Any CPU
		{9D5E9FF3-A45F-4EEA-8BD2-0B67628E8B9A}.Release|x86.Build.0 = Release|Any CPU
		{D701BA09-FBF2-45FF-BE66-F2C64EA26C67}.Debug|Any CPU.ActiveCfg = Debug|Any CPU
		{D701BA09-FBF2-45FF-BE66-F2C64EA26C67}.Debug|Any CPU.Build.0 = Debug|Any CPU
		{D701BA09-FBF2-45FF-BE66-F2C64EA26C67}.Debug|x64.ActiveCfg = Debug|x64
		{D701BA09-FBF2-45FF-BE66-F2C64EA26C67}.Debug|x64.Build.0 = Debug|x64
		{D701BA09-FBF2-45FF-BE66-F2C64EA26C67}.Debug|x86.ActiveCfg = Debug|Any CPU
		{D701BA09-FBF2-45FF-BE66-F2C64EA26C67}.Debug|x86.Build.0 = Debug|Any CPU
		{D701BA09-FBF2-45FF-BE66-F2C64EA26C67}.Release|Any CPU.ActiveCfg = Release|Any CPU
		{D701BA09-FBF2-45FF-BE66-F2C64EA26C67}.Release|Any CPU.Build.0 = Release|Any CPU
		{D701BA09-FBF2-45FF-BE66-F2C64EA26C67}.Release|x64.ActiveCfg = Release|x64
		{D701BA09-FBF2-45FF-BE66-F2C64EA26C67}.Release|x64.Build.0 = Release|x64
		{D701BA09-FBF2-45FF-BE66-F2C64EA26C67}.Release|x86.ActiveCfg = Release|Any CPU
		{D701BA09-FBF2-45FF-BE66-F2C64EA26C67}.Release|x86.Build.0 = Release|Any CPU
		{958657C5-322E-4ADA-A319-C89914800285}.Debug|Any CPU.ActiveCfg = Debug|Any CPU
		{958657C5-322E-4ADA-A319-C89914800285}.Debug|Any CPU.Build.0 = Debug|Any CPU
		{958657C5-322E-4ADA-A319-C89914800285}.Debug|x64.ActiveCfg = Debug|x64
		{958657C5-322E-4ADA-A319-C89914800285}.Debug|x64.Build.0 = Debug|x64
		{958657C5-322E-4ADA-A319-C89914800285}.Debug|x86.ActiveCfg = Debug|Any CPU
		{958657C5-322E-4ADA-A319-C89914800285}.Debug|x86.Build.0 = Debug|Any CPU
		{958657C5-322E-4ADA-A319-C89914800285}.Release|Any CPU.ActiveCfg = Release|Any CPU
		{958657C5-322E-4ADA-A319-C89914800285}.Release|Any CPU.Build.0 = Release|Any CPU
		{958657C5-322E-4ADA-A319-C89914800285}.Release|x64.ActiveCfg = Release|x64
		{958657C5-322E-4ADA-A319-C89914800285}.Release|x64.Build.0 = Release|x64
		{958657C5-322E-4ADA-A319-C89914800285}.Release|x86.ActiveCfg = Release|Any CPU
		{958657C5-322E-4ADA-A319-C89914800285}.Release|x86.Build.0 = Release|Any CPU
		{C5750437-5385-42C0-8327-9E04006E0A8B}.Debug|Any CPU.ActiveCfg = Debug|Any CPU
		{C5750437-5385-42C0-8327-9E04006E0A8B}.Debug|Any CPU.Build.0 = Debug|Any CPU
		{C5750437-5385-42C0-8327-9E04006E0A8B}.Debug|x64.ActiveCfg = Debug|Any CPU
		{C5750437-5385-42C0-8327-9E04006E0A8B}.Debug|x64.Build.0 = Debug|Any CPU
		{C5750437-5385-42C0-8327-9E04006E0A8B}.Debug|x86.ActiveCfg = Debug|Any CPU
		{C5750437-5385-42C0-8327-9E04006E0A8B}.Debug|x86.Build.0 = Debug|Any CPU
		{C5750437-5385-42C0-8327-9E04006E0A8B}.Release|Any CPU.ActiveCfg = Release|Any CPU
		{C5750437-5385-42C0-8327-9E04006E0A8B}.Release|Any CPU.Build.0 = Release|Any CPU
		{C5750437-5385-42C0-8327-9E04006E0A8B}.Release|x64.ActiveCfg = Release|Any CPU
		{C5750437-5385-42C0-8327-9E04006E0A8B}.Release|x64.Build.0 = Release|Any CPU
		{C5750437-5385-42C0-8327-9E04006E0A8B}.Release|x86.ActiveCfg = Release|Any CPU
		{C5750437-5385-42C0-8327-9E04006E0A8B}.Release|x86.Build.0 = Release|Any CPU
		{4C5FE936-5C54-49C5-90FF-E83D3A3CAAD9}.Debug|Any CPU.ActiveCfg = Debug|Any CPU
		{4C5FE936-5C54-49C5-90FF-E83D3A3CAAD9}.Debug|Any CPU.Build.0 = Debug|Any CPU
		{4C5FE936-5C54-49C5-90FF-E83D3A3CAAD9}.Debug|x64.ActiveCfg = Debug|Any CPU
		{4C5FE936-5C54-49C5-90FF-E83D3A3CAAD9}.Debug|x64.Build.0 = Debug|Any CPU
		{4C5FE936-5C54-49C5-90FF-E83D3A3CAAD9}.Debug|x86.ActiveCfg = Debug|Any CPU
		{4C5FE936-5C54-49C5-90FF-E83D3A3CAAD9}.Debug|x86.Build.0 = Debug|Any CPU
		{4C5FE936-5C54-49C5-90FF-E83D3A3CAAD9}.Release|Any CPU.ActiveCfg = Release|Any CPU
		{4C5FE936-5C54-49C5-90FF-E83D3A3CAAD9}.Release|Any CPU.Build.0 = Release|Any CPU
		{4C5FE936-5C54-49C5-90FF-E83D3A3CAAD9}.Release|x64.ActiveCfg = Release|Any CPU
		{4C5FE936-5C54-49C5-90FF-E83D3A3CAAD9}.Release|x64.Build.0 = Release|Any CPU
		{4C5FE936-5C54-49C5-90FF-E83D3A3CAAD9}.Release|x86.ActiveCfg = Release|Any CPU
		{4C5FE936-5C54-49C5-90FF-E83D3A3CAAD9}.Release|x86.Build.0 = Release|Any CPU
		{4F5E2433-A8CB-431A-9F68-9D05C6C6851F}.Debug|Any CPU.ActiveCfg = Debug|Any CPU
		{4F5E2433-A8CB-431A-9F68-9D05C6C6851F}.Debug|Any CPU.Build.0 = Debug|Any CPU
		{4F5E2433-A8CB-431A-9F68-9D05C6C6851F}.Debug|x64.ActiveCfg = Debug|x64
		{4F5E2433-A8CB-431A-9F68-9D05C6C6851F}.Debug|x64.Build.0 = Debug|x64
		{4F5E2433-A8CB-431A-9F68-9D05C6C6851F}.Debug|x86.ActiveCfg = Debug|Any CPU
		{4F5E2433-A8CB-431A-9F68-9D05C6C6851F}.Debug|x86.Build.0 = Debug|Any CPU
		{4F5E2433-A8CB-431A-9F68-9D05C6C6851F}.Release|Any CPU.ActiveCfg = Release|Any CPU
		{4F5E2433-A8CB-431A-9F68-9D05C6C6851F}.Release|Any CPU.Build.0 = Release|Any CPU
		{4F5E2433-A8CB-431A-9F68-9D05C6C6851F}.Release|x64.ActiveCfg = Release|x64
		{4F5E2433-A8CB-431A-9F68-9D05C6C6851F}.Release|x64.Build.0 = Release|x64
		{4F5E2433-A8CB-431A-9F68-9D05C6C6851F}.Release|x86.ActiveCfg = Release|Any CPU
		{4F5E2433-A8CB-431A-9F68-9D05C6C6851F}.Release|x86.Build.0 = Release|Any CPU
		{A224ABDC-D27B-4CBE-822B-42F02174A42A}.Debug|Any CPU.ActiveCfg = Debug|Any CPU
		{A224ABDC-D27B-4CBE-822B-42F02174A42A}.Debug|Any CPU.Build.0 = Debug|Any CPU
		{A224ABDC-D27B-4CBE-822B-42F02174A42A}.Debug|x64.ActiveCfg = Debug|x64
		{A224ABDC-D27B-4CBE-822B-42F02174A42A}.Debug|x64.Build.0 = Debug|x64
		{A224ABDC-D27B-4CBE-822B-42F02174A42A}.Debug|x86.ActiveCfg = Debug|Any CPU
		{A224ABDC-D27B-4CBE-822B-42F02174A42A}.Debug|x86.Build.0 = Debug|Any CPU
		{A224ABDC-D27B-4CBE-822B-42F02174A42A}.Release|Any CPU.ActiveCfg = Release|Any CPU
		{A224ABDC-D27B-4CBE-822B-42F02174A42A}.Release|Any CPU.Build.0 = Release|Any CPU
		{A224ABDC-D27B-4CBE-822B-42F02174A42A}.Release|x64.ActiveCfg = Release|x64
		{A224ABDC-D27B-4CBE-822B-42F02174A42A}.Release|x64.Build.0 = Release|x64
		{A224ABDC-D27B-4CBE-822B-42F02174A42A}.Release|x86.ActiveCfg = Release|Any CPU
		{A224ABDC-D27B-4CBE-822B-42F02174A42A}.Release|x86.Build.0 = Release|Any CPU
		{39CAF404-5E43-4251-AB6D-FD96D033EBB6}.Debug|Any CPU.ActiveCfg = Debug|Any CPU
		{39CAF404-5E43-4251-AB6D-FD96D033EBB6}.Debug|Any CPU.Build.0 = Debug|Any CPU
		{39CAF404-5E43-4251-AB6D-FD96D033EBB6}.Debug|x64.ActiveCfg = Debug|x64
		{39CAF404-5E43-4251-AB6D-FD96D033EBB6}.Debug|x64.Build.0 = Debug|x64
		{39CAF404-5E43-4251-AB6D-FD96D033EBB6}.Debug|x86.ActiveCfg = Debug|Any CPU
		{39CAF404-5E43-4251-AB6D-FD96D033EBB6}.Debug|x86.Build.0 = Debug|Any CPU
		{39CAF404-5E43-4251-AB6D-FD96D033EBB6}.Release|Any CPU.ActiveCfg = Release|Any CPU
		{39CAF404-5E43-4251-AB6D-FD96D033EBB6}.Release|Any CPU.Build.0 = Release|Any CPU
		{39CAF404-5E43-4251-AB6D-FD96D033EBB6}.Release|x64.ActiveCfg = Release|x64
		{39CAF404-5E43-4251-AB6D-FD96D033EBB6}.Release|x64.Build.0 = Release|x64
		{39CAF404-5E43-4251-AB6D-FD96D033EBB6}.Release|x86.ActiveCfg = Release|Any CPU
		{39CAF404-5E43-4251-AB6D-FD96D033EBB6}.Release|x86.Build.0 = Release|Any CPU
		{B68261FE-EDD6-458E-8D20-AA4C34246716}.Debug|Any CPU.ActiveCfg = Debug|Any CPU
		{B68261FE-EDD6-458E-8D20-AA4C34246716}.Debug|Any CPU.Build.0 = Debug|Any CPU
		{B68261FE-EDD6-458E-8D20-AA4C34246716}.Debug|x64.ActiveCfg = Debug|x64
		{B68261FE-EDD6-458E-8D20-AA4C34246716}.Debug|x64.Build.0 = Debug|x64
		{B68261FE-EDD6-458E-8D20-AA4C34246716}.Debug|x86.ActiveCfg = Debug|Any CPU
		{B68261FE-EDD6-458E-8D20-AA4C34246716}.Debug|x86.Build.0 = Debug|Any CPU
		{B68261FE-EDD6-458E-8D20-AA4C34246716}.Release|Any CPU.ActiveCfg = Release|Any CPU
		{B68261FE-EDD6-458E-8D20-AA4C34246716}.Release|Any CPU.Build.0 = Release|Any CPU
		{B68261FE-EDD6-458E-8D20-AA4C34246716}.Release|x64.ActiveCfg = Release|x64
		{B68261FE-EDD6-458E-8D20-AA4C34246716}.Release|x64.Build.0 = Release|x64
		{B68261FE-EDD6-458E-8D20-AA4C34246716}.Release|x86.ActiveCfg = Release|Any CPU
		{B68261FE-EDD6-458E-8D20-AA4C34246716}.Release|x86.Build.0 = Release|Any CPU
		{8EF71D1E-DAF0-487F-AA24-C10D8E5AD017}.Debug|Any CPU.ActiveCfg = Debug|Any CPU
		{8EF71D1E-DAF0-487F-AA24-C10D8E5AD017}.Debug|Any CPU.Build.0 = Debug|Any CPU
		{8EF71D1E-DAF0-487F-AA24-C10D8E5AD017}.Debug|x64.ActiveCfg = Debug|x64
		{8EF71D1E-DAF0-487F-AA24-C10D8E5AD017}.Debug|x64.Build.0 = Debug|x64
		{8EF71D1E-DAF0-487F-AA24-C10D8E5AD017}.Debug|x86.ActiveCfg = Debug|Any CPU
		{8EF71D1E-DAF0-487F-AA24-C10D8E5AD017}.Debug|x86.Build.0 = Debug|Any CPU
		{8EF71D1E-DAF0-487F-AA24-C10D8E5AD017}.Release|Any CPU.ActiveCfg = Release|Any CPU
		{8EF71D1E-DAF0-487F-AA24-C10D8E5AD017}.Release|Any CPU.Build.0 = Release|Any CPU
		{8EF71D1E-DAF0-487F-AA24-C10D8E5AD017}.Release|x64.ActiveCfg = Release|x64
		{8EF71D1E-DAF0-487F-AA24-C10D8E5AD017}.Release|x64.Build.0 = Release|x64
		{8EF71D1E-DAF0-487F-AA24-C10D8E5AD017}.Release|x86.ActiveCfg = Release|Any CPU
		{8EF71D1E-DAF0-487F-AA24-C10D8E5AD017}.Release|x86.Build.0 = Release|Any CPU
		{7D96DF60-4E0F-46C9-B5BF-8BB5A4C58F91}.Debug|Any CPU.ActiveCfg = Debug|Any CPU
		{7D96DF60-4E0F-46C9-B5BF-8BB5A4C58F91}.Debug|Any CPU.Build.0 = Debug|Any CPU
		{7D96DF60-4E0F-46C9-B5BF-8BB5A4C58F91}.Debug|x64.ActiveCfg = Debug|x64
		{7D96DF60-4E0F-46C9-B5BF-8BB5A4C58F91}.Debug|x64.Build.0 = Debug|x64
		{7D96DF60-4E0F-46C9-B5BF-8BB5A4C58F91}.Debug|x86.ActiveCfg = Debug|Any CPU
		{7D96DF60-4E0F-46C9-B5BF-8BB5A4C58F91}.Debug|x86.Build.0 = Debug|Any CPU
		{7D96DF60-4E0F-46C9-B5BF-8BB5A4C58F91}.Release|Any CPU.ActiveCfg = Release|Any CPU
		{7D96DF60-4E0F-46C9-B5BF-8BB5A4C58F91}.Release|Any CPU.Build.0 = Release|Any CPU
		{7D96DF60-4E0F-46C9-B5BF-8BB5A4C58F91}.Release|x64.ActiveCfg = Release|x64
		{7D96DF60-4E0F-46C9-B5BF-8BB5A4C58F91}.Release|x64.Build.0 = Release|x64
		{7D96DF60-4E0F-46C9-B5BF-8BB5A4C58F91}.Release|x86.ActiveCfg = Release|Any CPU
		{7D96DF60-4E0F-46C9-B5BF-8BB5A4C58F91}.Release|x86.Build.0 = Release|Any CPU
		{022BC988-2812-472A-B08F-05B6FD3F5CC6}.Debug|Any CPU.ActiveCfg = Debug|Any CPU
		{022BC988-2812-472A-B08F-05B6FD3F5CC6}.Debug|Any CPU.Build.0 = Debug|Any CPU
		{022BC988-2812-472A-B08F-05B6FD3F5CC6}.Debug|x64.ActiveCfg = Debug|Any CPU
		{022BC988-2812-472A-B08F-05B6FD3F5CC6}.Debug|x64.Build.0 = Debug|Any CPU
		{022BC988-2812-472A-B08F-05B6FD3F5CC6}.Debug|x86.ActiveCfg = Debug|Any CPU
		{022BC988-2812-472A-B08F-05B6FD3F5CC6}.Debug|x86.Build.0 = Debug|Any CPU
		{022BC988-2812-472A-B08F-05B6FD3F5CC6}.Release|Any CPU.ActiveCfg = Release|Any CPU
		{022BC988-2812-472A-B08F-05B6FD3F5CC6}.Release|Any CPU.Build.0 = Release|Any CPU
		{022BC988-2812-472A-B08F-05B6FD3F5CC6}.Release|x64.ActiveCfg = Release|Any CPU
		{022BC988-2812-472A-B08F-05B6FD3F5CC6}.Release|x64.Build.0 = Release|Any CPU
		{022BC988-2812-472A-B08F-05B6FD3F5CC6}.Release|x86.ActiveCfg = Release|Any CPU
		{022BC988-2812-472A-B08F-05B6FD3F5CC6}.Release|x86.Build.0 = Release|Any CPU
		{A6651858-7355-427E-AAEE-5AD4FA779D36}.Debug|Any CPU.ActiveCfg = Debug|Any CPU
		{A6651858-7355-427E-AAEE-5AD4FA779D36}.Debug|Any CPU.Build.0 = Debug|Any CPU
		{A6651858-7355-427E-AAEE-5AD4FA779D36}.Debug|x64.ActiveCfg = Debug|Any CPU
		{A6651858-7355-427E-AAEE-5AD4FA779D36}.Debug|x64.Build.0 = Debug|Any CPU
		{A6651858-7355-427E-AAEE-5AD4FA779D36}.Debug|x86.ActiveCfg = Debug|Any CPU
		{A6651858-7355-427E-AAEE-5AD4FA779D36}.Debug|x86.Build.0 = Debug|Any CPU
		{A6651858-7355-427E-AAEE-5AD4FA779D36}.Release|Any CPU.ActiveCfg = Release|Any CPU
		{A6651858-7355-427E-AAEE-5AD4FA779D36}.Release|Any CPU.Build.0 = Release|Any CPU
		{A6651858-7355-427E-AAEE-5AD4FA779D36}.Release|x64.ActiveCfg = Release|Any CPU
		{A6651858-7355-427E-AAEE-5AD4FA779D36}.Release|x64.Build.0 = Release|Any CPU
		{A6651858-7355-427E-AAEE-5AD4FA779D36}.Release|x86.ActiveCfg = Release|Any CPU
		{A6651858-7355-427E-AAEE-5AD4FA779D36}.Release|x86.Build.0 = Release|Any CPU
		{4F8CAB6C-0E94-499C-B734-F4BD3FFDC5E8}.Debug|Any CPU.ActiveCfg = Debug|Any CPU
		{4F8CAB6C-0E94-499C-B734-F4BD3FFDC5E8}.Debug|Any CPU.Build.0 = Debug|Any CPU
		{4F8CAB6C-0E94-499C-B734-F4BD3FFDC5E8}.Debug|x64.ActiveCfg = Debug|x64
		{4F8CAB6C-0E94-499C-B734-F4BD3FFDC5E8}.Debug|x64.Build.0 = Debug|x64
		{4F8CAB6C-0E94-499C-B734-F4BD3FFDC5E8}.Debug|x86.ActiveCfg = Debug|Any CPU
		{4F8CAB6C-0E94-499C-B734-F4BD3FFDC5E8}.Debug|x86.Build.0 = Debug|Any CPU
		{4F8CAB6C-0E94-499C-B734-F4BD3FFDC5E8}.Release|Any CPU.ActiveCfg = Release|Any CPU
		{4F8CAB6C-0E94-499C-B734-F4BD3FFDC5E8}.Release|Any CPU.Build.0 = Release|Any CPU
		{4F8CAB6C-0E94-499C-B734-F4BD3FFDC5E8}.Release|x64.ActiveCfg = Release|x64
		{4F8CAB6C-0E94-499C-B734-F4BD3FFDC5E8}.Release|x64.Build.0 = Release|x64
		{4F8CAB6C-0E94-499C-B734-F4BD3FFDC5E8}.Release|x86.ActiveCfg = Release|Any CPU
		{4F8CAB6C-0E94-499C-B734-F4BD3FFDC5E8}.Release|x86.Build.0 = Release|Any CPU
	EndGlobalSection
	GlobalSection(SolutionProperties) = preSolution
		HideSolutionNode = FALSE
	EndGlobalSection
	GlobalSection(NestedProjects) = preSolution
		{58671373-C919-456C-81F4-DA808AA07A9B} = {56A5E80C-0D94-44E4-91B3-D2DC691BAB6C}
		{2D6175ED-7F39-427E-BBD3-646F9133C24E} = {56A5E80C-0D94-44E4-91B3-D2DC691BAB6C}
		{F1391184-5D45-47C7-A71D-DC2A838284EB} = {56A5E80C-0D94-44E4-91B3-D2DC691BAB6C}
		{5A782590-0432-4718-A922-0F03B946B21E} = {CDDF1450-1BB8-4E95-97E4-F6D18439D660}
		{D3616970-74EB-44E0-8AC3-89BAF608D4F8} = {CDDF1450-1BB8-4E95-97E4-F6D18439D660}
		{5EDE57AF-08D6-4926-A953-87E172C69E38} = {CDDF1450-1BB8-4E95-97E4-F6D18439D660}
		{9C0E2FD6-E86C-4A16-AB1E-C03A88EE09A0} = {CDDF1450-1BB8-4E95-97E4-F6D18439D660}
		{4F9BF4E0-A490-43FA-90A2-B012F51E99E5} = {CDDF1450-1BB8-4E95-97E4-F6D18439D660}
		{D6B6A625-0CC2-484D-8038-A75C94B75ACC} = {CDDF1450-1BB8-4E95-97E4-F6D18439D660}
		{9CACCF71-64AB-429B-9A14-0A55E39A0C51} = {CDDF1450-1BB8-4E95-97E4-F6D18439D660}
		{4DDA3742-8B20-4D37-8B67-69D57524347B} = {CDDF1450-1BB8-4E95-97E4-F6D18439D660}
		{9D5E9FF3-A45F-4EEA-8BD2-0B67628E8B9A} = {CDDF1450-1BB8-4E95-97E4-F6D18439D660}
		{D701BA09-FBF2-45FF-BE66-F2C64EA26C67} = {CDDF1450-1BB8-4E95-97E4-F6D18439D660}
		{958657C5-322E-4ADA-A319-C89914800285} = {CDDF1450-1BB8-4E95-97E4-F6D18439D660}
		{C5750437-5385-42C0-8327-9E04006E0A8B} = {E07B47A2-4360-4128-9798-C23912D0361E}
		{4C5FE936-5C54-49C5-90FF-E83D3A3CAAD9} = {E07B47A2-4360-4128-9798-C23912D0361E}
		{4F5E2433-A8CB-431A-9F68-9D05C6C6851F} = {E2BB94B5-627D-44F1-AE94-AEA27088FB7D}
		{A224ABDC-D27B-4CBE-822B-42F02174A42A} = {E2BB94B5-627D-44F1-AE94-AEA27088FB7D}
		{39CAF404-5E43-4251-AB6D-FD96D033EBB6} = {E2BB94B5-627D-44F1-AE94-AEA27088FB7D}
		{B68261FE-EDD6-458E-8D20-AA4C34246716} = {CDDF1450-1BB8-4E95-97E4-F6D18439D660}
		{8EF71D1E-DAF0-487F-AA24-C10D8E5AD017} = {E2BB94B5-627D-44F1-AE94-AEA27088FB7D}
	EndGlobalSection
	GlobalSection(ExtensibilityGlobals) = postSolution
		SolutionGuid = {9E62EF53-1C49-4A41-9D89-EE62BA1693E9}
	EndGlobalSection
EndGlobal
